// !$*UTF8*$!
{
	archiveVersion = 1;
	classes = {
	};
	objectVersion = 46;
	objects = {

/* Begin PBXBuildFile section */
		A99C2A0C1D1D17FA001FA630 /* NTAudioSource.h in Headers */ = {isa = PBXBuildFile; fileRef = A99C2A0A1D1D17FA001FA630 /* NTAudioSource.h */; settings = {ATTRIBUTES = (Public, ); }; };
		A99C2A0D1D1D17FA001FA630 /* NTAudioSource.h in Headers */ = {isa = PBXBuildFile; fileRef = A99C2A0A1D1D17FA001FA630 /* NTAudioSource.h */; settings = {ATTRIBUTES = (Public, ); }; };
		A99C2A0E1D1D17FA001FA630 /* NTAudioSource.m in Sources */ = {isa = PBXBuildFile; fileRef = A99C2A0B1D1D17FA001FA630 /* NTAudioSource.m */; };
		A99C2A0F1D1D17FA001FA630 /* NTAudioSource.m in Sources */ = {isa = PBXBuildFile; fileRef = A99C2A0B1D1D17FA001FA630 /* NTAudioSource.m */; };
		A99C2A121D1D1A77001FA630 /* NTMicrophoneAudioSource.h in Headers */ = {isa = PBXBuildFile; fileRef = A99C2A101D1D1A77001FA630 /* NTMicrophoneAudioSource.h */; settings = {ATTRIBUTES = (Public, ); }; };
		A99C2A131D1D1A77001FA630 /* NTMicrophoneAudioSource.h in Headers */ = {isa = PBXBuildFile; fileRef = A99C2A101D1D1A77001FA630 /* NTMicrophoneAudioSource.h */; settings = {ATTRIBUTES = (Public, ); }; };
		A99C2A141D1D1A77001FA630 /* NTMicrophoneAudioSource.m in Sources */ = {isa = PBXBuildFile; fileRef = A99C2A111D1D1A77001FA630 /* NTMicrophoneAudioSource.m */; };
		A99C2A151D1D1A77001FA630 /* NTMicrophoneAudioSource.m in Sources */ = {isa = PBXBuildFile; fileRef = A99C2A111D1D1A77001FA630 /* NTMicrophoneAudioSource.m */; };
		A9F506B71D195BBC00498B4E /* NTSpeechRecognizer.framework in Frameworks */ = {isa = PBXBuildFile; fileRef = A9F505B61D193F4300498B4E /* NTSpeechRecognizer.framework */; };
		A9F506E61D195E2800498B4E /* NTSpeechRecognizer.framework in Frameworks */ = {isa = PBXBuildFile; fileRef = A9F505C61D193F7200498B4E /* NTSpeechRecognizer.framework */; };
		A9F506E81D195ED300498B4E /* NTSpeechRecognizer.framework in Embed Frameworks */ = {isa = PBXBuildFile; fileRef = A9F505C61D193F7200498B4E /* NTSpeechRecognizer.framework */; settings = {ATTRIBUTES = (CodeSignOnCopy, RemoveHeadersOnCopy, ); }; };
		A9F5081A1D1AA5B300498B4E /* libpocketsphinx.a in Frameworks */ = {isa = PBXBuildFile; fileRef = A9F507A11D1AA5B200498B4E /* libpocketsphinx.a */; };
		A9F5081C1D1AA5B300498B4E /* libsphinxad.a in Frameworks */ = {isa = PBXBuildFile; fileRef = A9F507A21D1AA5B200498B4E /* libsphinxad.a */; };
		A9F5081E1D1AA5B300498B4E /* libsphinxbase.a in Frameworks */ = {isa = PBXBuildFile; fileRef = A9F507A31D1AA5B200498B4E /* libsphinxbase.a */; };
		A9F508211D1AA5B300498B4E /* libpocketsphinx.a in Frameworks */ = {isa = PBXBuildFile; fileRef = A9F507A71D1AA5B200498B4E /* libpocketsphinx.a */; };
		A9F508231D1AA5B300498B4E /* libsphinxad.a in Frameworks */ = {isa = PBXBuildFile; fileRef = A9F507A81D1AA5B200498B4E /* libsphinxad.a */; };
		A9F508251D1AA5B300498B4E /* libsphinxbase.a in Frameworks */ = {isa = PBXBuildFile; fileRef = A9F507A91D1AA5B200498B4E /* libsphinxbase.a */; };
		A9F508291D1AA5B300498B4E /* cmdln_macro.h in Headers */ = {isa = PBXBuildFile; fileRef = A9F507AF1D1AA5B200498B4E /* cmdln_macro.h */; };
		A9F5082A1D1AA5B300498B4E /* cmdln_macro.h in Headers */ = {isa = PBXBuildFile; fileRef = A9F507AF1D1AA5B200498B4E /* cmdln_macro.h */; };
		A9F5082B1D1AA5B300498B4E /* pocketsphinx.h in Headers */ = {isa = PBXBuildFile; fileRef = A9F507B01D1AA5B200498B4E /* pocketsphinx.h */; };
		A9F5082C1D1AA5B300498B4E /* pocketsphinx.h in Headers */ = {isa = PBXBuildFile; fileRef = A9F507B01D1AA5B200498B4E /* pocketsphinx.h */; };
		A9F5082D1D1AA5B300498B4E /* pocketsphinx_export.h in Headers */ = {isa = PBXBuildFile; fileRef = A9F507B11D1AA5B200498B4E /* pocketsphinx_export.h */; };
		A9F5082E1D1AA5B300498B4E /* pocketsphinx_export.h in Headers */ = {isa = PBXBuildFile; fileRef = A9F507B11D1AA5B200498B4E /* pocketsphinx_export.h */; };
		A9F5082F1D1AA5B300498B4E /* ps_lattice.h in Headers */ = {isa = PBXBuildFile; fileRef = A9F507B21D1AA5B200498B4E /* ps_lattice.h */; };
		A9F508301D1AA5B300498B4E /* ps_lattice.h in Headers */ = {isa = PBXBuildFile; fileRef = A9F507B21D1AA5B200498B4E /* ps_lattice.h */; };
		A9F508311D1AA5B300498B4E /* ps_mllr.h in Headers */ = {isa = PBXBuildFile; fileRef = A9F507B31D1AA5B200498B4E /* ps_mllr.h */; };
		A9F508321D1AA5B300498B4E /* ps_mllr.h in Headers */ = {isa = PBXBuildFile; fileRef = A9F507B31D1AA5B200498B4E /* ps_mllr.h */; };
		A9F508331D1AA5B300498B4E /* ps_search.h in Headers */ = {isa = PBXBuildFile; fileRef = A9F507B41D1AA5B200498B4E /* ps_search.h */; };
		A9F508341D1AA5B300498B4E /* ps_search.h in Headers */ = {isa = PBXBuildFile; fileRef = A9F507B41D1AA5B200498B4E /* ps_search.h */; };
		A9F508351D1AA5B300498B4E /* ad.h in Headers */ = {isa = PBXBuildFile; fileRef = A9F507B61D1AA5B200498B4E /* ad.h */; };
		A9F508361D1AA5B300498B4E /* ad.h in Headers */ = {isa = PBXBuildFile; fileRef = A9F507B61D1AA5B200498B4E /* ad.h */; };
		A9F508371D1AA5B300498B4E /* agc.h in Headers */ = {isa = PBXBuildFile; fileRef = A9F507B71D1AA5B200498B4E /* agc.h */; };
		A9F508381D1AA5B300498B4E /* agc.h in Headers */ = {isa = PBXBuildFile; fileRef = A9F507B71D1AA5B200498B4E /* agc.h */; };
		A9F508391D1AA5B300498B4E /* bio.h in Headers */ = {isa = PBXBuildFile; fileRef = A9F507B81D1AA5B200498B4E /* bio.h */; };
		A9F5083A1D1AA5B300498B4E /* bio.h in Headers */ = {isa = PBXBuildFile; fileRef = A9F507B81D1AA5B200498B4E /* bio.h */; };
		A9F5083B1D1AA5B300498B4E /* bitarr.h in Headers */ = {isa = PBXBuildFile; fileRef = A9F507B91D1AA5B200498B4E /* bitarr.h */; };
		A9F5083C1D1AA5B300498B4E /* bitarr.h in Headers */ = {isa = PBXBuildFile; fileRef = A9F507B91D1AA5B200498B4E /* bitarr.h */; };
		A9F5083D1D1AA5B300498B4E /* bitvec.h in Headers */ = {isa = PBXBuildFile; fileRef = A9F507BA1D1AA5B200498B4E /* bitvec.h */; };
		A9F5083E1D1AA5B300498B4E /* bitvec.h in Headers */ = {isa = PBXBuildFile; fileRef = A9F507BA1D1AA5B200498B4E /* bitvec.h */; };
		A9F5083F1D1AA5B300498B4E /* byteorder.h in Headers */ = {isa = PBXBuildFile; fileRef = A9F507BB1D1AA5B200498B4E /* byteorder.h */; };
		A9F508401D1AA5B300498B4E /* byteorder.h in Headers */ = {isa = PBXBuildFile; fileRef = A9F507BB1D1AA5B200498B4E /* byteorder.h */; };
		A9F508411D1AA5B300498B4E /* case.h in Headers */ = {isa = PBXBuildFile; fileRef = A9F507BC1D1AA5B200498B4E /* case.h */; };
		A9F508421D1AA5B300498B4E /* case.h in Headers */ = {isa = PBXBuildFile; fileRef = A9F507BC1D1AA5B200498B4E /* case.h */; };
		A9F508431D1AA5B300498B4E /* ckd_alloc.h in Headers */ = {isa = PBXBuildFile; fileRef = A9F507BD1D1AA5B200498B4E /* ckd_alloc.h */; };
		A9F508441D1AA5B300498B4E /* ckd_alloc.h in Headers */ = {isa = PBXBuildFile; fileRef = A9F507BD1D1AA5B200498B4E /* ckd_alloc.h */; };
		A9F508451D1AA5B300498B4E /* clapack_lite.h in Headers */ = {isa = PBXBuildFile; fileRef = A9F507BE1D1AA5B200498B4E /* clapack_lite.h */; };
		A9F508461D1AA5B300498B4E /* clapack_lite.h in Headers */ = {isa = PBXBuildFile; fileRef = A9F507BE1D1AA5B200498B4E /* clapack_lite.h */; };
		A9F508471D1AA5B300498B4E /* cmd_ln.h in Headers */ = {isa = PBXBuildFile; fileRef = A9F507BF1D1AA5B200498B4E /* cmd_ln.h */; };
		A9F508481D1AA5B300498B4E /* cmd_ln.h in Headers */ = {isa = PBXBuildFile; fileRef = A9F507BF1D1AA5B200498B4E /* cmd_ln.h */; };
		A9F508491D1AA5B300498B4E /* cmn.h in Headers */ = {isa = PBXBuildFile; fileRef = A9F507C01D1AA5B200498B4E /* cmn.h */; };
		A9F5084A1D1AA5B300498B4E /* cmn.h in Headers */ = {isa = PBXBuildFile; fileRef = A9F507C01D1AA5B200498B4E /* cmn.h */; };
		A9F5084B1D1AA5B300498B4E /* err.h in Headers */ = {isa = PBXBuildFile; fileRef = A9F507C11D1AA5B200498B4E /* err.h */; };
		A9F5084C1D1AA5B300498B4E /* err.h in Headers */ = {isa = PBXBuildFile; fileRef = A9F507C11D1AA5B200498B4E /* err.h */; };
		A9F5084D1D1AA5B300498B4E /* f2c.h in Headers */ = {isa = PBXBuildFile; fileRef = A9F507C21D1AA5B200498B4E /* f2c.h */; };
		A9F5084E1D1AA5B300498B4E /* f2c.h in Headers */ = {isa = PBXBuildFile; fileRef = A9F507C21D1AA5B200498B4E /* f2c.h */; };
		A9F5084F1D1AA5B300498B4E /* fe.h in Headers */ = {isa = PBXBuildFile; fileRef = A9F507C31D1AA5B200498B4E /* fe.h */; };
		A9F508501D1AA5B300498B4E /* fe.h in Headers */ = {isa = PBXBuildFile; fileRef = A9F507C31D1AA5B200498B4E /* fe.h */; };
		A9F508511D1AA5B300498B4E /* feat.h in Headers */ = {isa = PBXBuildFile; fileRef = A9F507C41D1AA5B200498B4E /* feat.h */; };
		A9F508521D1AA5B300498B4E /* feat.h in Headers */ = {isa = PBXBuildFile; fileRef = A9F507C41D1AA5B200498B4E /* feat.h */; };
		A9F508531D1AA5B300498B4E /* filename.h in Headers */ = {isa = PBXBuildFile; fileRef = A9F507C51D1AA5B200498B4E /* filename.h */; };
		A9F508541D1AA5B300498B4E /* filename.h in Headers */ = {isa = PBXBuildFile; fileRef = A9F507C51D1AA5B200498B4E /* filename.h */; };
		A9F508551D1AA5B300498B4E /* fixpoint.h in Headers */ = {isa = PBXBuildFile; fileRef = A9F507C61D1AA5B200498B4E /* fixpoint.h */; };
		A9F508561D1AA5B300498B4E /* fixpoint.h in Headers */ = {isa = PBXBuildFile; fileRef = A9F507C61D1AA5B200498B4E /* fixpoint.h */; };
		A9F508571D1AA5B300498B4E /* fsg_model.h in Headers */ = {isa = PBXBuildFile; fileRef = A9F507C71D1AA5B200498B4E /* fsg_model.h */; };
		A9F508581D1AA5B300498B4E /* fsg_model.h in Headers */ = {isa = PBXBuildFile; fileRef = A9F507C71D1AA5B200498B4E /* fsg_model.h */; };
		A9F508591D1AA5B300498B4E /* genrand.h in Headers */ = {isa = PBXBuildFile; fileRef = A9F507C81D1AA5B200498B4E /* genrand.h */; };
		A9F5085A1D1AA5B300498B4E /* genrand.h in Headers */ = {isa = PBXBuildFile; fileRef = A9F507C81D1AA5B200498B4E /* genrand.h */; };
		A9F5085B1D1AA5B300498B4E /* glist.h in Headers */ = {isa = PBXBuildFile; fileRef = A9F507C91D1AA5B200498B4E /* glist.h */; };
		A9F5085C1D1AA5B300498B4E /* glist.h in Headers */ = {isa = PBXBuildFile; fileRef = A9F507C91D1AA5B200498B4E /* glist.h */; };
		A9F5085D1D1AA5B300498B4E /* hash_table.h in Headers */ = {isa = PBXBuildFile; fileRef = A9F507CA1D1AA5B200498B4E /* hash_table.h */; };
		A9F5085E1D1AA5B300498B4E /* hash_table.h in Headers */ = {isa = PBXBuildFile; fileRef = A9F507CA1D1AA5B200498B4E /* hash_table.h */; };
		A9F5085F1D1AA5B300498B4E /* heap.h in Headers */ = {isa = PBXBuildFile; fileRef = A9F507CB1D1AA5B200498B4E /* heap.h */; };
		A9F508601D1AA5B300498B4E /* heap.h in Headers */ = {isa = PBXBuildFile; fileRef = A9F507CB1D1AA5B200498B4E /* heap.h */; };
		A9F508611D1AA5B300498B4E /* jsgf.h in Headers */ = {isa = PBXBuildFile; fileRef = A9F507CC1D1AA5B200498B4E /* jsgf.h */; };
		A9F508621D1AA5B300498B4E /* jsgf.h in Headers */ = {isa = PBXBuildFile; fileRef = A9F507CC1D1AA5B200498B4E /* jsgf.h */; };
		A9F508631D1AA5B300498B4E /* listelem_alloc.h in Headers */ = {isa = PBXBuildFile; fileRef = A9F507CD1D1AA5B200498B4E /* listelem_alloc.h */; };
		A9F508641D1AA5B300498B4E /* listelem_alloc.h in Headers */ = {isa = PBXBuildFile; fileRef = A9F507CD1D1AA5B200498B4E /* listelem_alloc.h */; };
		A9F508651D1AA5B300498B4E /* logmath.h in Headers */ = {isa = PBXBuildFile; fileRef = A9F507CE1D1AA5B200498B4E /* logmath.h */; };
		A9F508661D1AA5B300498B4E /* logmath.h in Headers */ = {isa = PBXBuildFile; fileRef = A9F507CE1D1AA5B200498B4E /* logmath.h */; };
		A9F508671D1AA5B300498B4E /* matrix.h in Headers */ = {isa = PBXBuildFile; fileRef = A9F507CF1D1AA5B200498B4E /* matrix.h */; };
		A9F508681D1AA5B300498B4E /* matrix.h in Headers */ = {isa = PBXBuildFile; fileRef = A9F507CF1D1AA5B200498B4E /* matrix.h */; };
		A9F508691D1AA5B300498B4E /* mmio.h in Headers */ = {isa = PBXBuildFile; fileRef = A9F507D01D1AA5B200498B4E /* mmio.h */; };
		A9F5086A1D1AA5B300498B4E /* mmio.h in Headers */ = {isa = PBXBuildFile; fileRef = A9F507D01D1AA5B200498B4E /* mmio.h */; };
		A9F5086B1D1AA5B300498B4E /* ngram_model.h in Headers */ = {isa = PBXBuildFile; fileRef = A9F507D11D1AA5B200498B4E /* ngram_model.h */; };
		A9F5086C1D1AA5B300498B4E /* ngram_model.h in Headers */ = {isa = PBXBuildFile; fileRef = A9F507D11D1AA5B200498B4E /* ngram_model.h */; };
		A9F5086D1D1AA5B300498B4E /* pio.h in Headers */ = {isa = PBXBuildFile; fileRef = A9F507D21D1AA5B200498B4E /* pio.h */; };
		A9F5086E1D1AA5B300498B4E /* pio.h in Headers */ = {isa = PBXBuildFile; fileRef = A9F507D21D1AA5B200498B4E /* pio.h */; };
		A9F5086F1D1AA5B300498B4E /* prim_type.h in Headers */ = {isa = PBXBuildFile; fileRef = A9F507D31D1AA5B200498B4E /* prim_type.h */; };
		A9F508701D1AA5B300498B4E /* prim_type.h in Headers */ = {isa = PBXBuildFile; fileRef = A9F507D31D1AA5B200498B4E /* prim_type.h */; };
		A9F508711D1AA5B300498B4E /* priority_queue.h in Headers */ = {isa = PBXBuildFile; fileRef = A9F507D41D1AA5B200498B4E /* priority_queue.h */; };
		A9F508721D1AA5B300498B4E /* priority_queue.h in Headers */ = {isa = PBXBuildFile; fileRef = A9F507D41D1AA5B200498B4E /* priority_queue.h */; };
		A9F508731D1AA5B300498B4E /* profile.h in Headers */ = {isa = PBXBuildFile; fileRef = A9F507D51D1AA5B200498B4E /* profile.h */; };
		A9F508741D1AA5B300498B4E /* profile.h in Headers */ = {isa = PBXBuildFile; fileRef = A9F507D51D1AA5B200498B4E /* profile.h */; };
		A9F508751D1AA5B300498B4E /* sbthread.h in Headers */ = {isa = PBXBuildFile; fileRef = A9F507D61D1AA5B200498B4E /* sbthread.h */; };
		A9F508761D1AA5B300498B4E /* sbthread.h in Headers */ = {isa = PBXBuildFile; fileRef = A9F507D61D1AA5B200498B4E /* sbthread.h */; };
		A9F508771D1AA5B300498B4E /* sphinx_config.h in Headers */ = {isa = PBXBuildFile; fileRef = A9F507D71D1AA5B200498B4E /* sphinx_config.h */; };
		A9F508781D1AA5B300498B4E /* sphinx_config.h in Headers */ = {isa = PBXBuildFile; fileRef = A9F507D71D1AA5B200498B4E /* sphinx_config.h */; };
		A9F508791D1AA5B300498B4E /* sphinxbase_export.h in Headers */ = {isa = PBXBuildFile; fileRef = A9F507D81D1AA5B200498B4E /* sphinxbase_export.h */; };
		A9F5087A1D1AA5B300498B4E /* sphinxbase_export.h in Headers */ = {isa = PBXBuildFile; fileRef = A9F507D81D1AA5B200498B4E /* sphinxbase_export.h */; };
		A9F5087B1D1AA5B300498B4E /* strfuncs.h in Headers */ = {isa = PBXBuildFile; fileRef = A9F507D91D1AA5B200498B4E /* strfuncs.h */; };
		A9F5087C1D1AA5B300498B4E /* strfuncs.h in Headers */ = {isa = PBXBuildFile; fileRef = A9F507D91D1AA5B200498B4E /* strfuncs.h */; };
		A9F5087D1D1AA5B300498B4E /* yin.h in Headers */ = {isa = PBXBuildFile; fileRef = A9F507DA1D1AA5B200498B4E /* yin.h */; };
		A9F5087E1D1AA5B300498B4E /* yin.h in Headers */ = {isa = PBXBuildFile; fileRef = A9F507DA1D1AA5B200498B4E /* yin.h */; };
		A9F508811D1AA5B300498B4E /* cmudict-en-us.dic in Resources */ = {isa = PBXBuildFile; fileRef = A9F507DD1D1AA5B200498B4E /* cmudict-en-us.dic */; };
		A9F508821D1AA5B300498B4E /* cmudict-en-us.dic in Resources */ = {isa = PBXBuildFile; fileRef = A9F507DD1D1AA5B200498B4E /* cmudict-en-us.dic */; };
		A9F508931D1AA5B300498B4E /* en-us-phone.lm.bin in Resources */ = {isa = PBXBuildFile; fileRef = A9F507E71D1AA5B200498B4E /* en-us-phone.lm.bin */; };
		A9F508941D1AA5B300498B4E /* en-us-phone.lm.bin in Resources */ = {isa = PBXBuildFile; fileRef = A9F507E71D1AA5B200498B4E /* en-us-phone.lm.bin */; };
		A9F508951D1AA5B300498B4E /* en-us.lm.bin in Resources */ = {isa = PBXBuildFile; fileRef = A9F507E81D1AA5B200498B4E /* en-us.lm.bin */; };
		A9F508961D1AA5B300498B4E /* en-us.lm.bin in Resources */ = {isa = PBXBuildFile; fileRef = A9F507E81D1AA5B200498B4E /* en-us.lm.bin */; };
		A9F508971D1AA5B300498B4E /* goforward.raw in Resources */ = {isa = PBXBuildFile; fileRef = A9F507E91D1AA5B200498B4E /* goforward.raw */; };
		A9F508981D1AA5B300498B4E /* goforward.raw in Resources */ = {isa = PBXBuildFile; fileRef = A9F507E91D1AA5B200498B4E /* goforward.raw */; };
		A9F508991D1AA5B300498B4E /* numbers.raw in Resources */ = {isa = PBXBuildFile; fileRef = A9F507EA1D1AA5B200498B4E /* numbers.raw */; };
		A9F5089A1D1AA5B300498B4E /* numbers.raw in Resources */ = {isa = PBXBuildFile; fileRef = A9F507EA1D1AA5B200498B4E /* numbers.raw */; };
		A9F5089B1D1AA5B300498B4E /* something.raw in Resources */ = {isa = PBXBuildFile; fileRef = A9F507EB1D1AA5B200498B4E /* something.raw */; };
		A9F5089C1D1AA5B300498B4E /* something.raw in Resources */ = {isa = PBXBuildFile; fileRef = A9F507EB1D1AA5B200498B4E /* something.raw */; };
		A9F5089D1D1AA5B300498B4E /* NTSpeechRecognizer.h in Headers */ = {isa = PBXBuildFile; fileRef = A9F507ED1D1AA5B200498B4E /* NTSpeechRecognizer.h */; settings = {ATTRIBUTES = (Public, ); }; };
		A9F5089E1D1AA5B300498B4E /* NTSpeechRecognizer.h in Headers */ = {isa = PBXBuildFile; fileRef = A9F507ED1D1AA5B200498B4E /* NTSpeechRecognizer.h */; settings = {ATTRIBUTES = (Public, ); }; };
		A9F5089F1D1AA5B300498B4E /* NTPocketSphinxConfig.h in Headers */ = {isa = PBXBuildFile; fileRef = A9F507EF1D1AA5B200498B4E /* NTPocketSphinxConfig.h */; settings = {ATTRIBUTES = (Public, ); }; };
		A9F508A01D1AA5B300498B4E /* NTPocketSphinxConfig.h in Headers */ = {isa = PBXBuildFile; fileRef = A9F507EF1D1AA5B200498B4E /* NTPocketSphinxConfig.h */; settings = {ATTRIBUTES = (Public, ); }; };
		A9F508A11D1AA5B300498B4E /* NTPocketSphinxConfig.m in Sources */ = {isa = PBXBuildFile; fileRef = A9F507F01D1AA5B200498B4E /* NTPocketSphinxConfig.m */; };
		A9F508A21D1AA5B300498B4E /* NTPocketSphinxConfig.m in Sources */ = {isa = PBXBuildFile; fileRef = A9F507F01D1AA5B200498B4E /* NTPocketSphinxConfig.m */; };
		A9F508A31D1AA5B300498B4E /* NTPocketSphinxDecoder.h in Headers */ = {isa = PBXBuildFile; fileRef = A9F507F11D1AA5B200498B4E /* NTPocketSphinxDecoder.h */; settings = {ATTRIBUTES = (Public, ); }; };
		A9F508A41D1AA5B300498B4E /* NTPocketSphinxDecoder.h in Headers */ = {isa = PBXBuildFile; fileRef = A9F507F11D1AA5B200498B4E /* NTPocketSphinxDecoder.h */; settings = {ATTRIBUTES = (Public, ); }; };
		A9F508A51D1AA5B300498B4E /* NTPocketSphinxDecoder.m in Sources */ = {isa = PBXBuildFile; fileRef = A9F507F21D1AA5B200498B4E /* NTPocketSphinxDecoder.m */; };
		A9F508A61D1AA5B300498B4E /* NTPocketSphinxDecoder.m in Sources */ = {isa = PBXBuildFile; fileRef = A9F507F21D1AA5B200498B4E /* NTPocketSphinxDecoder.m */; };
		A9F508AF1D1AA5E300498B4E /* AppDelegate.m in Sources */ = {isa = PBXBuildFile; fileRef = A9F5078B1D1AA5B200498B4E /* AppDelegate.m */; };
		A9F508B01D1AA5E300498B4E /* ViewController.m in Sources */ = {isa = PBXBuildFile; fileRef = A9F507941D1AA5B200498B4E /* ViewController.m */; };
		A9F508B11D1AA5E600498B4E /* main.m in Sources */ = {isa = PBXBuildFile; fileRef = A9F507921D1AA5B200498B4E /* main.m */; };
		A9F508B21D1AA60100498B4E /* AppDelegate.m in Sources */ = {isa = PBXBuildFile; fileRef = A9F507971D1AA5B200498B4E /* AppDelegate.m */; };
		A9F508B31D1AA60100498B4E /* main.m in Sources */ = {isa = PBXBuildFile; fileRef = A9F5079C1D1AA5B200498B4E /* main.m */; };
		A9F508B41D1AA60100498B4E /* ViewController.m in Sources */ = {isa = PBXBuildFile; fileRef = A9F5079E1D1AA5B200498B4E /* ViewController.m */; };
		A9F508B61D1AA67000498B4E /* en-us in Resources */ = {isa = PBXBuildFile; fileRef = A9F508B51D1AA67000498B4E /* en-us */; };
		A9F508B71D1AA67000498B4E /* en-us in Resources */ = {isa = PBXBuildFile; fileRef = A9F508B51D1AA67000498B4E /* en-us */; };
		A9F508B81D1AA6A600498B4E /* Assets.xcassets in Resources */ = {isa = PBXBuildFile; fileRef = A9F507981D1AA5B200498B4E /* Assets.xcassets */; };
		A9F508B91D1AA6A700498B4E /* Main.storyboard in Resources */ = {isa = PBXBuildFile; fileRef = A9F507991D1AA5B200498B4E /* Main.storyboard */; };
		A9F508BA1D1AA6AB00498B4E /* Assets.xcassets in Resources */ = {isa = PBXBuildFile; fileRef = A9F5078C1D1AA5B200498B4E /* Assets.xcassets */; };
		A9F508BB1D1AA6AD00498B4E /* LaunchScreen.storyboard in Resources */ = {isa = PBXBuildFile; fileRef = A9F5078D1D1AA5B200498B4E /* LaunchScreen.storyboard */; };
		A9F508BC1D1AA6AE00498B4E /* Main.storyboard in Resources */ = {isa = PBXBuildFile; fileRef = A9F5078F1D1AA5B200498B4E /* Main.storyboard */; };
		A9F508E81D1AC23C00498B4E /* NTSpeechTools.framework in Frameworks */ = {isa = PBXBuildFile; fileRef = A9F508E71D1AC23C00498B4E /* NTSpeechTools.framework */; };
		A9F508EC1D1AC25600498B4E /* NTSpeechTools.framework in Frameworks */ = {isa = PBXBuildFile; fileRef = A9F508EB1D1AC25600498B4E /* NTSpeechTools.framework */; };
		A9F508EE1D1AC28000498B4E /* NTSpeechTools.framework in Embed Frameworks */ = {isa = PBXBuildFile; fileRef = A9F508E71D1AC23C00498B4E /* NTSpeechTools.framework */; settings = {ATTRIBUTES = (CodeSignOnCopy, RemoveHeadersOnCopy, ); }; };
		A9F508F21D1ACFBB00498B4E /* NTFileSystem.h in Headers */ = {isa = PBXBuildFile; fileRef = A9F508F01D1ACFBB00498B4E /* NTFileSystem.h */; };
		A9F508F31D1ACFBB00498B4E /* NTFileSystem.h in Headers */ = {isa = PBXBuildFile; fileRef = A9F508F01D1ACFBB00498B4E /* NTFileSystem.h */; };
		A9F508F41D1ACFBB00498B4E /* NTFileSystem.m in Sources */ = {isa = PBXBuildFile; fileRef = A9F508F11D1ACFBB00498B4E /* NTFileSystem.m */; };
		A9F508F51D1ACFBB00498B4E /* NTFileSystem.m in Sources */ = {isa = PBXBuildFile; fileRef = A9F508F11D1ACFBB00498B4E /* NTFileSystem.m */; };
/* End PBXBuildFile section */

/* Begin PBXContainerItemProxy section */
		A9F506E91D195ED300498B4E /* PBXContainerItemProxy */ = {
			isa = PBXContainerItemProxy;
			containerPortal = A9F505AD1D193F4300498B4E /* Project object */;
			proxyType = 1;
			remoteGlobalIDString = A9F505C51D193F7200498B4E;
			remoteInfo = NTPocketSphinxIOS;
		};
/* End PBXContainerItemProxy section */

/* Begin PBXCopyFilesBuildPhase section */
		A9F506EB1D195ED300498B4E /* Embed Frameworks */ = {
			isa = PBXCopyFilesBuildPhase;
			buildActionMask = 2147483647;
			dstPath = "";
			dstSubfolderSpec = 10;
			files = (
				A9F508EE1D1AC28000498B4E /* NTSpeechTools.framework in Embed Frameworks */,
				A9F506E81D195ED300498B4E /* NTSpeechRecognizer.framework in Embed Frameworks */,
			);
			name = "Embed Frameworks";
			runOnlyForDeploymentPostprocessing = 0;
		};
/* End PBXCopyFilesBuildPhase section */

/* Begin PBXFileReference section */
		A99C2A0A1D1D17FA001FA630 /* NTAudioSource.h */ = {isa = PBXFileReference; fileEncoding = 4; lastKnownFileType = sourcecode.c.h; path = NTAudioSource.h; sourceTree = "<group>"; };
		A99C2A0B1D1D17FA001FA630 /* NTAudioSource.m */ = {isa = PBXFileReference; fileEncoding = 4; lastKnownFileType = sourcecode.c.objc; path = NTAudioSource.m; sourceTree = "<group>"; };
		A99C2A101D1D1A77001FA630 /* NTMicrophoneAudioSource.h */ = {isa = PBXFileReference; fileEncoding = 4; lastKnownFileType = sourcecode.c.h; path = NTMicrophoneAudioSource.h; sourceTree = "<group>"; };
		A99C2A111D1D1A77001FA630 /* NTMicrophoneAudioSource.m */ = {isa = PBXFileReference; fileEncoding = 4; lastKnownFileType = sourcecode.c.objc; path = NTMicrophoneAudioSource.m; sourceTree = "<group>"; };
		A9F505B61D193F4300498B4E /* NTSpeechRecognizer.framework */ = {isa = PBXFileReference; explicitFileType = wrapper.framework; includeInIndex = 0; path = NTSpeechRecognizer.framework; sourceTree = BUILT_PRODUCTS_DIR; };
		A9F505C61D193F7200498B4E /* NTSpeechRecognizer.framework */ = {isa = PBXFileReference; explicitFileType = wrapper.framework; includeInIndex = 0; path = NTSpeechRecognizer.framework; sourceTree = BUILT_PRODUCTS_DIR; };
		A9F506A31D195B8200498B4E /* NTSpeechRecognizer.app */ = {isa = PBXFileReference; explicitFileType = wrapper.application; includeInIndex = 0; path = NTSpeechRecognizer.app; sourceTree = BUILT_PRODUCTS_DIR; };
		A9F506CE1D195DE000498B4E /* NTSpeechRecognizer.app */ = {isa = PBXFileReference; explicitFileType = wrapper.application; includeInIndex = 0; path = NTSpeechRecognizer.app; sourceTree = BUILT_PRODUCTS_DIR; };
		A9F5078A1D1AA5B200498B4E /* AppDelegate.h */ = {isa = PBXFileReference; fileEncoding = 4; lastKnownFileType = sourcecode.c.h; path = AppDelegate.h; sourceTree = "<group>"; };
		A9F5078B1D1AA5B200498B4E /* AppDelegate.m */ = {isa = PBXFileReference; fileEncoding = 4; lastKnownFileType = sourcecode.c.objc; path = AppDelegate.m; sourceTree = "<group>"; };
		A9F5078C1D1AA5B200498B4E /* Assets.xcassets */ = {isa = PBXFileReference; lastKnownFileType = folder.assetcatalog; path = Assets.xcassets; sourceTree = "<group>"; };
		A9F5078E1D1AA5B200498B4E /* Base */ = {isa = PBXFileReference; lastKnownFileType = file.storyboard; name = Base; path = Base.lproj/LaunchScreen.storyboard; sourceTree = "<group>"; };
		A9F507901D1AA5B200498B4E /* Base */ = {isa = PBXFileReference; lastKnownFileType = file.storyboard; name = Base; path = Base.lproj/Main.storyboard; sourceTree = "<group>"; };
		A9F507911D1AA5B200498B4E /* Info.plist */ = {isa = PBXFileReference; fileEncoding = 4; lastKnownFileType = text.plist.xml; path = Info.plist; sourceTree = "<group>"; };
		A9F507921D1AA5B200498B4E /* main.m */ = {isa = PBXFileReference; fileEncoding = 4; lastKnownFileType = sourcecode.c.objc; path = main.m; sourceTree = "<group>"; };
		A9F507931D1AA5B200498B4E /* ViewController.h */ = {isa = PBXFileReference; fileEncoding = 4; lastKnownFileType = sourcecode.c.h; path = ViewController.h; sourceTree = "<group>"; };
		A9F507941D1AA5B200498B4E /* ViewController.m */ = {isa = PBXFileReference; fileEncoding = 4; lastKnownFileType = sourcecode.c.objc; path = ViewController.m; sourceTree = "<group>"; };
		A9F507961D1AA5B200498B4E /* AppDelegate.h */ = {isa = PBXFileReference; fileEncoding = 4; lastKnownFileType = sourcecode.c.h; path = AppDelegate.h; sourceTree = "<group>"; };
		A9F507971D1AA5B200498B4E /* AppDelegate.m */ = {isa = PBXFileReference; fileEncoding = 4; lastKnownFileType = sourcecode.c.objc; path = AppDelegate.m; sourceTree = "<group>"; };
		A9F507981D1AA5B200498B4E /* Assets.xcassets */ = {isa = PBXFileReference; lastKnownFileType = folder.assetcatalog; path = Assets.xcassets; sourceTree = "<group>"; };
		A9F5079A1D1AA5B200498B4E /* Base */ = {isa = PBXFileReference; lastKnownFileType = file.storyboard; name = Base; path = Base.lproj/Main.storyboard; sourceTree = "<group>"; };
		A9F5079B1D1AA5B200498B4E /* Info.plist */ = {isa = PBXFileReference; fileEncoding = 4; lastKnownFileType = text.plist.xml; path = Info.plist; sourceTree = "<group>"; };
		A9F5079C1D1AA5B200498B4E /* main.m */ = {isa = PBXFileReference; fileEncoding = 4; lastKnownFileType = sourcecode.c.objc; path = main.m; sourceTree = "<group>"; };
		A9F5079D1D1AA5B200498B4E /* ViewController.h */ = {isa = PBXFileReference; fileEncoding = 4; lastKnownFileType = sourcecode.c.h; path = ViewController.h; sourceTree = "<group>"; };
		A9F5079E1D1AA5B200498B4E /* ViewController.m */ = {isa = PBXFileReference; fileEncoding = 4; lastKnownFileType = sourcecode.c.objc; path = ViewController.m; sourceTree = "<group>"; };
		A9F507A11D1AA5B200498B4E /* libpocketsphinx.a */ = {isa = PBXFileReference; lastKnownFileType = archive.ar; path = libpocketsphinx.a; sourceTree = "<group>"; };
		A9F507A21D1AA5B200498B4E /* libsphinxad.a */ = {isa = PBXFileReference; lastKnownFileType = archive.ar; path = libsphinxad.a; sourceTree = "<group>"; };
		A9F507A31D1AA5B200498B4E /* libsphinxbase.a */ = {isa = PBXFileReference; lastKnownFileType = archive.ar; path = libsphinxbase.a; sourceTree = "<group>"; };
		A9F507A41D1AA5B200498B4E /* Info.plist */ = {isa = PBXFileReference; fileEncoding = 4; lastKnownFileType = text.plist.xml; path = Info.plist; sourceTree = "<group>"; };
		A9F507A71D1AA5B200498B4E /* libpocketsphinx.a */ = {isa = PBXFileReference; lastKnownFileType = archive.ar; path = libpocketsphinx.a; sourceTree = "<group>"; };
		A9F507A81D1AA5B200498B4E /* libsphinxad.a */ = {isa = PBXFileReference; lastKnownFileType = archive.ar; path = libsphinxad.a; sourceTree = "<group>"; };
		A9F507A91D1AA5B200498B4E /* libsphinxbase.a */ = {isa = PBXFileReference; lastKnownFileType = archive.ar; path = libsphinxbase.a; sourceTree = "<group>"; };
		A9F507AA1D1AA5B200498B4E /* Info.plist */ = {isa = PBXFileReference; fileEncoding = 4; lastKnownFileType = text.plist.xml; path = Info.plist; sourceTree = "<group>"; };
		A9F507AF1D1AA5B200498B4E /* cmdln_macro.h */ = {isa = PBXFileReference; fileEncoding = 4; lastKnownFileType = sourcecode.c.h; path = cmdln_macro.h; sourceTree = "<group>"; };
		A9F507B01D1AA5B200498B4E /* pocketsphinx.h */ = {isa = PBXFileReference; fileEncoding = 4; lastKnownFileType = sourcecode.c.h; path = pocketsphinx.h; sourceTree = "<group>"; };
		A9F507B11D1AA5B200498B4E /* pocketsphinx_export.h */ = {isa = PBXFileReference; fileEncoding = 4; lastKnownFileType = sourcecode.c.h; path = pocketsphinx_export.h; sourceTree = "<group>"; };
		A9F507B21D1AA5B200498B4E /* ps_lattice.h */ = {isa = PBXFileReference; fileEncoding = 4; lastKnownFileType = sourcecode.c.h; path = ps_lattice.h; sourceTree = "<group>"; };
		A9F507B31D1AA5B200498B4E /* ps_mllr.h */ = {isa = PBXFileReference; fileEncoding = 4; lastKnownFileType = sourcecode.c.h; path = ps_mllr.h; sourceTree = "<group>"; };
		A9F507B41D1AA5B200498B4E /* ps_search.h */ = {isa = PBXFileReference; fileEncoding = 4; lastKnownFileType = sourcecode.c.h; path = ps_search.h; sourceTree = "<group>"; };
		A9F507B61D1AA5B200498B4E /* ad.h */ = {isa = PBXFileReference; fileEncoding = 4; lastKnownFileType = sourcecode.c.h; path = ad.h; sourceTree = "<group>"; };
		A9F507B71D1AA5B200498B4E /* agc.h */ = {isa = PBXFileReference; fileEncoding = 4; lastKnownFileType = sourcecode.c.h; path = agc.h; sourceTree = "<group>"; };
		A9F507B81D1AA5B200498B4E /* bio.h */ = {isa = PBXFileReference; fileEncoding = 4; lastKnownFileType = sourcecode.c.h; path = bio.h; sourceTree = "<group>"; };
		A9F507B91D1AA5B200498B4E /* bitarr.h */ = {isa = PBXFileReference; fileEncoding = 4; lastKnownFileType = sourcecode.c.h; path = bitarr.h; sourceTree = "<group>"; };
		A9F507BA1D1AA5B200498B4E /* bitvec.h */ = {isa = PBXFileReference; fileEncoding = 4; lastKnownFileType = sourcecode.c.h; path = bitvec.h; sourceTree = "<group>"; };
		A9F507BB1D1AA5B200498B4E /* byteorder.h */ = {isa = PBXFileReference; fileEncoding = 4; lastKnownFileType = sourcecode.c.h; path = byteorder.h; sourceTree = "<group>"; };
		A9F507BC1D1AA5B200498B4E /* case.h */ = {isa = PBXFileReference; fileEncoding = 4; lastKnownFileType = sourcecode.c.h; path = case.h; sourceTree = "<group>"; };
		A9F507BD1D1AA5B200498B4E /* ckd_alloc.h */ = {isa = PBXFileReference; fileEncoding = 4; lastKnownFileType = sourcecode.c.h; path = ckd_alloc.h; sourceTree = "<group>"; };
		A9F507BE1D1AA5B200498B4E /* clapack_lite.h */ = {isa = PBXFileReference; fileEncoding = 4; lastKnownFileType = sourcecode.c.h; path = clapack_lite.h; sourceTree = "<group>"; };
		A9F507BF1D1AA5B200498B4E /* cmd_ln.h */ = {isa = PBXFileReference; fileEncoding = 4; lastKnownFileType = sourcecode.c.h; path = cmd_ln.h; sourceTree = "<group>"; };
		A9F507C01D1AA5B200498B4E /* cmn.h */ = {isa = PBXFileReference; fileEncoding = 4; lastKnownFileType = sourcecode.c.h; path = cmn.h; sourceTree = "<group>"; };
		A9F507C11D1AA5B200498B4E /* err.h */ = {isa = PBXFileReference; fileEncoding = 4; lastKnownFileType = sourcecode.c.h; path = err.h; sourceTree = "<group>"; };
		A9F507C21D1AA5B200498B4E /* f2c.h */ = {isa = PBXFileReference; fileEncoding = 4; lastKnownFileType = sourcecode.c.h; path = f2c.h; sourceTree = "<group>"; };
		A9F507C31D1AA5B200498B4E /* fe.h */ = {isa = PBXFileReference; fileEncoding = 4; lastKnownFileType = sourcecode.c.h; path = fe.h; sourceTree = "<group>"; };
		A9F507C41D1AA5B200498B4E /* feat.h */ = {isa = PBXFileReference; fileEncoding = 4; lastKnownFileType = sourcecode.c.h; path = feat.h; sourceTree = "<group>"; };
		A9F507C51D1AA5B200498B4E /* filename.h */ = {isa = PBXFileReference; fileEncoding = 4; lastKnownFileType = sourcecode.c.h; path = filename.h; sourceTree = "<group>"; };
		A9F507C61D1AA5B200498B4E /* fixpoint.h */ = {isa = PBXFileReference; fileEncoding = 4; lastKnownFileType = sourcecode.c.h; path = fixpoint.h; sourceTree = "<group>"; };
		A9F507C71D1AA5B200498B4E /* fsg_model.h */ = {isa = PBXFileReference; fileEncoding = 4; lastKnownFileType = sourcecode.c.h; path = fsg_model.h; sourceTree = "<group>"; };
		A9F507C81D1AA5B200498B4E /* genrand.h */ = {isa = PBXFileReference; fileEncoding = 4; lastKnownFileType = sourcecode.c.h; path = genrand.h; sourceTree = "<group>"; };
		A9F507C91D1AA5B200498B4E /* glist.h */ = {isa = PBXFileReference; fileEncoding = 4; lastKnownFileType = sourcecode.c.h; path = glist.h; sourceTree = "<group>"; };
		A9F507CA1D1AA5B200498B4E /* hash_table.h */ = {isa = PBXFileReference; fileEncoding = 4; lastKnownFileType = sourcecode.c.h; path = hash_table.h; sourceTree = "<group>"; };
		A9F507CB1D1AA5B200498B4E /* heap.h */ = {isa = PBXFileReference; fileEncoding = 4; lastKnownFileType = sourcecode.c.h; path = heap.h; sourceTree = "<group>"; };
		A9F507CC1D1AA5B200498B4E /* jsgf.h */ = {isa = PBXFileReference; fileEncoding = 4; lastKnownFileType = sourcecode.c.h; path = jsgf.h; sourceTree = "<group>"; };
		A9F507CD1D1AA5B200498B4E /* listelem_alloc.h */ = {isa = PBXFileReference; fileEncoding = 4; lastKnownFileType = sourcecode.c.h; path = listelem_alloc.h; sourceTree = "<group>"; };
		A9F507CE1D1AA5B200498B4E /* logmath.h */ = {isa = PBXFileReference; fileEncoding = 4; lastKnownFileType = sourcecode.c.h; path = logmath.h; sourceTree = "<group>"; };
		A9F507CF1D1AA5B200498B4E /* matrix.h */ = {isa = PBXFileReference; fileEncoding = 4; lastKnownFileType = sourcecode.c.h; path = matrix.h; sourceTree = "<group>"; };
		A9F507D01D1AA5B200498B4E /* mmio.h */ = {isa = PBXFileReference; fileEncoding = 4; lastKnownFileType = sourcecode.c.h; path = mmio.h; sourceTree = "<group>"; };
		A9F507D11D1AA5B200498B4E /* ngram_model.h */ = {isa = PBXFileReference; fileEncoding = 4; lastKnownFileType = sourcecode.c.h; path = ngram_model.h; sourceTree = "<group>"; };
		A9F507D21D1AA5B200498B4E /* pio.h */ = {isa = PBXFileReference; fileEncoding = 4; lastKnownFileType = sourcecode.c.h; path = pio.h; sourceTree = "<group>"; };
		A9F507D31D1AA5B200498B4E /* prim_type.h */ = {isa = PBXFileReference; fileEncoding = 4; lastKnownFileType = sourcecode.c.h; path = prim_type.h; sourceTree = "<group>"; };
		A9F507D41D1AA5B200498B4E /* priority_queue.h */ = {isa = PBXFileReference; fileEncoding = 4; lastKnownFileType = sourcecode.c.h; path = priority_queue.h; sourceTree = "<group>"; };
		A9F507D51D1AA5B200498B4E /* profile.h */ = {isa = PBXFileReference; fileEncoding = 4; lastKnownFileType = sourcecode.c.h; path = profile.h; sourceTree = "<group>"; };
		A9F507D61D1AA5B200498B4E /* sbthread.h */ = {isa = PBXFileReference; fileEncoding = 4; lastKnownFileType = sourcecode.c.h; path = sbthread.h; sourceTree = "<group>"; };
		A9F507D71D1AA5B200498B4E /* sphinx_config.h */ = {isa = PBXFileReference; fileEncoding = 4; lastKnownFileType = sourcecode.c.h; path = sphinx_config.h; sourceTree = "<group>"; };
		A9F507D81D1AA5B200498B4E /* sphinxbase_export.h */ = {isa = PBXFileReference; fileEncoding = 4; lastKnownFileType = sourcecode.c.h; path = sphinxbase_export.h; sourceTree = "<group>"; };
		A9F507D91D1AA5B200498B4E /* strfuncs.h */ = {isa = PBXFileReference; fileEncoding = 4; lastKnownFileType = sourcecode.c.h; path = strfuncs.h; sourceTree = "<group>"; };
		A9F507DA1D1AA5B200498B4E /* yin.h */ = {isa = PBXFileReference; fileEncoding = 4; lastKnownFileType = sourcecode.c.h; path = yin.h; sourceTree = "<group>"; };
		A9F507DB1D1AA5B200498B4E /* Info.plist */ = {isa = PBXFileReference; fileEncoding = 4; lastKnownFileType = text.plist.xml; path = Info.plist; sourceTree = "<group>"; };
		A9F507DD1D1AA5B200498B4E /* cmudict-en-us.dic */ = {isa = PBXFileReference; fileEncoding = 4; lastKnownFileType = text; path = "cmudict-en-us.dic"; sourceTree = "<group>"; };
		A9F507E71D1AA5B200498B4E /* en-us-phone.lm.bin */ = {isa = PBXFileReference; lastKnownFileType = archive.macbinary; path = "en-us-phone.lm.bin"; sourceTree = "<group>"; };
		A9F507E81D1AA5B200498B4E /* en-us.lm.bin */ = {isa = PBXFileReference; lastKnownFileType = archive.macbinary; path = "en-us.lm.bin"; sourceTree = "<group>"; };
		A9F507E91D1AA5B200498B4E /* goforward.raw */ = {isa = PBXFileReference; lastKnownFileType = file; path = goforward.raw; sourceTree = "<group>"; };
		A9F507EA1D1AA5B200498B4E /* numbers.raw */ = {isa = PBXFileReference; lastKnownFileType = file; path = numbers.raw; sourceTree = "<group>"; };
		A9F507EB1D1AA5B200498B4E /* something.raw */ = {isa = PBXFileReference; lastKnownFileType = file; path = something.raw; sourceTree = "<group>"; };
		A9F507ED1D1AA5B200498B4E /* NTSpeechRecognizer.h */ = {isa = PBXFileReference; fileEncoding = 4; lastKnownFileType = sourcecode.c.h; path = NTSpeechRecognizer.h; sourceTree = "<group>"; };
		A9F507EF1D1AA5B200498B4E /* NTPocketSphinxConfig.h */ = {isa = PBXFileReference; fileEncoding = 4; lastKnownFileType = sourcecode.c.h; path = NTPocketSphinxConfig.h; sourceTree = "<group>"; };
		A9F507F01D1AA5B200498B4E /* NTPocketSphinxConfig.m */ = {isa = PBXFileReference; fileEncoding = 4; lastKnownFileType = sourcecode.c.objc; path = NTPocketSphinxConfig.m; sourceTree = "<group>"; };
		A9F507F11D1AA5B200498B4E /* NTPocketSphinxDecoder.h */ = {isa = PBXFileReference; fileEncoding = 4; lastKnownFileType = sourcecode.c.h; path = NTPocketSphinxDecoder.h; sourceTree = "<group>"; };
		A9F507F21D1AA5B200498B4E /* NTPocketSphinxDecoder.m */ = {isa = PBXFileReference; fileEncoding = 4; lastKnownFileType = sourcecode.c.objc; path = NTPocketSphinxDecoder.m; sourceTree = "<group>"; };
		A9F508B51D1AA67000498B4E /* en-us */ = {isa = PBXFileReference; lastKnownFileType = folder; path = "en-us"; sourceTree = "<group>"; };
		A9F508E71D1AC23C00498B4E /* NTSpeechTools.framework */ = {isa = PBXFileReference; lastKnownFileType = wrapper.framework; name = NTSpeechTools.framework; path = "../Debug-iphoneos/NTSpeechTools.framework"; sourceTree = BUILT_PRODUCTS_DIR; };
		A9F508EB1D1AC25600498B4E /* NTSpeechTools.framework */ = {isa = PBXFileReference; lastKnownFileType = wrapper.framework; path = NTSpeechTools.framework; sourceTree = BUILT_PRODUCTS_DIR; };
		A9F508F01D1ACFBB00498B4E /* NTFileSystem.h */ = {isa = PBXFileReference; fileEncoding = 4; lastKnownFileType = sourcecode.c.h; path = NTFileSystem.h; sourceTree = "<group>"; };
		A9F508F11D1ACFBB00498B4E /* NTFileSystem.m */ = {isa = PBXFileReference; fileEncoding = 4; lastKnownFileType = sourcecode.c.objc; path = NTFileSystem.m; sourceTree = "<group>"; };
/* End PBXFileReference section */

/* Begin PBXFrameworksBuildPhase section */
		A9F505B21D193F4300498B4E /* Frameworks */ = {
			isa = PBXFrameworksBuildPhase;
			buildActionMask = 2147483647;
			files = (
				A9F508EC1D1AC25600498B4E /* NTSpeechTools.framework in Frameworks */,
				A9F508231D1AA5B300498B4E /* libsphinxad.a in Frameworks */,
				A9F508251D1AA5B300498B4E /* libsphinxbase.a in Frameworks */,
				A9F508211D1AA5B300498B4E /* libpocketsphinx.a in Frameworks */,
			);
			runOnlyForDeploymentPostprocessing = 0;
		};
		A9F505C21D193F7200498B4E /* Frameworks */ = {
			isa = PBXFrameworksBuildPhase;
			buildActionMask = 2147483647;
			files = (
				A9F508E81D1AC23C00498B4E /* NTSpeechTools.framework in Frameworks */,
				A9F5081C1D1AA5B300498B4E /* libsphinxad.a in Frameworks */,
				A9F5081E1D1AA5B300498B4E /* libsphinxbase.a in Frameworks */,
				A9F5081A1D1AA5B300498B4E /* libpocketsphinx.a in Frameworks */,
			);
			runOnlyForDeploymentPostprocessing = 0;
		};
		A9F506A01D195B8200498B4E /* Frameworks */ = {
			isa = PBXFrameworksBuildPhase;
			buildActionMask = 2147483647;
			files = (
				A9F506B71D195BBC00498B4E /* NTSpeechRecognizer.framework in Frameworks */,
			);
			runOnlyForDeploymentPostprocessing = 0;
		};
		A9F506CB1D195DE000498B4E /* Frameworks */ = {
			isa = PBXFrameworksBuildPhase;
			buildActionMask = 2147483647;
			files = (
				A9F506E61D195E2800498B4E /* NTSpeechRecognizer.framework in Frameworks */,
			);
			runOnlyForDeploymentPostprocessing = 0;
		};
/* End PBXFrameworksBuildPhase section */

/* Begin PBXGroup section */
		A99C2A081D1D14F6001FA630 /* AudioSource */ = {
			isa = PBXGroup;
			children = (
				A99C2A0A1D1D17FA001FA630 /* NTAudioSource.h */,
				A99C2A0B1D1D17FA001FA630 /* NTAudioSource.m */,
				A99C2A101D1D1A77001FA630 /* NTMicrophoneAudioSource.h */,
				A99C2A111D1D1A77001FA630 /* NTMicrophoneAudioSource.m */,
			);
			path = AudioSource;
			sourceTree = "<group>";
		};
		A99C2A091D1D14F6001FA630 /* Recognizer */ = {
			isa = PBXGroup;
			children = (
			);
			path = Recognizer;
			sourceTree = "<group>";
		};
		A9F505AC1D193F4300498B4E = {
			isa = PBXGroup;
			children = (
				A9F507AB1D1AA5B200498B4E /* NTSpeechRecognizerShared */,
				A9F507A51D1AA5B200498B4E /* NTSpeechRecognizerOSX */,
				A9F5079F1D1AA5B200498B4E /* NTSpeechRecognizerIOS */,
				A9F507891D1AA5B200498B4E /* NTSpeechRecognizerDemoIOS */,
				A9F507951D1AA5B200498B4E /* NTSpeechRecognizerDemoOSX */,
				A9F508DE1D1AC1B900498B4E /* Frameworks */,
				A9F505B71D193F4300498B4E /* Products */,
			);
			sourceTree = "<group>";
		};
		A9F505B71D193F4300498B4E /* Products */ = {
			isa = PBXGroup;
			children = (
				A9F505B61D193F4300498B4E /* NTSpeechRecognizer.framework */,
				A9F505C61D193F7200498B4E /* NTSpeechRecognizer.framework */,
				A9F506A31D195B8200498B4E /* NTSpeechRecognizer.app */,
				A9F506CE1D195DE000498B4E /* NTSpeechRecognizer.app */,
			);
			name = Products;
			sourceTree = "<group>";
		};
		A9F507891D1AA5B200498B4E /* NTSpeechRecognizerDemoIOS */ = {
			isa = PBXGroup;
			children = (
				A9F5078A1D1AA5B200498B4E /* AppDelegate.h */,
				A9F5078B1D1AA5B200498B4E /* AppDelegate.m */,
				A9F5078C1D1AA5B200498B4E /* Assets.xcassets */,
				A9F5078D1D1AA5B200498B4E /* LaunchScreen.storyboard */,
				A9F5078F1D1AA5B200498B4E /* Main.storyboard */,
				A9F507911D1AA5B200498B4E /* Info.plist */,
				A9F507921D1AA5B200498B4E /* main.m */,
				A9F507931D1AA5B200498B4E /* ViewController.h */,
				A9F507941D1AA5B200498B4E /* ViewController.m */,
			);
			path = NTSpeechRecognizerDemoIOS;
			sourceTree = "<group>";
		};
		A9F507951D1AA5B200498B4E /* NTSpeechRecognizerDemoOSX */ = {
			isa = PBXGroup;
			children = (
				A9F507961D1AA5B200498B4E /* AppDelegate.h */,
				A9F507971D1AA5B200498B4E /* AppDelegate.m */,
				A9F507981D1AA5B200498B4E /* Assets.xcassets */,
				A9F507991D1AA5B200498B4E /* Main.storyboard */,
				A9F5079B1D1AA5B200498B4E /* Info.plist */,
				A9F5079C1D1AA5B200498B4E /* main.m */,
				A9F5079D1D1AA5B200498B4E /* ViewController.h */,
				A9F5079E1D1AA5B200498B4E /* ViewController.m */,
			);
			path = NTSpeechRecognizerDemoOSX;
			sourceTree = "<group>";
		};
		A9F5079F1D1AA5B200498B4E /* NTSpeechRecognizerIOS */ = {
			isa = PBXGroup;
			children = (
				A9F507A01D1AA5B200498B4E /* Dependencies */,
				A9F507A41D1AA5B200498B4E /* Info.plist */,
			);
			path = NTSpeechRecognizerIOS;
			sourceTree = "<group>";
		};
		A9F507A01D1AA5B200498B4E /* Dependencies */ = {
			isa = PBXGroup;
			children = (
				A9F507A11D1AA5B200498B4E /* libpocketsphinx.a */,
				A9F507A21D1AA5B200498B4E /* libsphinxad.a */,
				A9F507A31D1AA5B200498B4E /* libsphinxbase.a */,
			);
			path = Dependencies;
			sourceTree = "<group>";
		};
		A9F507A51D1AA5B200498B4E /* NTSpeechRecognizerOSX */ = {
			isa = PBXGroup;
			children = (
				A9F507A61D1AA5B200498B4E /* Dependencies */,
				A9F507AA1D1AA5B200498B4E /* Info.plist */,
			);
			path = NTSpeechRecognizerOSX;
			sourceTree = "<group>";
		};
		A9F507A61D1AA5B200498B4E /* Dependencies */ = {
			isa = PBXGroup;
			children = (
				A9F507A71D1AA5B200498B4E /* libpocketsphinx.a */,
				A9F507A81D1AA5B200498B4E /* libsphinxad.a */,
				A9F507A91D1AA5B200498B4E /* libsphinxbase.a */,
			);
			path = Dependencies;
			sourceTree = "<group>";
		};
		A9F507AB1D1AA5B200498B4E /* NTSpeechRecognizerShared */ = {
			isa = PBXGroup;
			children = (
				A9F507EC1D1AA5B200498B4E /* Sources */,
				A9F507DC1D1AA5B200498B4E /* Resources */,
				A9F507AC1D1AA5B200498B4E /* Dependencies */,
				A9F507DB1D1AA5B200498B4E /* Info.plist */,
			);
			path = NTSpeechRecognizerShared;
			sourceTree = "<group>";
		};
		A9F507AC1D1AA5B200498B4E /* Dependencies */ = {
			isa = PBXGroup;
			children = (
				A9F507AD1D1AA5B200498B4E /* include */,
			);
			path = Dependencies;
			sourceTree = "<group>";
		};
		A9F507AD1D1AA5B200498B4E /* include */ = {
			isa = PBXGroup;
			children = (
				A9F507AE1D1AA5B200498B4E /* pocketsphinx */,
				A9F507B51D1AA5B200498B4E /* sphinxbase */,
			);
			path = include;
			sourceTree = "<group>";
		};
		A9F507AE1D1AA5B200498B4E /* pocketsphinx */ = {
			isa = PBXGroup;
			children = (
				A9F507AF1D1AA5B200498B4E /* cmdln_macro.h */,
				A9F507B01D1AA5B200498B4E /* pocketsphinx.h */,
				A9F507B11D1AA5B200498B4E /* pocketsphinx_export.h */,
				A9F507B21D1AA5B200498B4E /* ps_lattice.h */,
				A9F507B31D1AA5B200498B4E /* ps_mllr.h */,
				A9F507B41D1AA5B200498B4E /* ps_search.h */,
			);
			path = pocketsphinx;
			sourceTree = "<group>";
		};
		A9F507B51D1AA5B200498B4E /* sphinxbase */ = {
			isa = PBXGroup;
			children = (
				A9F507B61D1AA5B200498B4E /* ad.h */,
				A9F507B71D1AA5B200498B4E /* agc.h */,
				A9F507B81D1AA5B200498B4E /* bio.h */,
				A9F507B91D1AA5B200498B4E /* bitarr.h */,
				A9F507BA1D1AA5B200498B4E /* bitvec.h */,
				A9F507BB1D1AA5B200498B4E /* byteorder.h */,
				A9F507BC1D1AA5B200498B4E /* case.h */,
				A9F507BD1D1AA5B200498B4E /* ckd_alloc.h */,
				A9F507BE1D1AA5B200498B4E /* clapack_lite.h */,
				A9F507BF1D1AA5B200498B4E /* cmd_ln.h */,
				A9F507C01D1AA5B200498B4E /* cmn.h */,
				A9F507C11D1AA5B200498B4E /* err.h */,
				A9F507C21D1AA5B200498B4E /* f2c.h */,
				A9F507C31D1AA5B200498B4E /* fe.h */,
				A9F507C41D1AA5B200498B4E /* feat.h */,
				A9F507C51D1AA5B200498B4E /* filename.h */,
				A9F507C61D1AA5B200498B4E /* fixpoint.h */,
				A9F507C71D1AA5B200498B4E /* fsg_model.h */,
				A9F507C81D1AA5B200498B4E /* genrand.h */,
				A9F507C91D1AA5B200498B4E /* glist.h */,
				A9F507CA1D1AA5B200498B4E /* hash_table.h */,
				A9F507CB1D1AA5B200498B4E /* heap.h */,
				A9F507CC1D1AA5B200498B4E /* jsgf.h */,
				A9F507CD1D1AA5B200498B4E /* listelem_alloc.h */,
				A9F507CE1D1AA5B200498B4E /* logmath.h */,
				A9F507CF1D1AA5B200498B4E /* matrix.h */,
				A9F507D01D1AA5B200498B4E /* mmio.h */,
				A9F507D11D1AA5B200498B4E /* ngram_model.h */,
				A9F507D21D1AA5B200498B4E /* pio.h */,
				A9F507D31D1AA5B200498B4E /* prim_type.h */,
				A9F507D41D1AA5B200498B4E /* priority_queue.h */,
				A9F507D51D1AA5B200498B4E /* profile.h */,
				A9F507D61D1AA5B200498B4E /* sbthread.h */,
				A9F507D71D1AA5B200498B4E /* sphinx_config.h */,
				A9F507D81D1AA5B200498B4E /* sphinxbase_export.h */,
				A9F507D91D1AA5B200498B4E /* strfuncs.h */,
				A9F507DA1D1AA5B200498B4E /* yin.h */,
			);
			path = sphinxbase;
			sourceTree = "<group>";
		};
		A9F507DC1D1AA5B200498B4E /* Resources */ = {
			isa = PBXGroup;
			children = (
				A9F508B51D1AA67000498B4E /* en-us */,
				A9F507DD1D1AA5B200498B4E /* cmudict-en-us.dic */,
				A9F507E71D1AA5B200498B4E /* en-us-phone.lm.bin */,
				A9F507E81D1AA5B200498B4E /* en-us.lm.bin */,
				A9F507E91D1AA5B200498B4E /* goforward.raw */,
				A9F507EA1D1AA5B200498B4E /* numbers.raw */,
				A9F507EB1D1AA5B200498B4E /* something.raw */,
			);
			path = Resources;
			sourceTree = "<group>";
		};
		A9F507EC1D1AA5B200498B4E /* Sources */ = {
			isa = PBXGroup;
			children = (
				A9F507ED1D1AA5B200498B4E /* NTSpeechRecognizer.h */,
				A9F507EE1D1AA5B200498B4E /* PocketSphinx */,
				A99C2A081D1D14F6001FA630 /* AudioSource */,
				A99C2A091D1D14F6001FA630 /* Recognizer */,
				A9F508EF1D1ACFAA00498B4E /* Utils */,
			);
			path = Sources;
			sourceTree = "<group>";
		};
		A9F507EE1D1AA5B200498B4E /* PocketSphinx */ = {
			isa = PBXGroup;
			children = (
				A9F507EF1D1AA5B200498B4E /* NTPocketSphinxConfig.h */,
				A9F507F01D1AA5B200498B4E /* NTPocketSphinxConfig.m */,
				A9F507F11D1AA5B200498B4E /* NTPocketSphinxDecoder.h */,
				A9F507F21D1AA5B200498B4E /* NTPocketSphinxDecoder.m */,
			);
			path = PocketSphinx;
			sourceTree = "<group>";
		};
		A9F508DE1D1AC1B900498B4E /* Frameworks */ = {
			isa = PBXGroup;
			children = (
				A9F508EB1D1AC25600498B4E /* NTSpeechTools.framework */,
				A9F508E71D1AC23C00498B4E /* NTSpeechTools.framework */,
			);
			name = Frameworks;
			sourceTree = "<group>";
		};
		A9F508EF1D1ACFAA00498B4E /* Utils */ = {
			isa = PBXGroup;
			children = (
				A9F508F01D1ACFBB00498B4E /* NTFileSystem.h */,
				A9F508F11D1ACFBB00498B4E /* NTFileSystem.m */,
			);
			path = Utils;
			sourceTree = "<group>";
		};
/* End PBXGroup section */

/* Begin PBXHeadersBuildPhase section */
		A9F505B31D193F4300498B4E /* Headers */ = {
			isa = PBXHeadersBuildPhase;
			buildActionMask = 2147483647;
			files = (
				A9F5089F1D1AA5B300498B4E /* NTPocketSphinxConfig.h in Headers */,
				A9F508A31D1AA5B300498B4E /* NTPocketSphinxDecoder.h in Headers */,
				A9F508771D1AA5B300498B4E /* sphinx_config.h in Headers */,
				A9F5084D1D1AA5B300498B4E /* f2c.h in Headers */,
				A9F508711D1AA5B300498B4E /* priority_queue.h in Headers */,
				A9F508791D1AA5B300498B4E /* sphinxbase_export.h in Headers */,
				A9F5087B1D1AA5B300498B4E /* strfuncs.h in Headers */,
				A9F508F21D1ACFBB00498B4E /* NTFileSystem.h in Headers */,
				A9F5084B1D1AA5B300498B4E /* err.h in Headers */,
				A9F5083B1D1AA5B300498B4E /* bitarr.h in Headers */,
				A9F508691D1AA5B300498B4E /* mmio.h in Headers */,
				A9F5086B1D1AA5B300498B4E /* ngram_model.h in Headers */,
				A9F508671D1AA5B300498B4E /* matrix.h in Headers */,
				A9F5086D1D1AA5B300498B4E /* pio.h in Headers */,
				A9F5083F1D1AA5B300498B4E /* byteorder.h in Headers */,
				A9F508651D1AA5B300498B4E /* logmath.h in Headers */,
				A9F508471D1AA5B300498B4E /* cmd_ln.h in Headers */,
				A9F508451D1AA5B300498B4E /* clapack_lite.h in Headers */,
				A9F5087D1D1AA5B300498B4E /* yin.h in Headers */,
				A9F5082F1D1AA5B300498B4E /* ps_lattice.h in Headers */,
				A9F508531D1AA5B300498B4E /* filename.h in Headers */,
				A9F508411D1AA5B300498B4E /* case.h in Headers */,
				A9F508291D1AA5B300498B4E /* cmdln_macro.h in Headers */,
				A9F5085B1D1AA5B300498B4E /* glist.h in Headers */,
				A9F508731D1AA5B300498B4E /* profile.h in Headers */,
				A9F508311D1AA5B300498B4E /* ps_mllr.h in Headers */,
				A99C2A0C1D1D17FA001FA630 /* NTAudioSource.h in Headers */,
				A9F508751D1AA5B300498B4E /* sbthread.h in Headers */,
				A9F508631D1AA5B300498B4E /* listelem_alloc.h in Headers */,
				A9F508371D1AA5B300498B4E /* agc.h in Headers */,
				A9F508491D1AA5B300498B4E /* cmn.h in Headers */,
				A9F508511D1AA5B300498B4E /* feat.h in Headers */,
				A9F5085D1D1AA5B300498B4E /* hash_table.h in Headers */,
				A9F508551D1AA5B300498B4E /* fixpoint.h in Headers */,
				A9F5086F1D1AA5B300498B4E /* prim_type.h in Headers */,
				A9F5083D1D1AA5B300498B4E /* bitvec.h in Headers */,
				A9F508611D1AA5B300498B4E /* jsgf.h in Headers */,
				A9F5082D1D1AA5B300498B4E /* pocketsphinx_export.h in Headers */,
				A9F508591D1AA5B300498B4E /* genrand.h in Headers */,
				A9F5082B1D1AA5B300498B4E /* pocketsphinx.h in Headers */,
				A99C2A121D1D1A77001FA630 /* NTMicrophoneAudioSource.h in Headers */,
				A9F5089D1D1AA5B300498B4E /* NTSpeechRecognizer.h in Headers */,
				A9F508351D1AA5B300498B4E /* ad.h in Headers */,
				A9F5085F1D1AA5B300498B4E /* heap.h in Headers */,
				A9F508391D1AA5B300498B4E /* bio.h in Headers */,
				A9F5084F1D1AA5B300498B4E /* fe.h in Headers */,
				A9F508571D1AA5B300498B4E /* fsg_model.h in Headers */,
				A9F508331D1AA5B300498B4E /* ps_search.h in Headers */,
				A9F508431D1AA5B300498B4E /* ckd_alloc.h in Headers */,
			);
			runOnlyForDeploymentPostprocessing = 0;
		};
		A9F505C31D193F7200498B4E /* Headers */ = {
			isa = PBXHeadersBuildPhase;
			buildActionMask = 2147483647;
			files = (
				A9F508A01D1AA5B300498B4E /* NTPocketSphinxConfig.h in Headers */,
				A9F508A41D1AA5B300498B4E /* NTPocketSphinxDecoder.h in Headers */,
				A9F508781D1AA5B300498B4E /* sphinx_config.h in Headers */,
				A9F5084E1D1AA5B300498B4E /* f2c.h in Headers */,
				A9F508721D1AA5B300498B4E /* priority_queue.h in Headers */,
				A9F5087A1D1AA5B300498B4E /* sphinxbase_export.h in Headers */,
				A9F5087C1D1AA5B300498B4E /* strfuncs.h in Headers */,
				A9F508F31D1ACFBB00498B4E /* NTFileSystem.h in Headers */,
				A9F5084C1D1AA5B300498B4E /* err.h in Headers */,
				A9F5083C1D1AA5B300498B4E /* bitarr.h in Headers */,
				A9F5086A1D1AA5B300498B4E /* mmio.h in Headers */,
				A9F5086C1D1AA5B300498B4E /* ngram_model.h in Headers */,
				A9F508681D1AA5B300498B4E /* matrix.h in Headers */,
				A9F5086E1D1AA5B300498B4E /* pio.h in Headers */,
				A9F508401D1AA5B300498B4E /* byteorder.h in Headers */,
				A9F508661D1AA5B300498B4E /* logmath.h in Headers */,
				A9F508481D1AA5B300498B4E /* cmd_ln.h in Headers */,
				A9F508461D1AA5B300498B4E /* clapack_lite.h in Headers */,
				A9F5087E1D1AA5B300498B4E /* yin.h in Headers */,
				A9F508301D1AA5B300498B4E /* ps_lattice.h in Headers */,
				A9F508541D1AA5B300498B4E /* filename.h in Headers */,
				A9F508421D1AA5B300498B4E /* case.h in Headers */,
				A9F5082A1D1AA5B300498B4E /* cmdln_macro.h in Headers */,
				A9F5085C1D1AA5B300498B4E /* glist.h in Headers */,
				A9F508741D1AA5B300498B4E /* profile.h in Headers */,
				A9F508321D1AA5B300498B4E /* ps_mllr.h in Headers */,
				A99C2A0D1D1D17FA001FA630 /* NTAudioSource.h in Headers */,
				A9F508761D1AA5B300498B4E /* sbthread.h in Headers */,
				A9F508641D1AA5B300498B4E /* listelem_alloc.h in Headers */,
				A9F508381D1AA5B300498B4E /* agc.h in Headers */,
				A9F5084A1D1AA5B300498B4E /* cmn.h in Headers */,
				A9F508521D1AA5B300498B4E /* feat.h in Headers */,
				A9F5085E1D1AA5B300498B4E /* hash_table.h in Headers */,
				A9F508561D1AA5B300498B4E /* fixpoint.h in Headers */,
				A9F508701D1AA5B300498B4E /* prim_type.h in Headers */,
				A9F5083E1D1AA5B300498B4E /* bitvec.h in Headers */,
				A9F508621D1AA5B300498B4E /* jsgf.h in Headers */,
				A9F5082E1D1AA5B300498B4E /* pocketsphinx_export.h in Headers */,
				A9F5085A1D1AA5B300498B4E /* genrand.h in Headers */,
				A9F5082C1D1AA5B300498B4E /* pocketsphinx.h in Headers */,
				A99C2A131D1D1A77001FA630 /* NTMicrophoneAudioSource.h in Headers */,
				A9F5089E1D1AA5B300498B4E /* NTSpeechRecognizer.h in Headers */,
				A9F508361D1AA5B300498B4E /* ad.h in Headers */,
				A9F508601D1AA5B300498B4E /* heap.h in Headers */,
				A9F5083A1D1AA5B300498B4E /* bio.h in Headers */,
				A9F508501D1AA5B300498B4E /* fe.h in Headers */,
				A9F508581D1AA5B300498B4E /* fsg_model.h in Headers */,
				A9F508341D1AA5B300498B4E /* ps_search.h in Headers */,
				A9F508441D1AA5B300498B4E /* ckd_alloc.h in Headers */,
			);
			runOnlyForDeploymentPostprocessing = 0;
		};
/* End PBXHeadersBuildPhase section */

/* Begin PBXNativeTarget section */
		A9F505B51D193F4300498B4E /* NTSpeechRecognizerOSX */ = {
			isa = PBXNativeTarget;
			buildConfigurationList = A9F505BE1D193F4300498B4E /* Build configuration list for PBXNativeTarget "NTSpeechRecognizerOSX" */;
			buildPhases = (
				A9F505B11D193F4300498B4E /* Sources */,
				A9F505B21D193F4300498B4E /* Frameworks */,
				A9F505B31D193F4300498B4E /* Headers */,
				A9F505B41D193F4300498B4E /* Resources */,
			);
			buildRules = (
			);
			dependencies = (
			);
			name = NTSpeechRecognizerOSX;
			productName = NTPocketSphinx;
			productReference = A9F505B61D193F4300498B4E /* NTSpeechRecognizer.framework */;
			productType = "com.apple.product-type.framework";
		};
		A9F505C51D193F7200498B4E /* NTSpeechRecognizerIOS */ = {
			isa = PBXNativeTarget;
			buildConfigurationList = A9F505CB1D193F7200498B4E /* Build configuration list for PBXNativeTarget "NTSpeechRecognizerIOS" */;
			buildPhases = (
				A9F505C11D193F7200498B4E /* Sources */,
				A9F505C21D193F7200498B4E /* Frameworks */,
				A9F505C31D193F7200498B4E /* Headers */,
				A9F505C41D193F7200498B4E /* Resources */,
			);
			buildRules = (
			);
			dependencies = (
			);
			name = NTSpeechRecognizerIOS;
			productName = NTPocketSphinxIOS;
			productReference = A9F505C61D193F7200498B4E /* NTSpeechRecognizer.framework */;
			productType = "com.apple.product-type.framework";
		};
		A9F506A21D195B8200498B4E /* NTSpeechRecognizerDemoOSX */ = {
			isa = PBXNativeTarget;
			buildConfigurationList = A9F506B41D195B8200498B4E /* Build configuration list for PBXNativeTarget "NTSpeechRecognizerDemoOSX" */;
			buildPhases = (
				A9F5069F1D195B8200498B4E /* Sources */,
				A9F506A01D195B8200498B4E /* Frameworks */,
				A9F506A11D195B8200498B4E /* Resources */,
			);
			buildRules = (
			);
			dependencies = (
			);
			name = NTSpeechRecognizerDemoOSX;
			productName = NTPocketSphinxDemoOSX;
			productReference = A9F506A31D195B8200498B4E /* NTSpeechRecognizer.app */;
			productType = "com.apple.product-type.application";
		};
		A9F506CD1D195DE000498B4E /* NTSpeechRecognizerDemoIOS */ = {
			isa = PBXNativeTarget;
			buildConfigurationList = A9F506E21D195DE000498B4E /* Build configuration list for PBXNativeTarget "NTSpeechRecognizerDemoIOS" */;
			buildPhases = (
				A9F506CA1D195DE000498B4E /* Sources */,
				A9F506CB1D195DE000498B4E /* Frameworks */,
				A9F506CC1D195DE000498B4E /* Resources */,
				A9F506EB1D195ED300498B4E /* Embed Frameworks */,
			);
			buildRules = (
			);
			dependencies = (
				A9F506EA1D195ED300498B4E /* PBXTargetDependency */,
			);
			name = NTSpeechRecognizerDemoIOS;
			productName = NTPocketSphinxDemoIOS;
			productReference = A9F506CE1D195DE000498B4E /* NTSpeechRecognizer.app */;
			productType = "com.apple.product-type.application";
		};
/* End PBXNativeTarget section */

/* Begin PBXProject section */
		A9F505AD1D193F4300498B4E /* Project object */ = {
			isa = PBXProject;
			attributes = {
				LastUpgradeCheck = 0730;
				ORGANIZATIONNAME = "ZHAW Institute of Applied Information Technology";
				TargetAttributes = {
					A9F505B51D193F4300498B4E = {
						CreatedOnToolsVersion = 7.3.1;
					};
					A9F505C51D193F7200498B4E = {
						CreatedOnToolsVersion = 7.3.1;
					};
					A9F506A21D195B8200498B4E = {
						CreatedOnToolsVersion = 7.3.1;
					};
					A9F506CD1D195DE000498B4E = {
						CreatedOnToolsVersion = 7.3.1;
					};
				};
			};
			buildConfigurationList = A9F505B01D193F4300498B4E /* Build configuration list for PBXProject "NTSpeechRecognizer" */;
			compatibilityVersion = "Xcode 3.2";
			developmentRegion = English;
			hasScannedForEncodings = 0;
			knownRegions = (
				en,
				Base,
			);
			mainGroup = A9F505AC1D193F4300498B4E;
			productRefGroup = A9F505B71D193F4300498B4E /* Products */;
			projectDirPath = "";
			projectRoot = "";
			targets = (
				A9F505B51D193F4300498B4E /* NTSpeechRecognizerOSX */,
				A9F505C51D193F7200498B4E /* NTSpeechRecognizerIOS */,
				A9F506A21D195B8200498B4E /* NTSpeechRecognizerDemoOSX */,
				A9F506CD1D195DE000498B4E /* NTSpeechRecognizerDemoIOS */,
			);
		};
/* End PBXProject section */

/* Begin PBXResourcesBuildPhase section */
		A9F505B41D193F4300498B4E /* Resources */ = {
			isa = PBXResourcesBuildPhase;
			buildActionMask = 2147483647;
			files = (
				A9F508B61D1AA67000498B4E /* en-us in Resources */,
				A9F5089B1D1AA5B300498B4E /* something.raw in Resources */,
				A9F508971D1AA5B300498B4E /* goforward.raw in Resources */,
				A9F508811D1AA5B300498B4E /* cmudict-en-us.dic in Resources */,
				A9F508991D1AA5B300498B4E /* numbers.raw in Resources */,
				A9F508931D1AA5B300498B4E /* en-us-phone.lm.bin in Resources */,
				A9F508951D1AA5B300498B4E /* en-us.lm.bin in Resources */,
			);
			runOnlyForDeploymentPostprocessing = 0;
		};
		A9F505C41D193F7200498B4E /* Resources */ = {
			isa = PBXResourcesBuildPhase;
			buildActionMask = 2147483647;
			files = (
				A9F508B71D1AA67000498B4E /* en-us in Resources */,
				A9F5089C1D1AA5B300498B4E /* something.raw in Resources */,
				A9F508981D1AA5B300498B4E /* goforward.raw in Resources */,
				A9F508821D1AA5B300498B4E /* cmudict-en-us.dic in Resources */,
				A9F5089A1D1AA5B300498B4E /* numbers.raw in Resources */,
				A9F508941D1AA5B300498B4E /* en-us-phone.lm.bin in Resources */,
				A9F508961D1AA5B300498B4E /* en-us.lm.bin in Resources */,
			);
			runOnlyForDeploymentPostprocessing = 0;
		};
		A9F506A11D195B8200498B4E /* Resources */ = {
			isa = PBXResourcesBuildPhase;
			buildActionMask = 2147483647;
			files = (
				A9F508B81D1AA6A600498B4E /* Assets.xcassets in Resources */,
				A9F508B91D1AA6A700498B4E /* Main.storyboard in Resources */,
			);
			runOnlyForDeploymentPostprocessing = 0;
		};
		A9F506CC1D195DE000498B4E /* Resources */ = {
			isa = PBXResourcesBuildPhase;
			buildActionMask = 2147483647;
			files = (
				A9F508BA1D1AA6AB00498B4E /* Assets.xcassets in Resources */,
				A9F508BB1D1AA6AD00498B4E /* LaunchScreen.storyboard in Resources */,
				A9F508BC1D1AA6AE00498B4E /* Main.storyboard in Resources */,
			);
			runOnlyForDeploymentPostprocessing = 0;
		};
/* End PBXResourcesBuildPhase section */

/* Begin PBXSourcesBuildPhase section */
		A9F505B11D193F4300498B4E /* Sources */ = {
			isa = PBXSourcesBuildPhase;
			buildActionMask = 2147483647;
			files = (
				A9F508A11D1AA5B300498B4E /* NTPocketSphinxConfig.m in Sources */,
				A9F508F41D1ACFBB00498B4E /* NTFileSystem.m in Sources */,
				A9F508A51D1AA5B300498B4E /* NTPocketSphinxDecoder.m in Sources */,
				A99C2A0E1D1D17FA001FA630 /* NTAudioSource.m in Sources */,
				A99C2A141D1D1A77001FA630 /* NTMicrophoneAudioSource.m in Sources */,
			);
			runOnlyForDeploymentPostprocessing = 0;
		};
		A9F505C11D193F7200498B4E /* Sources */ = {
			isa = PBXSourcesBuildPhase;
			buildActionMask = 2147483647;
			files = (
				A9F508A21D1AA5B300498B4E /* NTPocketSphinxConfig.m in Sources */,
				A9F508F51D1ACFBB00498B4E /* NTFileSystem.m in Sources */,
				A9F508A61D1AA5B300498B4E /* NTPocketSphinxDecoder.m in Sources */,
				A99C2A0F1D1D17FA001FA630 /* NTAudioSource.m in Sources */,
				A99C2A151D1D1A77001FA630 /* NTMicrophoneAudioSource.m in Sources */,
			);
			runOnlyForDeploymentPostprocessing = 0;
		};
		A9F5069F1D195B8200498B4E /* Sources */ = {
			isa = PBXSourcesBuildPhase;
			buildActionMask = 2147483647;
			files = (
				A9F508B41D1AA60100498B4E /* ViewController.m in Sources */,
				A9F508B31D1AA60100498B4E /* main.m in Sources */,
				A9F508B21D1AA60100498B4E /* AppDelegate.m in Sources */,
			);
			runOnlyForDeploymentPostprocessing = 0;
		};
		A9F506CA1D195DE000498B4E /* Sources */ = {
			isa = PBXSourcesBuildPhase;
			buildActionMask = 2147483647;
			files = (
				A9F508B01D1AA5E300498B4E /* ViewController.m in Sources */,
				A9F508B11D1AA5E600498B4E /* main.m in Sources */,
				A9F508AF1D1AA5E300498B4E /* AppDelegate.m in Sources */,
			);
			runOnlyForDeploymentPostprocessing = 0;
		};
/* End PBXSourcesBuildPhase section */

/* Begin PBXTargetDependency section */
		A9F506EA1D195ED300498B4E /* PBXTargetDependency */ = {
			isa = PBXTargetDependency;
			target = A9F505C51D193F7200498B4E /* NTSpeechRecognizerIOS */;
			targetProxy = A9F506E91D195ED300498B4E /* PBXContainerItemProxy */;
		};
/* End PBXTargetDependency section */

/* Begin PBXVariantGroup section */
		A9F5078D1D1AA5B200498B4E /* LaunchScreen.storyboard */ = {
			isa = PBXVariantGroup;
			children = (
				A9F5078E1D1AA5B200498B4E /* Base */,
			);
			name = LaunchScreen.storyboard;
			sourceTree = "<group>";
		};
		A9F5078F1D1AA5B200498B4E /* Main.storyboard */ = {
			isa = PBXVariantGroup;
			children = (
				A9F507901D1AA5B200498B4E /* Base */,
			);
			name = Main.storyboard;
			sourceTree = "<group>";
		};
		A9F507991D1AA5B200498B4E /* Main.storyboard */ = {
			isa = PBXVariantGroup;
			children = (
				A9F5079A1D1AA5B200498B4E /* Base */,
			);
			name = Main.storyboard;
			sourceTree = "<group>";
		};
/* End PBXVariantGroup section */

/* Begin XCBuildConfiguration section */
		A9F505BC1D193F4300498B4E /* Debug */ = {
			isa = XCBuildConfiguration;
			buildSettings = {
				ALWAYS_SEARCH_USER_PATHS = NO;
				CLANG_ANALYZER_NONNULL = YES;
				CLANG_CXX_LANGUAGE_STANDARD = "gnu++0x";
				CLANG_CXX_LIBRARY = "libc++";
				CLANG_ENABLE_MODULES = YES;
				CLANG_ENABLE_OBJC_ARC = YES;
				CLANG_WARN_BOOL_CONVERSION = YES;
				CLANG_WARN_CONSTANT_CONVERSION = YES;
				CLANG_WARN_DIRECT_OBJC_ISA_USAGE = YES_ERROR;
				CLANG_WARN_EMPTY_BODY = YES;
				CLANG_WARN_ENUM_CONVERSION = YES;
				CLANG_WARN_INT_CONVERSION = YES;
				CLANG_WARN_OBJC_ROOT_CLASS = YES_ERROR;
				CLANG_WARN_UNREACHABLE_CODE = YES;
				CLANG_WARN__DUPLICATE_METHOD_MATCH = YES;
				CODE_SIGN_IDENTITY = "-";
				COPY_PHASE_STRIP = NO;
				CURRENT_PROJECT_VERSION = 1;
				DEBUG_INFORMATION_FORMAT = dwarf;
				ENABLE_STRICT_OBJC_MSGSEND = YES;
				ENABLE_TESTABILITY = YES;
				GCC_C_LANGUAGE_STANDARD = gnu99;
				GCC_DYNAMIC_NO_PIC = NO;
				GCC_NO_COMMON_BLOCKS = YES;
				GCC_OPTIMIZATION_LEVEL = 0;
				GCC_PREPROCESSOR_DEFINITIONS = (
					"DEBUG=1",
					"$(inherited)",
				);
				GCC_WARN_64_TO_32_BIT_CONVERSION = YES;
				GCC_WARN_ABOUT_RETURN_TYPE = YES_ERROR;
				GCC_WARN_UNDECLARED_SELECTOR = YES;
				GCC_WARN_UNINITIALIZED_AUTOS = YES_AGGRESSIVE;
				GCC_WARN_UNUSED_FUNCTION = YES;
				GCC_WARN_UNUSED_VARIABLE = YES;
				MACOSX_DEPLOYMENT_TARGET = 10.11;
				MTL_ENABLE_DEBUG_INFO = YES;
				ONLY_ACTIVE_ARCH = YES;
				SDKROOT = macosx;
				VERSIONING_SYSTEM = "apple-generic";
				VERSION_INFO_PREFIX = "";
			};
			name = Debug;
		};
		A9F505BD1D193F4300498B4E /* Release */ = {
			isa = XCBuildConfiguration;
			buildSettings = {
				ALWAYS_SEARCH_USER_PATHS = NO;
				CLANG_ANALYZER_NONNULL = YES;
				CLANG_CXX_LANGUAGE_STANDARD = "gnu++0x";
				CLANG_CXX_LIBRARY = "libc++";
				CLANG_ENABLE_MODULES = YES;
				CLANG_ENABLE_OBJC_ARC = YES;
				CLANG_WARN_BOOL_CONVERSION = YES;
				CLANG_WARN_CONSTANT_CONVERSION = YES;
				CLANG_WARN_DIRECT_OBJC_ISA_USAGE = YES_ERROR;
				CLANG_WARN_EMPTY_BODY = YES;
				CLANG_WARN_ENUM_CONVERSION = YES;
				CLANG_WARN_INT_CONVERSION = YES;
				CLANG_WARN_OBJC_ROOT_CLASS = YES_ERROR;
				CLANG_WARN_UNREACHABLE_CODE = YES;
				CLANG_WARN__DUPLICATE_METHOD_MATCH = YES;
				CODE_SIGN_IDENTITY = "-";
				COPY_PHASE_STRIP = NO;
				CURRENT_PROJECT_VERSION = 1;
				DEBUG_INFORMATION_FORMAT = "dwarf-with-dsym";
				ENABLE_NS_ASSERTIONS = NO;
				ENABLE_STRICT_OBJC_MSGSEND = YES;
				GCC_C_LANGUAGE_STANDARD = gnu99;
				GCC_NO_COMMON_BLOCKS = YES;
				GCC_WARN_64_TO_32_BIT_CONVERSION = YES;
				GCC_WARN_ABOUT_RETURN_TYPE = YES_ERROR;
				GCC_WARN_UNDECLARED_SELECTOR = YES;
				GCC_WARN_UNINITIALIZED_AUTOS = YES_AGGRESSIVE;
				GCC_WARN_UNUSED_FUNCTION = YES;
				GCC_WARN_UNUSED_VARIABLE = YES;
				MACOSX_DEPLOYMENT_TARGET = 10.11;
				MTL_ENABLE_DEBUG_INFO = NO;
				SDKROOT = macosx;
				VERSIONING_SYSTEM = "apple-generic";
				VERSION_INFO_PREFIX = "";
			};
			name = Release;
		};
		A9F505BF1D193F4300498B4E /* Debug */ = {
			isa = XCBuildConfiguration;
			buildSettings = {
				COMBINE_HIDPI_IMAGES = YES;
				DEFINES_MODULE = YES;
				DYLIB_COMPATIBILITY_VERSION = 1;
				DYLIB_CURRENT_VERSION = 1;
				DYLIB_INSTALL_NAME_BASE = "@rpath";
				FRAMEWORK_SEARCH_PATHS = "$(inherited)";
				FRAMEWORK_VERSION = A;
				HEADER_SEARCH_PATHS = "$(PROJECT_DIR)/NTSpeechRecognizerShared/Dependencies/include";
				INFOPLIST_FILE = "$(TARGET_NAME)/Info.plist";
				INSTALL_PATH = "$(LOCAL_LIBRARY_DIR)/Frameworks";
				LD_RUNPATH_SEARCH_PATHS = "$(inherited) @executable_path/../Frameworks @loader_path/Frameworks";
				LIBRARY_SEARCH_PATHS = (
					"$(inherited)",
					"$(PROJECT_DIR)/NTSpeechRecognizerOSX/Dependencies",
				);
				PRODUCT_BUNDLE_IDENTIFIER = "ch.zhaw.init.$(PROJECT_NAME)";
				PRODUCT_NAME = "$(PROJECT_NAME)";
				SKIP_INSTALL = YES;
			};
			name = Debug;
		};
		A9F505C01D193F4300498B4E /* Release */ = {
			isa = XCBuildConfiguration;
			buildSettings = {
				COMBINE_HIDPI_IMAGES = YES;
				DEFINES_MODULE = YES;
				DYLIB_COMPATIBILITY_VERSION = 1;
				DYLIB_CURRENT_VERSION = 1;
				DYLIB_INSTALL_NAME_BASE = "@rpath";
				FRAMEWORK_SEARCH_PATHS = "$(inherited)";
				FRAMEWORK_VERSION = A;
				HEADER_SEARCH_PATHS = "$(PROJECT_DIR)/NTSpeechRecognizerShared/Dependencies/include";
				INFOPLIST_FILE = "$(TARGET_NAME)/Info.plist";
				INSTALL_PATH = "$(LOCAL_LIBRARY_DIR)/Frameworks";
				LD_RUNPATH_SEARCH_PATHS = "$(inherited) @executable_path/../Frameworks @loader_path/Frameworks";
				LIBRARY_SEARCH_PATHS = (
					"$(inherited)",
					"$(PROJECT_DIR)/NTSpeechRecognizerOSX/Dependencies",
				);
				PRODUCT_BUNDLE_IDENTIFIER = "ch.zhaw.init.$(PROJECT_NAME)";
				PRODUCT_NAME = "$(PROJECT_NAME)";
				SKIP_INSTALL = YES;
			};
			name = Release;
		};
		A9F505CC1D193F7200498B4E /* Debug */ = {
			isa = XCBuildConfiguration;
			buildSettings = {
				"CODE_SIGN_IDENTITY[sdk=iphoneos*]" = "iPhone Developer";
				DEFINES_MODULE = YES;
				DYLIB_COMPATIBILITY_VERSION = 1;
				DYLIB_CURRENT_VERSION = 1;
				DYLIB_INSTALL_NAME_BASE = "@rpath";
				ENABLE_BITCODE = NO;
				FRAMEWORK_SEARCH_PATHS = "$(inherited)";
				HEADER_SEARCH_PATHS = "$(PROJECT_DIR)/NTSpeechRecognizerShared/Dependencies/include";
				INFOPLIST_FILE = "$(TARGET_NAME)/Info.plist";
				INSTALL_PATH = "$(LOCAL_LIBRARY_DIR)/Frameworks";
				IPHONEOS_DEPLOYMENT_TARGET = 9.3;
				LD_RUNPATH_SEARCH_PATHS = "$(inherited) @executable_path/Frameworks @loader_path/Frameworks";
				LIBRARY_SEARCH_PATHS = (
					"$(inherited)",
					"$(PROJECT_DIR)/NTSpeechRecognizerIOS/Dependencies",
				);
				PRODUCT_BUNDLE_IDENTIFIER = "ch.zhaw.init.$(PROJECT_NAME)";
				PRODUCT_NAME = "$(PROJECT_NAME)";
				SDKROOT = iphoneos;
				SKIP_INSTALL = YES;
				TARGETED_DEVICE_FAMILY = "1,2";
			};
			name = Debug;
		};
		A9F505CD1D193F7200498B4E /* Release */ = {
			isa = XCBuildConfiguration;
			buildSettings = {
				"CODE_SIGN_IDENTITY[sdk=iphoneos*]" = "iPhone Developer";
				DEFINES_MODULE = YES;
				DYLIB_COMPATIBILITY_VERSION = 1;
				DYLIB_CURRENT_VERSION = 1;
				DYLIB_INSTALL_NAME_BASE = "@rpath";
				ENABLE_BITCODE = NO;
				FRAMEWORK_SEARCH_PATHS = "$(inherited)";
				HEADER_SEARCH_PATHS = "$(PROJECT_DIR)/NTSpeechRecognizerShared/Dependencies/include";
				INFOPLIST_FILE = "$(TARGET_NAME)/Info.plist";
				INSTALL_PATH = "$(LOCAL_LIBRARY_DIR)/Frameworks";
				IPHONEOS_DEPLOYMENT_TARGET = 9.3;
				LD_RUNPATH_SEARCH_PATHS = "$(inherited) @executable_path/Frameworks @loader_path/Frameworks";
				LIBRARY_SEARCH_PATHS = (
					"$(inherited)",
					"$(PROJECT_DIR)/NTSpeechRecognizerIOS/Dependencies",
				);
				PRODUCT_BUNDLE_IDENTIFIER = "ch.zhaw.init.$(PROJECT_NAME)";
				PRODUCT_NAME = "$(PROJECT_NAME)";
				SDKROOT = iphoneos;
				SKIP_INSTALL = YES;
				TARGETED_DEVICE_FAMILY = "1,2";
				VALIDATE_PRODUCT = YES;
			};
			name = Release;
		};
		A9F506B51D195B8200498B4E /* Debug */ = {
			isa = XCBuildConfiguration;
			buildSettings = {
				ASSETCATALOG_COMPILER_APPICON_NAME = AppIcon;
				COMBINE_HIDPI_IMAGES = YES;
				INFOPLIST_FILE = NTSpeechRecognizerDemoOSX/Info.plist;
				LD_RUNPATH_SEARCH_PATHS = "$(inherited) @executable_path/../Frameworks";
				PRODUCT_BUNDLE_IDENTIFIER = ch.zhaw.init.NTSpeechRecognizerDemoOSX;
				PRODUCT_NAME = NTSpeechRecognizer;
			};
			name = Debug;
		};
		A9F506B61D195B8200498B4E /* Release */ = {
			isa = XCBuildConfiguration;
			buildSettings = {
				ASSETCATALOG_COMPILER_APPICON_NAME = AppIcon;
				COMBINE_HIDPI_IMAGES = YES;
				INFOPLIST_FILE = NTSpeechRecognizerDemoOSX/Info.plist;
				LD_RUNPATH_SEARCH_PATHS = "$(inherited) @executable_path/../Frameworks";
				PRODUCT_BUNDLE_IDENTIFIER = ch.zhaw.init.NTSpeechRecognizerDemoOSX;
				PRODUCT_NAME = NTSpeechRecognizer;
			};
			name = Release;
		};
		A9F506E31D195DE000498B4E /* Debug */ = {
			isa = XCBuildConfiguration;
			buildSettings = {
				ASSETCATALOG_COMPILER_APPICON_NAME = AppIcon;
				"CODE_SIGN_IDENTITY[sdk=iphoneos*]" = "iPhone Developer";
				ENABLE_BITCODE = NO;
				INFOPLIST_FILE = NTSpeechRecognizerDemoIOS/Info.plist;
				IPHONEOS_DEPLOYMENT_TARGET = 9.3;
				LD_RUNPATH_SEARCH_PATHS = "$(inherited) @executable_path/Frameworks";
				PRODUCT_BUNDLE_IDENTIFIER = ch.zhaw.init.NTSpeechRecognizerDemoIOS;
				PRODUCT_NAME = NTSpeechRecognizer;
				SDKROOT = iphoneos;
				TARGETED_DEVICE_FAMILY = 2;
			};
			name = Debug;
		};
		A9F506E41D195DE000498B4E /* Release */ = {
			isa = XCBuildConfiguration;
			buildSettings = {
				ASSETCATALOG_COMPILER_APPICON_NAME = AppIcon;
				"CODE_SIGN_IDENTITY[sdk=iphoneos*]" = "iPhone Developer";
				ENABLE_BITCODE = NO;
				INFOPLIST_FILE = NTSpeechRecognizerDemoIOS/Info.plist;
				IPHONEOS_DEPLOYMENT_TARGET = 9.3;
				LD_RUNPATH_SEARCH_PATHS = "$(inherited) @executable_path/Frameworks";
				PRODUCT_BUNDLE_IDENTIFIER = ch.zhaw.init.NTSpeechRecognizerDemoIOS;
				PRODUCT_NAME = NTSpeechRecognizer;
				SDKROOT = iphoneos;
				TARGETED_DEVICE_FAMILY = 2;
				VALIDATE_PRODUCT = YES;
			};
			name = Release;
		};
/* End XCBuildConfiguration section */

/* Begin XCConfigurationList section */
		A9F505B01D193F4300498B4E /* Build configuration list for PBXProject "NTSpeechRecognizer" */ = {
			isa = XCConfigurationList;
			buildConfigurations = (
				A9F505BC1D193F4300498B4E /* Debug */,
				A9F505BD1D193F4300498B4E /* Release */,
			);
			defaultConfigurationIsVisible = 0;
			defaultConfigurationName = Release;
		};
		A9F505BE1D193F4300498B4E /* Build configuration list for PBXNativeTarget "NTSpeechRecognizerOSX" */ = {
			isa = XCConfigurationList;
			buildConfigurations = (
				A9F505BF1D193F4300498B4E /* Debug */,
				A9F505C01D193F4300498B4E /* Release */,
			);
			defaultConfigurationIsVisible = 0;
			defaultConfigurationName = Release;
		};
		A9F505CB1D193F7200498B4E /* Build configuration list for PBXNativeTarget "NTSpeechRecognizerIOS" */ = {
			isa = XCConfigurationList;
			buildConfigurations = (
				A9F505CC1D193F7200498B4E /* Debug */,
				A9F505CD1D193F7200498B4E /* Release */,
			);
			defaultConfigurationIsVisible = 0;
			defaultConfigurationName = Release;
		};
		A9F506B41D195B8200498B4E /* Build configuration list for PBXNativeTarget "NTSpeechRecognizerDemoOSX" */ = {
			isa = XCConfigurationList;
			buildConfigurations = (
				A9F506B51D195B8200498B4E /* Debug */,
				A9F506B61D195B8200498B4E /* Release */,
			);
			defaultConfigurationIsVisible = 0;
			defaultConfigurationName = Release;
		};
		A9F506E21D195DE000498B4E /* Build configuration list for PBXNativeTarget "NTSpeechRecognizerDemoIOS" */ = {
			isa = XCConfigurationList;
			buildConfigurations = (
				A9F506E31D195DE000498B4E /* Debug */,
				A9F506E41D195DE000498B4E /* Release */,
			);
			defaultConfigurationIsVisible = 0;
			defaultConfigurationName = Release;
		};
/* End XCConfigurationList section */
	};
	rootObject = A9F505AD1D193F4300498B4E /* Project object */;
}
