// !$*UTF8*$!
{
	archiveVersion = 1;
	classes = {
	};
	objectVersion = 46;
	objects = {

/* Begin PBXBuildFile section */
		A99656171D2551D500120D06 /* date.dic in Resources */ = {isa = PBXBuildFile; fileRef = A996560F1D2551D500120D06 /* date.dic */; };
		A99656181D2551D500120D06 /* date.jsgf in Resources */ = {isa = PBXBuildFile; fileRef = A99656101D2551D500120D06 /* date.jsgf */; };
		A99656191D2551D500120D06 /* icao_single.dic in Resources */ = {isa = PBXBuildFile; fileRef = A99656111D2551D500120D06 /* icao_single.dic */; };
		A996561A1D2551D500120D06 /* icao_single.jsgf in Resources */ = {isa = PBXBuildFile; fileRef = A99656121D2551D500120D06 /* icao_single.jsgf */; };
		A996561B1D2551D500120D06 /* numbers.dic in Resources */ = {isa = PBXBuildFile; fileRef = A99656131D2551D500120D06 /* numbers.dic */; };
		A996561C1D2551D500120D06 /* numbers.jsgf in Resources */ = {isa = PBXBuildFile; fileRef = A99656141D2551D500120D06 /* numbers.jsgf */; };
		A996561D1D2551D500120D06 /* yes_no.dic in Resources */ = {isa = PBXBuildFile; fileRef = A99656151D2551D500120D06 /* yes_no.dic */; };
		A996561E1D2551D500120D06 /* yes_no.jsgf in Resources */ = {isa = PBXBuildFile; fileRef = A99656161D2551D500120D06 /* yes_no.jsgf */; };
		A99656211D2553C200120D06 /* control.dic in Resources */ = {isa = PBXBuildFile; fileRef = A996561F1D2553C200120D06 /* control.dic */; };
		A99656221D2553C200120D06 /* control.lm in Sources */ = {isa = PBXBuildFile; fileRef = A99656201D2553C200120D06 /* control.lm */; };
		A99656231D25558F00120D06 /* control.lm in Resources */ = {isa = PBXBuildFile; fileRef = A99656201D2553C200120D06 /* control.lm */; };
		A99656371D25829F00120D06 /* control.dic in Resources */ = {isa = PBXBuildFile; fileRef = A996562D1D25829F00120D06 /* control.dic */; };
		A99656381D25829F00120D06 /* control.lm in Sources */ = {isa = PBXBuildFile; fileRef = A996562E1D25829F00120D06 /* control.lm */; };
		A99656391D25829F00120D06 /* date.dic in Resources */ = {isa = PBXBuildFile; fileRef = A996562F1D25829F00120D06 /* date.dic */; };
		A996563A1D25829F00120D06 /* date.jsgf in Resources */ = {isa = PBXBuildFile; fileRef = A99656301D25829F00120D06 /* date.jsgf */; };
		A996563B1D25829F00120D06 /* icao_single.dic in Resources */ = {isa = PBXBuildFile; fileRef = A99656311D25829F00120D06 /* icao_single.dic */; };
		A996563C1D25829F00120D06 /* icao_single.jsgf in Resources */ = {isa = PBXBuildFile; fileRef = A99656321D25829F00120D06 /* icao_single.jsgf */; };
		A996563D1D25829F00120D06 /* numbers.dic in Resources */ = {isa = PBXBuildFile; fileRef = A99656331D25829F00120D06 /* numbers.dic */; };
		A996563E1D25829F00120D06 /* numbers.jsgf in Resources */ = {isa = PBXBuildFile; fileRef = A99656341D25829F00120D06 /* numbers.jsgf */; };
		A996563F1D25829F00120D06 /* yes_no.dic in Resources */ = {isa = PBXBuildFile; fileRef = A99656351D25829F00120D06 /* yes_no.dic */; };
		A99656401D25829F00120D06 /* yes_no.jsgf in Resources */ = {isa = PBXBuildFile; fileRef = A99656361D25829F00120D06 /* yes_no.jsgf */; };
		A99656411D2582EF00120D06 /* control.lm in Resources */ = {isa = PBXBuildFile; fileRef = A996562E1D25829F00120D06 /* control.lm */; };
		A99C2A7D1D216308001FA630 /* cmdln_macro.h in Headers */ = {isa = PBXBuildFile; fileRef = A99C2A2D1D216308001FA630 /* cmdln_macro.h */; };
		A99C2A7E1D216308001FA630 /* cmdln_macro.h in Headers */ = {isa = PBXBuildFile; fileRef = A99C2A2D1D216308001FA630 /* cmdln_macro.h */; };
		A99C2A7F1D216308001FA630 /* pocketsphinx.h in Headers */ = {isa = PBXBuildFile; fileRef = A99C2A2E1D216308001FA630 /* pocketsphinx.h */; };
		A99C2A801D216308001FA630 /* pocketsphinx.h in Headers */ = {isa = PBXBuildFile; fileRef = A99C2A2E1D216308001FA630 /* pocketsphinx.h */; };
		A99C2A811D216308001FA630 /* pocketsphinx_export.h in Headers */ = {isa = PBXBuildFile; fileRef = A99C2A2F1D216308001FA630 /* pocketsphinx_export.h */; };
		A99C2A821D216308001FA630 /* pocketsphinx_export.h in Headers */ = {isa = PBXBuildFile; fileRef = A99C2A2F1D216308001FA630 /* pocketsphinx_export.h */; };
		A99C2A831D216308001FA630 /* ps_lattice.h in Headers */ = {isa = PBXBuildFile; fileRef = A99C2A301D216308001FA630 /* ps_lattice.h */; };
		A99C2A841D216308001FA630 /* ps_lattice.h in Headers */ = {isa = PBXBuildFile; fileRef = A99C2A301D216308001FA630 /* ps_lattice.h */; };
		A99C2A851D216308001FA630 /* ps_mllr.h in Headers */ = {isa = PBXBuildFile; fileRef = A99C2A311D216308001FA630 /* ps_mllr.h */; };
		A99C2A861D216308001FA630 /* ps_mllr.h in Headers */ = {isa = PBXBuildFile; fileRef = A99C2A311D216308001FA630 /* ps_mllr.h */; };
		A99C2A871D216308001FA630 /* ps_search.h in Headers */ = {isa = PBXBuildFile; fileRef = A99C2A321D216308001FA630 /* ps_search.h */; };
		A99C2A881D216308001FA630 /* ps_search.h in Headers */ = {isa = PBXBuildFile; fileRef = A99C2A321D216308001FA630 /* ps_search.h */; };
		A99C2A891D216308001FA630 /* ad.h in Headers */ = {isa = PBXBuildFile; fileRef = A99C2A341D216308001FA630 /* ad.h */; };
		A99C2A8A1D216308001FA630 /* ad.h in Headers */ = {isa = PBXBuildFile; fileRef = A99C2A341D216308001FA630 /* ad.h */; };
		A99C2A8B1D216308001FA630 /* agc.h in Headers */ = {isa = PBXBuildFile; fileRef = A99C2A351D216308001FA630 /* agc.h */; };
		A99C2A8C1D216308001FA630 /* agc.h in Headers */ = {isa = PBXBuildFile; fileRef = A99C2A351D216308001FA630 /* agc.h */; };
		A99C2A8D1D216308001FA630 /* bio.h in Headers */ = {isa = PBXBuildFile; fileRef = A99C2A361D216308001FA630 /* bio.h */; };
		A99C2A8E1D216308001FA630 /* bio.h in Headers */ = {isa = PBXBuildFile; fileRef = A99C2A361D216308001FA630 /* bio.h */; };
		A99C2A8F1D216308001FA630 /* bitarr.h in Headers */ = {isa = PBXBuildFile; fileRef = A99C2A371D216308001FA630 /* bitarr.h */; };
		A99C2A901D216308001FA630 /* bitarr.h in Headers */ = {isa = PBXBuildFile; fileRef = A99C2A371D216308001FA630 /* bitarr.h */; };
		A99C2A911D216308001FA630 /* bitvec.h in Headers */ = {isa = PBXBuildFile; fileRef = A99C2A381D216308001FA630 /* bitvec.h */; };
		A99C2A921D216308001FA630 /* bitvec.h in Headers */ = {isa = PBXBuildFile; fileRef = A99C2A381D216308001FA630 /* bitvec.h */; };
		A99C2A931D216308001FA630 /* byteorder.h in Headers */ = {isa = PBXBuildFile; fileRef = A99C2A391D216308001FA630 /* byteorder.h */; };
		A99C2A941D216308001FA630 /* byteorder.h in Headers */ = {isa = PBXBuildFile; fileRef = A99C2A391D216308001FA630 /* byteorder.h */; };
		A99C2A951D216308001FA630 /* case.h in Headers */ = {isa = PBXBuildFile; fileRef = A99C2A3A1D216308001FA630 /* case.h */; };
		A99C2A961D216308001FA630 /* case.h in Headers */ = {isa = PBXBuildFile; fileRef = A99C2A3A1D216308001FA630 /* case.h */; };
		A99C2A971D216308001FA630 /* ckd_alloc.h in Headers */ = {isa = PBXBuildFile; fileRef = A99C2A3B1D216308001FA630 /* ckd_alloc.h */; };
		A99C2A981D216308001FA630 /* ckd_alloc.h in Headers */ = {isa = PBXBuildFile; fileRef = A99C2A3B1D216308001FA630 /* ckd_alloc.h */; };
		A99C2A991D216308001FA630 /* clapack_lite.h in Headers */ = {isa = PBXBuildFile; fileRef = A99C2A3C1D216308001FA630 /* clapack_lite.h */; };
		A99C2A9A1D216308001FA630 /* clapack_lite.h in Headers */ = {isa = PBXBuildFile; fileRef = A99C2A3C1D216308001FA630 /* clapack_lite.h */; };
		A99C2A9B1D216308001FA630 /* cmd_ln.h in Headers */ = {isa = PBXBuildFile; fileRef = A99C2A3D1D216308001FA630 /* cmd_ln.h */; };
		A99C2A9C1D216308001FA630 /* cmd_ln.h in Headers */ = {isa = PBXBuildFile; fileRef = A99C2A3D1D216308001FA630 /* cmd_ln.h */; };
		A99C2A9D1D216308001FA630 /* cmn.h in Headers */ = {isa = PBXBuildFile; fileRef = A99C2A3E1D216308001FA630 /* cmn.h */; };
		A99C2A9E1D216308001FA630 /* cmn.h in Headers */ = {isa = PBXBuildFile; fileRef = A99C2A3E1D216308001FA630 /* cmn.h */; };
		A99C2A9F1D216308001FA630 /* err.h in Headers */ = {isa = PBXBuildFile; fileRef = A99C2A3F1D216308001FA630 /* err.h */; };
		A99C2AA01D216308001FA630 /* err.h in Headers */ = {isa = PBXBuildFile; fileRef = A99C2A3F1D216308001FA630 /* err.h */; };
		A99C2AA11D216308001FA630 /* f2c.h in Headers */ = {isa = PBXBuildFile; fileRef = A99C2A401D216308001FA630 /* f2c.h */; };
		A99C2AA21D216308001FA630 /* f2c.h in Headers */ = {isa = PBXBuildFile; fileRef = A99C2A401D216308001FA630 /* f2c.h */; };
		A99C2AA31D216308001FA630 /* fe.h in Headers */ = {isa = PBXBuildFile; fileRef = A99C2A411D216308001FA630 /* fe.h */; };
		A99C2AA41D216308001FA630 /* fe.h in Headers */ = {isa = PBXBuildFile; fileRef = A99C2A411D216308001FA630 /* fe.h */; };
		A99C2AA51D216308001FA630 /* feat.h in Headers */ = {isa = PBXBuildFile; fileRef = A99C2A421D216308001FA630 /* feat.h */; };
		A99C2AA61D216308001FA630 /* feat.h in Headers */ = {isa = PBXBuildFile; fileRef = A99C2A421D216308001FA630 /* feat.h */; };
		A99C2AA71D216308001FA630 /* filename.h in Headers */ = {isa = PBXBuildFile; fileRef = A99C2A431D216308001FA630 /* filename.h */; };
		A99C2AA81D216308001FA630 /* filename.h in Headers */ = {isa = PBXBuildFile; fileRef = A99C2A431D216308001FA630 /* filename.h */; };
		A99C2AA91D216308001FA630 /* fixpoint.h in Headers */ = {isa = PBXBuildFile; fileRef = A99C2A441D216308001FA630 /* fixpoint.h */; };
		A99C2AAA1D216308001FA630 /* fixpoint.h in Headers */ = {isa = PBXBuildFile; fileRef = A99C2A441D216308001FA630 /* fixpoint.h */; };
		A99C2AAB1D216308001FA630 /* fsg_model.h in Headers */ = {isa = PBXBuildFile; fileRef = A99C2A451D216308001FA630 /* fsg_model.h */; };
		A99C2AAC1D216308001FA630 /* fsg_model.h in Headers */ = {isa = PBXBuildFile; fileRef = A99C2A451D216308001FA630 /* fsg_model.h */; };
		A99C2AAD1D216308001FA630 /* genrand.h in Headers */ = {isa = PBXBuildFile; fileRef = A99C2A461D216308001FA630 /* genrand.h */; };
		A99C2AAE1D216308001FA630 /* genrand.h in Headers */ = {isa = PBXBuildFile; fileRef = A99C2A461D216308001FA630 /* genrand.h */; };
		A99C2AAF1D216308001FA630 /* glist.h in Headers */ = {isa = PBXBuildFile; fileRef = A99C2A471D216308001FA630 /* glist.h */; };
		A99C2AB01D216308001FA630 /* glist.h in Headers */ = {isa = PBXBuildFile; fileRef = A99C2A471D216308001FA630 /* glist.h */; };
		A99C2AB11D216308001FA630 /* hash_table.h in Headers */ = {isa = PBXBuildFile; fileRef = A99C2A481D216308001FA630 /* hash_table.h */; };
		A99C2AB21D216308001FA630 /* hash_table.h in Headers */ = {isa = PBXBuildFile; fileRef = A99C2A481D216308001FA630 /* hash_table.h */; };
		A99C2AB31D216308001FA630 /* heap.h in Headers */ = {isa = PBXBuildFile; fileRef = A99C2A491D216308001FA630 /* heap.h */; };
		A99C2AB41D216308001FA630 /* heap.h in Headers */ = {isa = PBXBuildFile; fileRef = A99C2A491D216308001FA630 /* heap.h */; };
		A99C2AB51D216308001FA630 /* jsgf.h in Headers */ = {isa = PBXBuildFile; fileRef = A99C2A4A1D216308001FA630 /* jsgf.h */; };
		A99C2AB61D216308001FA630 /* jsgf.h in Headers */ = {isa = PBXBuildFile; fileRef = A99C2A4A1D216308001FA630 /* jsgf.h */; };
		A99C2AB71D216308001FA630 /* listelem_alloc.h in Headers */ = {isa = PBXBuildFile; fileRef = A99C2A4B1D216308001FA630 /* listelem_alloc.h */; };
		A99C2AB81D216308001FA630 /* listelem_alloc.h in Headers */ = {isa = PBXBuildFile; fileRef = A99C2A4B1D216308001FA630 /* listelem_alloc.h */; };
		A99C2AB91D216308001FA630 /* logmath.h in Headers */ = {isa = PBXBuildFile; fileRef = A99C2A4C1D216308001FA630 /* logmath.h */; };
		A99C2ABA1D216308001FA630 /* logmath.h in Headers */ = {isa = PBXBuildFile; fileRef = A99C2A4C1D216308001FA630 /* logmath.h */; };
		A99C2ABB1D216308001FA630 /* matrix.h in Headers */ = {isa = PBXBuildFile; fileRef = A99C2A4D1D216308001FA630 /* matrix.h */; };
		A99C2ABC1D216308001FA630 /* matrix.h in Headers */ = {isa = PBXBuildFile; fileRef = A99C2A4D1D216308001FA630 /* matrix.h */; };
		A99C2ABD1D216308001FA630 /* mmio.h in Headers */ = {isa = PBXBuildFile; fileRef = A99C2A4E1D216308001FA630 /* mmio.h */; };
		A99C2ABE1D216308001FA630 /* mmio.h in Headers */ = {isa = PBXBuildFile; fileRef = A99C2A4E1D216308001FA630 /* mmio.h */; };
		A99C2ABF1D216308001FA630 /* ngram_model.h in Headers */ = {isa = PBXBuildFile; fileRef = A99C2A4F1D216308001FA630 /* ngram_model.h */; };
		A99C2AC01D216308001FA630 /* ngram_model.h in Headers */ = {isa = PBXBuildFile; fileRef = A99C2A4F1D216308001FA630 /* ngram_model.h */; };
		A99C2AC11D216308001FA630 /* pio.h in Headers */ = {isa = PBXBuildFile; fileRef = A99C2A501D216308001FA630 /* pio.h */; };
		A99C2AC21D216308001FA630 /* pio.h in Headers */ = {isa = PBXBuildFile; fileRef = A99C2A501D216308001FA630 /* pio.h */; };
		A99C2AC31D216308001FA630 /* prim_type.h in Headers */ = {isa = PBXBuildFile; fileRef = A99C2A511D216308001FA630 /* prim_type.h */; };
		A99C2AC41D216308001FA630 /* prim_type.h in Headers */ = {isa = PBXBuildFile; fileRef = A99C2A511D216308001FA630 /* prim_type.h */; };
		A99C2AC51D216308001FA630 /* priority_queue.h in Headers */ = {isa = PBXBuildFile; fileRef = A99C2A521D216308001FA630 /* priority_queue.h */; };
		A99C2AC61D216308001FA630 /* priority_queue.h in Headers */ = {isa = PBXBuildFile; fileRef = A99C2A521D216308001FA630 /* priority_queue.h */; };
		A99C2AC71D216308001FA630 /* profile.h in Headers */ = {isa = PBXBuildFile; fileRef = A99C2A531D216308001FA630 /* profile.h */; };
		A99C2AC81D216308001FA630 /* profile.h in Headers */ = {isa = PBXBuildFile; fileRef = A99C2A531D216308001FA630 /* profile.h */; };
		A99C2AC91D216308001FA630 /* sbthread.h in Headers */ = {isa = PBXBuildFile; fileRef = A99C2A541D216308001FA630 /* sbthread.h */; };
		A99C2ACA1D216308001FA630 /* sbthread.h in Headers */ = {isa = PBXBuildFile; fileRef = A99C2A541D216308001FA630 /* sbthread.h */; };
		A99C2ACB1D216308001FA630 /* sphinx_config.h in Headers */ = {isa = PBXBuildFile; fileRef = A99C2A551D216308001FA630 /* sphinx_config.h */; };
		A99C2ACC1D216308001FA630 /* sphinx_config.h in Headers */ = {isa = PBXBuildFile; fileRef = A99C2A551D216308001FA630 /* sphinx_config.h */; };
		A99C2ACD1D216308001FA630 /* sphinxbase_export.h in Headers */ = {isa = PBXBuildFile; fileRef = A99C2A561D216308001FA630 /* sphinxbase_export.h */; };
		A99C2ACE1D216308001FA630 /* sphinxbase_export.h in Headers */ = {isa = PBXBuildFile; fileRef = A99C2A561D216308001FA630 /* sphinxbase_export.h */; };
		A99C2ACF1D216308001FA630 /* strfuncs.h in Headers */ = {isa = PBXBuildFile; fileRef = A99C2A571D216308001FA630 /* strfuncs.h */; };
		A99C2AD01D216308001FA630 /* strfuncs.h in Headers */ = {isa = PBXBuildFile; fileRef = A99C2A571D216308001FA630 /* strfuncs.h */; };
		A99C2AD11D216308001FA630 /* yin.h in Headers */ = {isa = PBXBuildFile; fileRef = A99C2A581D216308001FA630 /* yin.h */; };
		A99C2AD21D216308001FA630 /* yin.h in Headers */ = {isa = PBXBuildFile; fileRef = A99C2A581D216308001FA630 /* yin.h */; };
		A99C2AF11D216308001FA630 /* NTAudioSource.h in Headers */ = {isa = PBXBuildFile; fileRef = A99C2A6C1D216308001FA630 /* NTAudioSource.h */; settings = {ATTRIBUTES = (Public, ); }; };
		A99C2AF21D216308001FA630 /* NTAudioSource.h in Headers */ = {isa = PBXBuildFile; fileRef = A99C2A6C1D216308001FA630 /* NTAudioSource.h */; settings = {ATTRIBUTES = (Public, ); }; };
		A99C2AF31D216308001FA630 /* NTAudioSource.m in Sources */ = {isa = PBXBuildFile; fileRef = A99C2A6D1D216308001FA630 /* NTAudioSource.m */; };
		A99C2AF41D216308001FA630 /* NTAudioSource.m in Sources */ = {isa = PBXBuildFile; fileRef = A99C2A6D1D216308001FA630 /* NTAudioSource.m */; };
		A99C2AF51D216308001FA630 /* NTMicrophoneAudioSource.h in Headers */ = {isa = PBXBuildFile; fileRef = A99C2A6E1D216308001FA630 /* NTMicrophoneAudioSource.h */; settings = {ATTRIBUTES = (Public, ); }; };
		A99C2AF61D216308001FA630 /* NTMicrophoneAudioSource.h in Headers */ = {isa = PBXBuildFile; fileRef = A99C2A6E1D216308001FA630 /* NTMicrophoneAudioSource.h */; settings = {ATTRIBUTES = (Public, ); }; };
		A99C2AF71D216308001FA630 /* NTMicrophoneAudioSource.m in Sources */ = {isa = PBXBuildFile; fileRef = A99C2A6F1D216308001FA630 /* NTMicrophoneAudioSource.m */; };
		A99C2AF81D216308001FA630 /* NTMicrophoneAudioSource.m in Sources */ = {isa = PBXBuildFile; fileRef = A99C2A6F1D216308001FA630 /* NTMicrophoneAudioSource.m */; };
		A99C2AF91D216308001FA630 /* NTSpeechRecognition.h in Headers */ = {isa = PBXBuildFile; fileRef = A99C2A701D216308001FA630 /* NTSpeechRecognition.h */; settings = {ATTRIBUTES = (Public, ); }; };
		A99C2AFA1D216308001FA630 /* NTSpeechRecognition.h in Headers */ = {isa = PBXBuildFile; fileRef = A99C2A701D216308001FA630 /* NTSpeechRecognition.h */; settings = {ATTRIBUTES = (Public, ); }; };
		A99C2AFB1D216308001FA630 /* NTPocketSphinxConfig.h in Headers */ = {isa = PBXBuildFile; fileRef = A99C2A721D216308001FA630 /* NTPocketSphinxConfig.h */; settings = {ATTRIBUTES = (Public, ); }; };
		A99C2AFC1D216308001FA630 /* NTPocketSphinxConfig.h in Headers */ = {isa = PBXBuildFile; fileRef = A99C2A721D216308001FA630 /* NTPocketSphinxConfig.h */; settings = {ATTRIBUTES = (Public, ); }; };
		A99C2AFD1D216308001FA630 /* NTPocketSphinxConfig.m in Sources */ = {isa = PBXBuildFile; fileRef = A99C2A731D216308001FA630 /* NTPocketSphinxConfig.m */; };
		A99C2AFE1D216308001FA630 /* NTPocketSphinxConfig.m in Sources */ = {isa = PBXBuildFile; fileRef = A99C2A731D216308001FA630 /* NTPocketSphinxConfig.m */; };
		A99C2AFF1D216308001FA630 /* NTPocketSphinxDecoder.h in Headers */ = {isa = PBXBuildFile; fileRef = A99C2A741D216308001FA630 /* NTPocketSphinxDecoder.h */; settings = {ATTRIBUTES = (Public, ); }; };
		A99C2B001D216308001FA630 /* NTPocketSphinxDecoder.h in Headers */ = {isa = PBXBuildFile; fileRef = A99C2A741D216308001FA630 /* NTPocketSphinxDecoder.h */; settings = {ATTRIBUTES = (Public, ); }; };
		A99C2B011D216308001FA630 /* NTPocketSphinxDecoder.m in Sources */ = {isa = PBXBuildFile; fileRef = A99C2A751D216308001FA630 /* NTPocketSphinxDecoder.m */; };
		A99C2B021D216308001FA630 /* NTPocketSphinxDecoder.m in Sources */ = {isa = PBXBuildFile; fileRef = A99C2A751D216308001FA630 /* NTPocketSphinxDecoder.m */; };
		A99C2B031D216308001FA630 /* NTPocketSphinxRecognizer.h in Headers */ = {isa = PBXBuildFile; fileRef = A99C2A771D216308001FA630 /* NTPocketSphinxRecognizer.h */; settings = {ATTRIBUTES = (Public, ); }; };
		A99C2B041D216308001FA630 /* NTPocketSphinxRecognizer.h in Headers */ = {isa = PBXBuildFile; fileRef = A99C2A771D216308001FA630 /* NTPocketSphinxRecognizer.h */; settings = {ATTRIBUTES = (Public, ); }; };
		A99C2B051D216308001FA630 /* NTPocketSphinxRecognizer.m in Sources */ = {isa = PBXBuildFile; fileRef = A99C2A781D216308001FA630 /* NTPocketSphinxRecognizer.m */; };
		A99C2B061D216308001FA630 /* NTPocketSphinxRecognizer.m in Sources */ = {isa = PBXBuildFile; fileRef = A99C2A781D216308001FA630 /* NTPocketSphinxRecognizer.m */; };
		A99C2B071D216308001FA630 /* NTSpeechRecognizer.h in Headers */ = {isa = PBXBuildFile; fileRef = A99C2A791D216308001FA630 /* NTSpeechRecognizer.h */; settings = {ATTRIBUTES = (Public, ); }; };
		A99C2B081D216308001FA630 /* NTSpeechRecognizer.h in Headers */ = {isa = PBXBuildFile; fileRef = A99C2A791D216308001FA630 /* NTSpeechRecognizer.h */; settings = {ATTRIBUTES = (Public, ); }; };
		A99C2B091D216308001FA630 /* NTFileSystem.h in Headers */ = {isa = PBXBuildFile; fileRef = A99C2A7B1D216308001FA630 /* NTFileSystem.h */; };
		A99C2B0A1D216308001FA630 /* NTFileSystem.h in Headers */ = {isa = PBXBuildFile; fileRef = A99C2A7B1D216308001FA630 /* NTFileSystem.h */; };
		A99C2B0B1D216308001FA630 /* NTFileSystem.m in Sources */ = {isa = PBXBuildFile; fileRef = A99C2A7C1D216308001FA630 /* NTFileSystem.m */; };
		A99C2B0C1D216308001FA630 /* NTFileSystem.m in Sources */ = {isa = PBXBuildFile; fileRef = A99C2A7C1D216308001FA630 /* NTFileSystem.m */; };
		A99C2B131D216318001FA630 /* libpocketsphinx.a in Frameworks */ = {isa = PBXBuildFile; fileRef = A99C2B0F1D216318001FA630 /* libpocketsphinx.a */; };
		A99C2B141D216318001FA630 /* libsphinxad.a in Frameworks */ = {isa = PBXBuildFile; fileRef = A99C2B101D216318001FA630 /* libsphinxad.a */; };
		A99C2B151D216318001FA630 /* libsphinxbase.a in Frameworks */ = {isa = PBXBuildFile; fileRef = A99C2B111D216318001FA630 /* libsphinxbase.a */; };
		A99C2B1D1D21633A001FA630 /* libpocketsphinx.a in Frameworks */ = {isa = PBXBuildFile; fileRef = A99C2B191D21633A001FA630 /* libpocketsphinx.a */; };
		A99C2B1E1D21633A001FA630 /* libsphinxad.a in Frameworks */ = {isa = PBXBuildFile; fileRef = A99C2B1A1D21633A001FA630 /* libsphinxad.a */; };
		A99C2B1F1D21633A001FA630 /* libsphinxbase.a in Frameworks */ = {isa = PBXBuildFile; fileRef = A99C2B1B1D21633A001FA630 /* libsphinxbase.a */; };
		A99C2B2B1D21634D001FA630 /* AppDelegate.m in Sources */ = {isa = PBXBuildFile; fileRef = A99C2B231D21634D001FA630 /* AppDelegate.m */; };
		A99C2B2C1D21634D001FA630 /* Assets.xcassets in Resources */ = {isa = PBXBuildFile; fileRef = A99C2B241D21634D001FA630 /* Assets.xcassets */; };
		A99C2B2D1D21634D001FA630 /* Main.storyboard in Resources */ = {isa = PBXBuildFile; fileRef = A99C2B251D21634D001FA630 /* Main.storyboard */; };
		A99C2B2F1D21634D001FA630 /* main.m in Sources */ = {isa = PBXBuildFile; fileRef = A99C2B281D21634D001FA630 /* main.m */; };
		A99C2B301D21634D001FA630 /* ViewController.m in Sources */ = {isa = PBXBuildFile; fileRef = A99C2B2A1D21634D001FA630 /* ViewController.m */; };
		A99C2B3D1D21635D001FA630 /* AppDelegate.m in Sources */ = {isa = PBXBuildFile; fileRef = A99C2B331D21635D001FA630 /* AppDelegate.m */; };
		A99C2B3E1D21635D001FA630 /* Assets.xcassets in Resources */ = {isa = PBXBuildFile; fileRef = A99C2B341D21635D001FA630 /* Assets.xcassets */; };
		A99C2B3F1D21635D001FA630 /* LaunchScreen.storyboard in Resources */ = {isa = PBXBuildFile; fileRef = A99C2B351D21635D001FA630 /* LaunchScreen.storyboard */; };
		A99C2B401D21635D001FA630 /* Main.storyboard in Resources */ = {isa = PBXBuildFile; fileRef = A99C2B371D21635D001FA630 /* Main.storyboard */; };
		A99C2B421D21635D001FA630 /* main.m in Sources */ = {isa = PBXBuildFile; fileRef = A99C2B3A1D21635D001FA630 /* main.m */; };
		A99C2B431D21635D001FA630 /* ViewController.m in Sources */ = {isa = PBXBuildFile; fileRef = A99C2B3C1D21635D001FA630 /* ViewController.m */; };
		A99C2B451D21639C001FA630 /* en-us in Resources */ = {isa = PBXBuildFile; fileRef = A99C2B441D21639C001FA630 /* en-us */; };
		A99C2B461D21639C001FA630 /* en-us in Resources */ = {isa = PBXBuildFile; fileRef = A99C2B441D21639C001FA630 /* en-us */; };
		A99C2B471D2163A0001FA630 /* cmudict-en-us.dic in Resources */ = {isa = PBXBuildFile; fileRef = A99C2A5B1D216308001FA630 /* cmudict-en-us.dic */; };
		A99C2B481D2163A0001FA630 /* en-us-phone.lm.bin in Resources */ = {isa = PBXBuildFile; fileRef = A99C2A651D216308001FA630 /* en-us-phone.lm.bin */; };
		A99C2B491D2163A0001FA630 /* en-us.lm.bin in Resources */ = {isa = PBXBuildFile; fileRef = A99C2A661D216308001FA630 /* en-us.lm.bin */; };
		A99C2B4D1D2163A0001FA630 /* cmudict-en-us.dic in Resources */ = {isa = PBXBuildFile; fileRef = A99C2A5B1D216308001FA630 /* cmudict-en-us.dic */; };
		A99C2B4E1D2163A0001FA630 /* en-us-phone.lm.bin in Resources */ = {isa = PBXBuildFile; fileRef = A99C2A651D216308001FA630 /* en-us-phone.lm.bin */; };
		A99C2B4F1D2163A0001FA630 /* en-us.lm.bin in Resources */ = {isa = PBXBuildFile; fileRef = A99C2A661D216308001FA630 /* en-us.lm.bin */; };
		A99C2B721D229DBF001FA630 /* NTPocketSphinxConfigArgument.h in Headers */ = {isa = PBXBuildFile; fileRef = A99C2B701D229DBF001FA630 /* NTPocketSphinxConfigArgument.h */; };
		A99C2B731D229DBF001FA630 /* NTPocketSphinxConfigArgument.h in Headers */ = {isa = PBXBuildFile; fileRef = A99C2B701D229DBF001FA630 /* NTPocketSphinxConfigArgument.h */; };
		A99C2B741D229DBF001FA630 /* NTPocketSphinxConfigArgument.m in Sources */ = {isa = PBXBuildFile; fileRef = A99C2B711D229DBF001FA630 /* NTPocketSphinxConfigArgument.m */; };
		A99C2B751D229DBF001FA630 /* NTPocketSphinxConfigArgument.m in Sources */ = {isa = PBXBuildFile; fileRef = A99C2B711D229DBF001FA630 /* NTPocketSphinxConfigArgument.m */; };
		A9F506B71D195BBC00498B4E /* NTSpeechRecognition.framework in Frameworks */ = {isa = PBXBuildFile; fileRef = A9F505B61D193F4300498B4E /* NTSpeechRecognition.framework */; };
		A9F506E61D195E2800498B4E /* NTSpeechRecognition.framework in Frameworks */ = {isa = PBXBuildFile; fileRef = A9F505C61D193F7200498B4E /* NTSpeechRecognition.framework */; };
		A9F506E81D195ED300498B4E /* NTSpeechRecognition.framework in Embed Frameworks */ = {isa = PBXBuildFile; fileRef = A9F505C61D193F7200498B4E /* NTSpeechRecognition.framework */; settings = {ATTRIBUTES = (CodeSignOnCopy, RemoveHeadersOnCopy, ); }; };
		A9F508E81D1AC23C00498B4E /* NTSpeechTools.framework in Frameworks */ = {isa = PBXBuildFile; fileRef = A9F508E71D1AC23C00498B4E /* NTSpeechTools.framework */; };
		A9F508EC1D1AC25600498B4E /* NTSpeechTools.framework in Frameworks */ = {isa = PBXBuildFile; fileRef = A9F508EB1D1AC25600498B4E /* NTSpeechTools.framework */; };
/* End PBXBuildFile section */

/* Begin PBXContainerItemProxy section */
		A9F506E91D195ED300498B4E /* PBXContainerItemProxy */ = {
			isa = PBXContainerItemProxy;
			containerPortal = A9F505AD1D193F4300498B4E /* Project object */;
			proxyType = 1;
			remoteGlobalIDString = A9F505C51D193F7200498B4E;
			remoteInfo = NTPocketSphinxIOS;
		};
/* End PBXContainerItemProxy section */

/* Begin PBXCopyFilesBuildPhase section */
		A9F506EB1D195ED300498B4E /* Embed Frameworks */ = {
			isa = PBXCopyFilesBuildPhase;
			buildActionMask = 2147483647;
			dstPath = "";
			dstSubfolderSpec = 10;
			files = (
				A9F506E81D195ED300498B4E /* NTSpeechRecognition.framework in Embed Frameworks */,
			);
			name = "Embed Frameworks";
			runOnlyForDeploymentPostprocessing = 0;
		};
/* End PBXCopyFilesBuildPhase section */

/* Begin PBXFileReference section */
		A996560F1D2551D500120D06 /* date.dic */ = {isa = PBXFileReference; fileEncoding = 4; lastKnownFileType = text; path = date.dic; sourceTree = "<group>"; };
		A99656101D2551D500120D06 /* date.jsgf */ = {isa = PBXFileReference; fileEncoding = 4; lastKnownFileType = text; path = date.jsgf; sourceTree = "<group>"; };
		A99656111D2551D500120D06 /* icao_single.dic */ = {isa = PBXFileReference; lastKnownFileType = text; path = icao_single.dic; sourceTree = "<group>"; };
		A99656121D2551D500120D06 /* icao_single.jsgf */ = {isa = PBXFileReference; fileEncoding = 4; lastKnownFileType = text; path = icao_single.jsgf; sourceTree = "<group>"; };
		A99656131D2551D500120D06 /* numbers.dic */ = {isa = PBXFileReference; fileEncoding = 4; lastKnownFileType = text; path = numbers.dic; sourceTree = "<group>"; };
		A99656141D2551D500120D06 /* numbers.jsgf */ = {isa = PBXFileReference; fileEncoding = 4; lastKnownFileType = text; path = numbers.jsgf; sourceTree = "<group>"; };
		A99656151D2551D500120D06 /* yes_no.dic */ = {isa = PBXFileReference; lastKnownFileType = text; path = yes_no.dic; sourceTree = "<group>"; };
		A99656161D2551D500120D06 /* yes_no.jsgf */ = {isa = PBXFileReference; fileEncoding = 4; lastKnownFileType = text; path = yes_no.jsgf; sourceTree = "<group>"; };
		A996561F1D2553C200120D06 /* control.dic */ = {isa = PBXFileReference; fileEncoding = 4; lastKnownFileType = text; path = control.dic; sourceTree = "<group>"; };
		A99656201D2553C200120D06 /* control.lm */ = {isa = PBXFileReference; explicitFileType = text; fileEncoding = 4; path = control.lm; sourceTree = "<group>"; };
		A996562D1D25829F00120D06 /* control.dic */ = {isa = PBXFileReference; fileEncoding = 4; lastKnownFileType = text; path = control.dic; sourceTree = "<group>"; };
		A996562E1D25829F00120D06 /* control.lm */ = {isa = PBXFileReference; explicitFileType = text; fileEncoding = 4; path = control.lm; sourceTree = "<group>"; };
		A996562F1D25829F00120D06 /* date.dic */ = {isa = PBXFileReference; fileEncoding = 4; lastKnownFileType = text; path = date.dic; sourceTree = "<group>"; };
		A99656301D25829F00120D06 /* date.jsgf */ = {isa = PBXFileReference; fileEncoding = 4; lastKnownFileType = text; path = date.jsgf; sourceTree = "<group>"; };
		A99656311D25829F00120D06 /* icao_single.dic */ = {isa = PBXFileReference; fileEncoding = 4; lastKnownFileType = text; path = icao_single.dic; sourceTree = "<group>"; };
		A99656321D25829F00120D06 /* icao_single.jsgf */ = {isa = PBXFileReference; fileEncoding = 4; lastKnownFileType = text; path = icao_single.jsgf; sourceTree = "<group>"; };
		A99656331D25829F00120D06 /* numbers.dic */ = {isa = PBXFileReference; fileEncoding = 4; lastKnownFileType = text; path = numbers.dic; sourceTree = "<group>"; };
		A99656341D25829F00120D06 /* numbers.jsgf */ = {isa = PBXFileReference; fileEncoding = 4; lastKnownFileType = text; path = numbers.jsgf; sourceTree = "<group>"; };
		A99656351D25829F00120D06 /* yes_no.dic */ = {isa = PBXFileReference; fileEncoding = 4; lastKnownFileType = text; path = yes_no.dic; sourceTree = "<group>"; };
		A99656361D25829F00120D06 /* yes_no.jsgf */ = {isa = PBXFileReference; fileEncoding = 4; lastKnownFileType = text; path = yes_no.jsgf; sourceTree = "<group>"; };
		A99C2A2D1D216308001FA630 /* cmdln_macro.h */ = {isa = PBXFileReference; fileEncoding = 4; lastKnownFileType = sourcecode.c.h; path = cmdln_macro.h; sourceTree = "<group>"; };
		A99C2A2E1D216308001FA630 /* pocketsphinx.h */ = {isa = PBXFileReference; fileEncoding = 4; lastKnownFileType = sourcecode.c.h; path = pocketsphinx.h; sourceTree = "<group>"; };
		A99C2A2F1D216308001FA630 /* pocketsphinx_export.h */ = {isa = PBXFileReference; fileEncoding = 4; lastKnownFileType = sourcecode.c.h; path = pocketsphinx_export.h; sourceTree = "<group>"; };
		A99C2A301D216308001FA630 /* ps_lattice.h */ = {isa = PBXFileReference; fileEncoding = 4; lastKnownFileType = sourcecode.c.h; path = ps_lattice.h; sourceTree = "<group>"; };
		A99C2A311D216308001FA630 /* ps_mllr.h */ = {isa = PBXFileReference; fileEncoding = 4; lastKnownFileType = sourcecode.c.h; path = ps_mllr.h; sourceTree = "<group>"; };
		A99C2A321D216308001FA630 /* ps_search.h */ = {isa = PBXFileReference; fileEncoding = 4; lastKnownFileType = sourcecode.c.h; path = ps_search.h; sourceTree = "<group>"; };
		A99C2A341D216308001FA630 /* ad.h */ = {isa = PBXFileReference; fileEncoding = 4; lastKnownFileType = sourcecode.c.h; path = ad.h; sourceTree = "<group>"; };
		A99C2A351D216308001FA630 /* agc.h */ = {isa = PBXFileReference; fileEncoding = 4; lastKnownFileType = sourcecode.c.h; path = agc.h; sourceTree = "<group>"; };
		A99C2A361D216308001FA630 /* bio.h */ = {isa = PBXFileReference; fileEncoding = 4; lastKnownFileType = sourcecode.c.h; path = bio.h; sourceTree = "<group>"; };
		A99C2A371D216308001FA630 /* bitarr.h */ = {isa = PBXFileReference; fileEncoding = 4; lastKnownFileType = sourcecode.c.h; path = bitarr.h; sourceTree = "<group>"; };
		A99C2A381D216308001FA630 /* bitvec.h */ = {isa = PBXFileReference; fileEncoding = 4; lastKnownFileType = sourcecode.c.h; path = bitvec.h; sourceTree = "<group>"; };
		A99C2A391D216308001FA630 /* byteorder.h */ = {isa = PBXFileReference; fileEncoding = 4; lastKnownFileType = sourcecode.c.h; path = byteorder.h; sourceTree = "<group>"; };
		A99C2A3A1D216308001FA630 /* case.h */ = {isa = PBXFileReference; fileEncoding = 4; lastKnownFileType = sourcecode.c.h; path = case.h; sourceTree = "<group>"; };
		A99C2A3B1D216308001FA630 /* ckd_alloc.h */ = {isa = PBXFileReference; fileEncoding = 4; lastKnownFileType = sourcecode.c.h; path = ckd_alloc.h; sourceTree = "<group>"; };
		A99C2A3C1D216308001FA630 /* clapack_lite.h */ = {isa = PBXFileReference; fileEncoding = 4; lastKnownFileType = sourcecode.c.h; path = clapack_lite.h; sourceTree = "<group>"; };
		A99C2A3D1D216308001FA630 /* cmd_ln.h */ = {isa = PBXFileReference; fileEncoding = 4; lastKnownFileType = sourcecode.c.h; path = cmd_ln.h; sourceTree = "<group>"; };
		A99C2A3E1D216308001FA630 /* cmn.h */ = {isa = PBXFileReference; fileEncoding = 4; lastKnownFileType = sourcecode.c.h; path = cmn.h; sourceTree = "<group>"; };
		A99C2A3F1D216308001FA630 /* err.h */ = {isa = PBXFileReference; fileEncoding = 4; lastKnownFileType = sourcecode.c.h; path = err.h; sourceTree = "<group>"; };
		A99C2A401D216308001FA630 /* f2c.h */ = {isa = PBXFileReference; fileEncoding = 4; lastKnownFileType = sourcecode.c.h; path = f2c.h; sourceTree = "<group>"; };
		A99C2A411D216308001FA630 /* fe.h */ = {isa = PBXFileReference; fileEncoding = 4; lastKnownFileType = sourcecode.c.h; path = fe.h; sourceTree = "<group>"; };
		A99C2A421D216308001FA630 /* feat.h */ = {isa = PBXFileReference; fileEncoding = 4; lastKnownFileType = sourcecode.c.h; path = feat.h; sourceTree = "<group>"; };
		A99C2A431D216308001FA630 /* filename.h */ = {isa = PBXFileReference; fileEncoding = 4; lastKnownFileType = sourcecode.c.h; path = filename.h; sourceTree = "<group>"; };
		A99C2A441D216308001FA630 /* fixpoint.h */ = {isa = PBXFileReference; fileEncoding = 4; lastKnownFileType = sourcecode.c.h; path = fixpoint.h; sourceTree = "<group>"; };
		A99C2A451D216308001FA630 /* fsg_model.h */ = {isa = PBXFileReference; fileEncoding = 4; lastKnownFileType = sourcecode.c.h; path = fsg_model.h; sourceTree = "<group>"; };
		A99C2A461D216308001FA630 /* genrand.h */ = {isa = PBXFileReference; fileEncoding = 4; lastKnownFileType = sourcecode.c.h; path = genrand.h; sourceTree = "<group>"; };
		A99C2A471D216308001FA630 /* glist.h */ = {isa = PBXFileReference; fileEncoding = 4; lastKnownFileType = sourcecode.c.h; path = glist.h; sourceTree = "<group>"; };
		A99C2A481D216308001FA630 /* hash_table.h */ = {isa = PBXFileReference; fileEncoding = 4; lastKnownFileType = sourcecode.c.h; path = hash_table.h; sourceTree = "<group>"; };
		A99C2A491D216308001FA630 /* heap.h */ = {isa = PBXFileReference; fileEncoding = 4; lastKnownFileType = sourcecode.c.h; path = heap.h; sourceTree = "<group>"; };
		A99C2A4A1D216308001FA630 /* jsgf.h */ = {isa = PBXFileReference; fileEncoding = 4; lastKnownFileType = sourcecode.c.h; path = jsgf.h; sourceTree = "<group>"; };
		A99C2A4B1D216308001FA630 /* listelem_alloc.h */ = {isa = PBXFileReference; fileEncoding = 4; lastKnownFileType = sourcecode.c.h; path = listelem_alloc.h; sourceTree = "<group>"; };
		A99C2A4C1D216308001FA630 /* logmath.h */ = {isa = PBXFileReference; fileEncoding = 4; lastKnownFileType = sourcecode.c.h; path = logmath.h; sourceTree = "<group>"; };
		A99C2A4D1D216308001FA630 /* matrix.h */ = {isa = PBXFileReference; fileEncoding = 4; lastKnownFileType = sourcecode.c.h; path = matrix.h; sourceTree = "<group>"; };
		A99C2A4E1D216308001FA630 /* mmio.h */ = {isa = PBXFileReference; fileEncoding = 4; lastKnownFileType = sourcecode.c.h; path = mmio.h; sourceTree = "<group>"; };
		A99C2A4F1D216308001FA630 /* ngram_model.h */ = {isa = PBXFileReference; fileEncoding = 4; lastKnownFileType = sourcecode.c.h; path = ngram_model.h; sourceTree = "<group>"; };
		A99C2A501D216308001FA630 /* pio.h */ = {isa = PBXFileReference; fileEncoding = 4; lastKnownFileType = sourcecode.c.h; path = pio.h; sourceTree = "<group>"; };
		A99C2A511D216308001FA630 /* prim_type.h */ = {isa = PBXFileReference; fileEncoding = 4; lastKnownFileType = sourcecode.c.h; path = prim_type.h; sourceTree = "<group>"; };
		A99C2A521D216308001FA630 /* priority_queue.h */ = {isa = PBXFileReference; fileEncoding = 4; lastKnownFileType = sourcecode.c.h; path = priority_queue.h; sourceTree = "<group>"; };
		A99C2A531D216308001FA630 /* profile.h */ = {isa = PBXFileReference; fileEncoding = 4; lastKnownFileType = sourcecode.c.h; path = profile.h; sourceTree = "<group>"; };
		A99C2A541D216308001FA630 /* sbthread.h */ = {isa = PBXFileReference; fileEncoding = 4; lastKnownFileType = sourcecode.c.h; path = sbthread.h; sourceTree = "<group>"; };
		A99C2A551D216308001FA630 /* sphinx_config.h */ = {isa = PBXFileReference; fileEncoding = 4; lastKnownFileType = sourcecode.c.h; path = sphinx_config.h; sourceTree = "<group>"; };
		A99C2A561D216308001FA630 /* sphinxbase_export.h */ = {isa = PBXFileReference; fileEncoding = 4; lastKnownFileType = sourcecode.c.h; path = sphinxbase_export.h; sourceTree = "<group>"; };
		A99C2A571D216308001FA630 /* strfuncs.h */ = {isa = PBXFileReference; fileEncoding = 4; lastKnownFileType = sourcecode.c.h; path = strfuncs.h; sourceTree = "<group>"; };
		A99C2A581D216308001FA630 /* yin.h */ = {isa = PBXFileReference; fileEncoding = 4; lastKnownFileType = sourcecode.c.h; path = yin.h; sourceTree = "<group>"; };
		A99C2A5B1D216308001FA630 /* cmudict-en-us.dic */ = {isa = PBXFileReference; fileEncoding = 4; lastKnownFileType = text; path = "cmudict-en-us.dic"; sourceTree = "<group>"; };
		A99C2A651D216308001FA630 /* en-us-phone.lm.bin */ = {isa = PBXFileReference; lastKnownFileType = archive.macbinary; path = "en-us-phone.lm.bin"; sourceTree = "<group>"; };
		A99C2A661D216308001FA630 /* en-us.lm.bin */ = {isa = PBXFileReference; lastKnownFileType = archive.macbinary; path = "en-us.lm.bin"; sourceTree = "<group>"; };
		A99C2A6C1D216308001FA630 /* NTAudioSource.h */ = {isa = PBXFileReference; fileEncoding = 4; lastKnownFileType = sourcecode.c.h; path = NTAudioSource.h; sourceTree = "<group>"; };
		A99C2A6D1D216308001FA630 /* NTAudioSource.m */ = {isa = PBXFileReference; fileEncoding = 4; lastKnownFileType = sourcecode.c.objc; path = NTAudioSource.m; sourceTree = "<group>"; };
		A99C2A6E1D216308001FA630 /* NTMicrophoneAudioSource.h */ = {isa = PBXFileReference; fileEncoding = 4; lastKnownFileType = sourcecode.c.h; path = NTMicrophoneAudioSource.h; sourceTree = "<group>"; };
		A99C2A6F1D216308001FA630 /* NTMicrophoneAudioSource.m */ = {isa = PBXFileReference; fileEncoding = 4; lastKnownFileType = sourcecode.c.objc; path = NTMicrophoneAudioSource.m; sourceTree = "<group>"; };
		A99C2A701D216308001FA630 /* NTSpeechRecognition.h */ = {isa = PBXFileReference; fileEncoding = 4; lastKnownFileType = sourcecode.c.h; path = NTSpeechRecognition.h; sourceTree = "<group>"; };
		A99C2A721D216308001FA630 /* NTPocketSphinxConfig.h */ = {isa = PBXFileReference; fileEncoding = 4; lastKnownFileType = sourcecode.c.h; path = NTPocketSphinxConfig.h; sourceTree = "<group>"; };
		A99C2A731D216308001FA630 /* NTPocketSphinxConfig.m */ = {isa = PBXFileReference; fileEncoding = 4; lastKnownFileType = sourcecode.c.objc; path = NTPocketSphinxConfig.m; sourceTree = "<group>"; };
		A99C2A741D216308001FA630 /* NTPocketSphinxDecoder.h */ = {isa = PBXFileReference; fileEncoding = 4; lastKnownFileType = sourcecode.c.h; path = NTPocketSphinxDecoder.h; sourceTree = "<group>"; };
		A99C2A751D216308001FA630 /* NTPocketSphinxDecoder.m */ = {isa = PBXFileReference; fileEncoding = 4; lastKnownFileType = sourcecode.c.objc; path = NTPocketSphinxDecoder.m; sourceTree = "<group>"; };
		A99C2A771D216308001FA630 /* NTPocketSphinxRecognizer.h */ = {isa = PBXFileReference; fileEncoding = 4; lastKnownFileType = sourcecode.c.h; path = NTPocketSphinxRecognizer.h; sourceTree = "<group>"; };
		A99C2A781D216308001FA630 /* NTPocketSphinxRecognizer.m */ = {isa = PBXFileReference; fileEncoding = 4; lastKnownFileType = sourcecode.c.objc; path = NTPocketSphinxRecognizer.m; sourceTree = "<group>"; };
		A99C2A791D216308001FA630 /* NTSpeechRecognizer.h */ = {isa = PBXFileReference; fileEncoding = 4; lastKnownFileType = sourcecode.c.h; path = NTSpeechRecognizer.h; sourceTree = "<group>"; };
		A99C2A7B1D216308001FA630 /* NTFileSystem.h */ = {isa = PBXFileReference; fileEncoding = 4; lastKnownFileType = sourcecode.c.h; path = NTFileSystem.h; sourceTree = "<group>"; };
		A99C2A7C1D216308001FA630 /* NTFileSystem.m */ = {isa = PBXFileReference; fileEncoding = 4; lastKnownFileType = sourcecode.c.objc; path = NTFileSystem.m; sourceTree = "<group>"; };
		A99C2B0F1D216318001FA630 /* libpocketsphinx.a */ = {isa = PBXFileReference; lastKnownFileType = archive.ar; path = libpocketsphinx.a; sourceTree = "<group>"; };
		A99C2B101D216318001FA630 /* libsphinxad.a */ = {isa = PBXFileReference; lastKnownFileType = archive.ar; path = libsphinxad.a; sourceTree = "<group>"; };
		A99C2B111D216318001FA630 /* libsphinxbase.a */ = {isa = PBXFileReference; lastKnownFileType = archive.ar; path = libsphinxbase.a; sourceTree = "<group>"; };
		A99C2B121D216318001FA630 /* Info.plist */ = {isa = PBXFileReference; fileEncoding = 4; lastKnownFileType = text.plist.xml; path = Info.plist; sourceTree = "<group>"; };
		A99C2B191D21633A001FA630 /* libpocketsphinx.a */ = {isa = PBXFileReference; lastKnownFileType = archive.ar; path = libpocketsphinx.a; sourceTree = "<group>"; };
		A99C2B1A1D21633A001FA630 /* libsphinxad.a */ = {isa = PBXFileReference; lastKnownFileType = archive.ar; path = libsphinxad.a; sourceTree = "<group>"; };
		A99C2B1B1D21633A001FA630 /* libsphinxbase.a */ = {isa = PBXFileReference; lastKnownFileType = archive.ar; path = libsphinxbase.a; sourceTree = "<group>"; };
		A99C2B1C1D21633A001FA630 /* Info.plist */ = {isa = PBXFileReference; fileEncoding = 4; lastKnownFileType = text.plist.xml; path = Info.plist; sourceTree = "<group>"; };
		A99C2B221D21634D001FA630 /* AppDelegate.h */ = {isa = PBXFileReference; fileEncoding = 4; lastKnownFileType = sourcecode.c.h; path = AppDelegate.h; sourceTree = "<group>"; };
		A99C2B231D21634D001FA630 /* AppDelegate.m */ = {isa = PBXFileReference; fileEncoding = 4; lastKnownFileType = sourcecode.c.objc; path = AppDelegate.m; sourceTree = "<group>"; };
		A99C2B241D21634D001FA630 /* Assets.xcassets */ = {isa = PBXFileReference; lastKnownFileType = folder.assetcatalog; path = Assets.xcassets; sourceTree = "<group>"; };
		A99C2B261D21634D001FA630 /* Base */ = {isa = PBXFileReference; lastKnownFileType = file.storyboard; name = Base; path = Base.lproj/Main.storyboard; sourceTree = "<group>"; };
		A99C2B271D21634D001FA630 /* Info.plist */ = {isa = PBXFileReference; fileEncoding = 4; lastKnownFileType = text.plist.xml; path = Info.plist; sourceTree = "<group>"; };
		A99C2B281D21634D001FA630 /* main.m */ = {isa = PBXFileReference; fileEncoding = 4; lastKnownFileType = sourcecode.c.objc; path = main.m; sourceTree = "<group>"; };
		A99C2B291D21634D001FA630 /* ViewController.h */ = {isa = PBXFileReference; fileEncoding = 4; lastKnownFileType = sourcecode.c.h; path = ViewController.h; sourceTree = "<group>"; };
		A99C2B2A1D21634D001FA630 /* ViewController.m */ = {isa = PBXFileReference; fileEncoding = 4; lastKnownFileType = sourcecode.c.objc; path = ViewController.m; sourceTree = "<group>"; };
		A99C2B321D21635D001FA630 /* AppDelegate.h */ = {isa = PBXFileReference; fileEncoding = 4; lastKnownFileType = sourcecode.c.h; path = AppDelegate.h; sourceTree = "<group>"; };
		A99C2B331D21635D001FA630 /* AppDelegate.m */ = {isa = PBXFileReference; fileEncoding = 4; lastKnownFileType = sourcecode.c.objc; path = AppDelegate.m; sourceTree = "<group>"; };
		A99C2B341D21635D001FA630 /* Assets.xcassets */ = {isa = PBXFileReference; lastKnownFileType = folder.assetcatalog; path = Assets.xcassets; sourceTree = "<group>"; };
		A99C2B361D21635D001FA630 /* Base */ = {isa = PBXFileReference; lastKnownFileType = file.storyboard; name = Base; path = Base.lproj/LaunchScreen.storyboard; sourceTree = "<group>"; };
		A99C2B381D21635D001FA630 /* Base */ = {isa = PBXFileReference; lastKnownFileType = file.storyboard; name = Base; path = Base.lproj/Main.storyboard; sourceTree = "<group>"; };
		A99C2B391D21635D001FA630 /* Info.plist */ = {isa = PBXFileReference; fileEncoding = 4; lastKnownFileType = text.plist.xml; path = Info.plist; sourceTree = "<group>"; };
		A99C2B3A1D21635D001FA630 /* main.m */ = {isa = PBXFileReference; fileEncoding = 4; lastKnownFileType = sourcecode.c.objc; path = main.m; sourceTree = "<group>"; };
		A99C2B3B1D21635D001FA630 /* ViewController.h */ = {isa = PBXFileReference; fileEncoding = 4; lastKnownFileType = sourcecode.c.h; path = ViewController.h; sourceTree = "<group>"; };
		A99C2B3C1D21635D001FA630 /* ViewController.m */ = {isa = PBXFileReference; fileEncoding = 4; lastKnownFileType = sourcecode.c.objc; path = ViewController.m; sourceTree = "<group>"; };
		A99C2B441D21639C001FA630 /* en-us */ = {isa = PBXFileReference; lastKnownFileType = folder; path = "en-us"; sourceTree = "<group>"; };
		A99C2B701D229DBF001FA630 /* NTPocketSphinxConfigArgument.h */ = {isa = PBXFileReference; fileEncoding = 4; lastKnownFileType = sourcecode.c.h; path = NTPocketSphinxConfigArgument.h; sourceTree = "<group>"; };
		A99C2B711D229DBF001FA630 /* NTPocketSphinxConfigArgument.m */ = {isa = PBXFileReference; fileEncoding = 4; lastKnownFileType = sourcecode.c.objc; path = NTPocketSphinxConfigArgument.m; sourceTree = "<group>"; };
		A9F505B61D193F4300498B4E /* NTSpeechRecognition.framework */ = {isa = PBXFileReference; explicitFileType = wrapper.framework; includeInIndex = 0; path = NTSpeechRecognition.framework; sourceTree = BUILT_PRODUCTS_DIR; };
		A9F505C61D193F7200498B4E /* NTSpeechRecognition.framework */ = {isa = PBXFileReference; explicitFileType = wrapper.framework; includeInIndex = 0; path = NTSpeechRecognition.framework; sourceTree = BUILT_PRODUCTS_DIR; };
		A9F506A31D195B8200498B4E /* NTSpeechRecognition.app */ = {isa = PBXFileReference; explicitFileType = wrapper.application; includeInIndex = 0; path = NTSpeechRecognition.app; sourceTree = BUILT_PRODUCTS_DIR; };
		A9F506CE1D195DE000498B4E /* NTSpeechRecognition.app */ = {isa = PBXFileReference; explicitFileType = wrapper.application; includeInIndex = 0; path = NTSpeechRecognition.app; sourceTree = BUILT_PRODUCTS_DIR; };
		A9F508E71D1AC23C00498B4E /* NTSpeechTools.framework */ = {isa = PBXFileReference; lastKnownFileType = wrapper.framework; name = NTSpeechTools.framework; path = "../Debug-iphoneos/NTSpeechTools.framework"; sourceTree = BUILT_PRODUCTS_DIR; };
		A9F508EB1D1AC25600498B4E /* NTSpeechTools.framework */ = {isa = PBXFileReference; lastKnownFileType = wrapper.framework; path = NTSpeechTools.framework; sourceTree = BUILT_PRODUCTS_DIR; };
/* End PBXFileReference section */

/* Begin PBXFrameworksBuildPhase section */
		A9F505B21D193F4300498B4E /* Frameworks */ = {
			isa = PBXFrameworksBuildPhase;
			buildActionMask = 2147483647;
			files = (
				A9F508EC1D1AC25600498B4E /* NTSpeechTools.framework in Frameworks */,
				A99C2B131D216318001FA630 /* libpocketsphinx.a in Frameworks */,
				A99C2B151D216318001FA630 /* libsphinxbase.a in Frameworks */,
				A99C2B141D216318001FA630 /* libsphinxad.a in Frameworks */,
			);
			runOnlyForDeploymentPostprocessing = 0;
		};
		A9F505C21D193F7200498B4E /* Frameworks */ = {
			isa = PBXFrameworksBuildPhase;
			buildActionMask = 2147483647;
			files = (
				A9F508E81D1AC23C00498B4E /* NTSpeechTools.framework in Frameworks */,
				A99C2B1D1D21633A001FA630 /* libpocketsphinx.a in Frameworks */,
				A99C2B1F1D21633A001FA630 /* libsphinxbase.a in Frameworks */,
				A99C2B1E1D21633A001FA630 /* libsphinxad.a in Frameworks */,
			);
			runOnlyForDeploymentPostprocessing = 0;
		};
		A9F506A01D195B8200498B4E /* Frameworks */ = {
			isa = PBXFrameworksBuildPhase;
			buildActionMask = 2147483647;
			files = (
				A9F506B71D195BBC00498B4E /* NTSpeechRecognition.framework in Frameworks */,
			);
			runOnlyForDeploymentPostprocessing = 0;
		};
		A9F506CB1D195DE000498B4E /* Frameworks */ = {
			isa = PBXFrameworksBuildPhase;
			buildActionMask = 2147483647;
			files = (
				A9F506E61D195E2800498B4E /* NTSpeechRecognition.framework in Frameworks */,
			);
			runOnlyForDeploymentPostprocessing = 0;
		};
/* End PBXFrameworksBuildPhase section */

/* Begin PBXGroup section */
		A996560E1D2551D500120D06 /* Resources */ = {
			isa = PBXGroup;
			children = (
				A996561F1D2553C200120D06 /* control.dic */,
				A99656201D2553C200120D06 /* control.lm */,
				A996560F1D2551D500120D06 /* date.dic */,
				A99656101D2551D500120D06 /* date.jsgf */,
				A99656111D2551D500120D06 /* icao_single.dic */,
				A99656121D2551D500120D06 /* icao_single.jsgf */,
				A99656131D2551D500120D06 /* numbers.dic */,
				A99656141D2551D500120D06 /* numbers.jsgf */,
				A99656151D2551D500120D06 /* yes_no.dic */,
				A99656161D2551D500120D06 /* yes_no.jsgf */,
			);
			path = Resources;
			sourceTree = "<group>";
		};
		A996562C1D25829F00120D06 /* Resources */ = {
			isa = PBXGroup;
			children = (
				A996562D1D25829F00120D06 /* control.dic */,
				A996562E1D25829F00120D06 /* control.lm */,
				A996562F1D25829F00120D06 /* date.dic */,
				A99656301D25829F00120D06 /* date.jsgf */,
				A99656311D25829F00120D06 /* icao_single.dic */,
				A99656321D25829F00120D06 /* icao_single.jsgf */,
				A99656331D25829F00120D06 /* numbers.dic */,
				A99656341D25829F00120D06 /* numbers.jsgf */,
				A99656351D25829F00120D06 /* yes_no.dic */,
				A99656361D25829F00120D06 /* yes_no.jsgf */,
			);
			path = Resources;
			sourceTree = "<group>";
		};
		A99C2A291D216308001FA630 /* NTSpeechRecognitionShared */ = {
			isa = PBXGroup;
			children = (
				A99C2A6A1D216308001FA630 /* Sources */,
				A99C2A5A1D216308001FA630 /* Resources */,
				A99C2A2A1D216308001FA630 /* Dependencies */,
			);
			path = NTSpeechRecognitionShared;
			sourceTree = "<group>";
		};
		A99C2A2A1D216308001FA630 /* Dependencies */ = {
			isa = PBXGroup;
			children = (
				A99C2A2B1D216308001FA630 /* include */,
			);
			path = Dependencies;
			sourceTree = "<group>";
		};
		A99C2A2B1D216308001FA630 /* include */ = {
			isa = PBXGroup;
			children = (
				A99C2A2C1D216308001FA630 /* pocketsphinx */,
				A99C2A331D216308001FA630 /* sphinxbase */,
			);
			path = include;
			sourceTree = "<group>";
		};
		A99C2A2C1D216308001FA630 /* pocketsphinx */ = {
			isa = PBXGroup;
			children = (
				A99C2A2D1D216308001FA630 /* cmdln_macro.h */,
				A99C2A2E1D216308001FA630 /* pocketsphinx.h */,
				A99C2A2F1D216308001FA630 /* pocketsphinx_export.h */,
				A99C2A301D216308001FA630 /* ps_lattice.h */,
				A99C2A311D216308001FA630 /* ps_mllr.h */,
				A99C2A321D216308001FA630 /* ps_search.h */,
			);
			path = pocketsphinx;
			sourceTree = "<group>";
		};
		A99C2A331D216308001FA630 /* sphinxbase */ = {
			isa = PBXGroup;
			children = (
				A99C2A341D216308001FA630 /* ad.h */,
				A99C2A351D216308001FA630 /* agc.h */,
				A99C2A361D216308001FA630 /* bio.h */,
				A99C2A371D216308001FA630 /* bitarr.h */,
				A99C2A381D216308001FA630 /* bitvec.h */,
				A99C2A391D216308001FA630 /* byteorder.h */,
				A99C2A3A1D216308001FA630 /* case.h */,
				A99C2A3B1D216308001FA630 /* ckd_alloc.h */,
				A99C2A3C1D216308001FA630 /* clapack_lite.h */,
				A99C2A3D1D216308001FA630 /* cmd_ln.h */,
				A99C2A3E1D216308001FA630 /* cmn.h */,
				A99C2A3F1D216308001FA630 /* err.h */,
				A99C2A401D216308001FA630 /* f2c.h */,
				A99C2A411D216308001FA630 /* fe.h */,
				A99C2A421D216308001FA630 /* feat.h */,
				A99C2A431D216308001FA630 /* filename.h */,
				A99C2A441D216308001FA630 /* fixpoint.h */,
				A99C2A451D216308001FA630 /* fsg_model.h */,
				A99C2A461D216308001FA630 /* genrand.h */,
				A99C2A471D216308001FA630 /* glist.h */,
				A99C2A481D216308001FA630 /* hash_table.h */,
				A99C2A491D216308001FA630 /* heap.h */,
				A99C2A4A1D216308001FA630 /* jsgf.h */,
				A99C2A4B1D216308001FA630 /* listelem_alloc.h */,
				A99C2A4C1D216308001FA630 /* logmath.h */,
				A99C2A4D1D216308001FA630 /* matrix.h */,
				A99C2A4E1D216308001FA630 /* mmio.h */,
				A99C2A4F1D216308001FA630 /* ngram_model.h */,
				A99C2A501D216308001FA630 /* pio.h */,
				A99C2A511D216308001FA630 /* prim_type.h */,
				A99C2A521D216308001FA630 /* priority_queue.h */,
				A99C2A531D216308001FA630 /* profile.h */,
				A99C2A541D216308001FA630 /* sbthread.h */,
				A99C2A551D216308001FA630 /* sphinx_config.h */,
				A99C2A561D216308001FA630 /* sphinxbase_export.h */,
				A99C2A571D216308001FA630 /* strfuncs.h */,
				A99C2A581D216308001FA630 /* yin.h */,
			);
			path = sphinxbase;
			sourceTree = "<group>";
		};
		A99C2A5A1D216308001FA630 /* Resources */ = {
			isa = PBXGroup;
			children = (
				A99C2B441D21639C001FA630 /* en-us */,
				A99C2A5B1D216308001FA630 /* cmudict-en-us.dic */,
				A99C2A651D216308001FA630 /* en-us-phone.lm.bin */,
				A99C2A661D216308001FA630 /* en-us.lm.bin */,
			);
			path = Resources;
			sourceTree = "<group>";
		};
		A99C2A6A1D216308001FA630 /* Sources */ = {
			isa = PBXGroup;
			children = (
				A99C2A701D216308001FA630 /* NTSpeechRecognition.h */,
				A99C2A6B1D216308001FA630 /* AudioSource */,
				A99C2A711D216308001FA630 /* PocketSphinx */,
				A99C2A761D216308001FA630 /* Recognizer */,
				A99C2A7A1D216308001FA630 /* Utils */,
			);
			path = Sources;
			sourceTree = "<group>";
		};
		A99C2A6B1D216308001FA630 /* AudioSource */ = {
			isa = PBXGroup;
			children = (
				A99C2A6C1D216308001FA630 /* NTAudioSource.h */,
				A99C2A6D1D216308001FA630 /* NTAudioSource.m */,
				A99C2A6E1D216308001FA630 /* NTMicrophoneAudioSource.h */,
				A99C2A6F1D216308001FA630 /* NTMicrophoneAudioSource.m */,
			);
			path = AudioSource;
			sourceTree = "<group>";
		};
		A99C2A711D216308001FA630 /* PocketSphinx */ = {
			isa = PBXGroup;
			children = (
				A99C2A721D216308001FA630 /* NTPocketSphinxConfig.h */,
				A99C2A731D216308001FA630 /* NTPocketSphinxConfig.m */,
				A99C2A741D216308001FA630 /* NTPocketSphinxDecoder.h */,
				A99C2A751D216308001FA630 /* NTPocketSphinxDecoder.m */,
				A99C2B701D229DBF001FA630 /* NTPocketSphinxConfigArgument.h */,
				A99C2B711D229DBF001FA630 /* NTPocketSphinxConfigArgument.m */,
			);
			path = PocketSphinx;
			sourceTree = "<group>";
		};
		A99C2A761D216308001FA630 /* Recognizer */ = {
			isa = PBXGroup;
			children = (
				A99C2A791D216308001FA630 /* NTSpeechRecognizer.h */,
				A99C2A771D216308001FA630 /* NTPocketSphinxRecognizer.h */,
				A99C2A781D216308001FA630 /* NTPocketSphinxRecognizer.m */,
			);
			path = Recognizer;
			sourceTree = "<group>";
		};
		A99C2A7A1D216308001FA630 /* Utils */ = {
			isa = PBXGroup;
			children = (
				A99C2A7B1D216308001FA630 /* NTFileSystem.h */,
				A99C2A7C1D216308001FA630 /* NTFileSystem.m */,
			);
			path = Utils;
			sourceTree = "<group>";
		};
		A99C2B0D1D216318001FA630 /* NTSpeechRecognitionOSX */ = {
			isa = PBXGroup;
			children = (
				A99C2B0E1D216318001FA630 /* Dependencies */,
				A99C2B121D216318001FA630 /* Info.plist */,
			);
			path = NTSpeechRecognitionOSX;
			sourceTree = "<group>";
		};
		A99C2B0E1D216318001FA630 /* Dependencies */ = {
			isa = PBXGroup;
			children = (
				A99C2B0F1D216318001FA630 /* libpocketsphinx.a */,
				A99C2B101D216318001FA630 /* libsphinxad.a */,
				A99C2B111D216318001FA630 /* libsphinxbase.a */,
			);
			path = Dependencies;
			sourceTree = "<group>";
		};
		A99C2B171D21633A001FA630 /* NTSpeechRecognitionIOS */ = {
			isa = PBXGroup;
			children = (
				A99C2B181D21633A001FA630 /* Dependencies */,
				A99C2B1C1D21633A001FA630 /* Info.plist */,
			);
			path = NTSpeechRecognitionIOS;
			sourceTree = "<group>";
		};
		A99C2B181D21633A001FA630 /* Dependencies */ = {
			isa = PBXGroup;
			children = (
				A99C2B191D21633A001FA630 /* libpocketsphinx.a */,
				A99C2B1A1D21633A001FA630 /* libsphinxad.a */,
				A99C2B1B1D21633A001FA630 /* libsphinxbase.a */,
			);
			path = Dependencies;
			sourceTree = "<group>";
		};
		A99C2B211D21634D001FA630 /* NTSpeechRecognitionDemoOSX */ = {
			isa = PBXGroup;
			children = (
				A996560E1D2551D500120D06 /* Resources */,
				A99C2B221D21634D001FA630 /* AppDelegate.h */,
				A99C2B231D21634D001FA630 /* AppDelegate.m */,
				A99C2B241D21634D001FA630 /* Assets.xcassets */,
				A99C2B251D21634D001FA630 /* Main.storyboard */,
				A99C2B271D21634D001FA630 /* Info.plist */,
				A99C2B281D21634D001FA630 /* main.m */,
				A99C2B291D21634D001FA630 /* ViewController.h */,
				A99C2B2A1D21634D001FA630 /* ViewController.m */,
			);
			path = NTSpeechRecognitionDemoOSX;
			sourceTree = "<group>";
		};
		A99C2B311D21635D001FA630 /* NTSpeechRecognitionDemoIOS */ = {
			isa = PBXGroup;
			children = (
				A996562C1D25829F00120D06 /* Resources */,
				A99C2B321D21635D001FA630 /* AppDelegate.h */,
				A99C2B331D21635D001FA630 /* AppDelegate.m */,
				A99C2B341D21635D001FA630 /* Assets.xcassets */,
				A99C2B351D21635D001FA630 /* LaunchScreen.storyboard */,
				A99C2B371D21635D001FA630 /* Main.storyboard */,
				A99C2B391D21635D001FA630 /* Info.plist */,
				A99C2B3A1D21635D001FA630 /* main.m */,
				A99C2B3B1D21635D001FA630 /* ViewController.h */,
				A99C2B3C1D21635D001FA630 /* ViewController.m */,
			);
			path = NTSpeechRecognitionDemoIOS;
			sourceTree = "<group>";
		};
		A9F505AC1D193F4300498B4E = {
			isa = PBXGroup;
			children = (
				A99C2A291D216308001FA630 /* NTSpeechRecognitionShared */,
				A99C2B0D1D216318001FA630 /* NTSpeechRecognitionOSX */,
				A99C2B171D21633A001FA630 /* NTSpeechRecognitionIOS */,
				A99C2B211D21634D001FA630 /* NTSpeechRecognitionDemoOSX */,
				A99C2B311D21635D001FA630 /* NTSpeechRecognitionDemoIOS */,
				A9F508DE1D1AC1B900498B4E /* Frameworks */,
				A9F505B71D193F4300498B4E /* Products */,
			);
			sourceTree = "<group>";
		};
		A9F505B71D193F4300498B4E /* Products */ = {
			isa = PBXGroup;
			children = (
				A9F505B61D193F4300498B4E /* NTSpeechRecognition.framework */,
				A9F505C61D193F7200498B4E /* NTSpeechRecognition.framework */,
				A9F506A31D195B8200498B4E /* NTSpeechRecognition.app */,
				A9F506CE1D195DE000498B4E /* NTSpeechRecognition.app */,
			);
			name = Products;
			sourceTree = "<group>";
		};
		A9F508DE1D1AC1B900498B4E /* Frameworks */ = {
			isa = PBXGroup;
			children = (
				A9F508EB1D1AC25600498B4E /* NTSpeechTools.framework */,
				A9F508E71D1AC23C00498B4E /* NTSpeechTools.framework */,
			);
			name = Frameworks;
			sourceTree = "<group>";
		};
/* End PBXGroup section */

/* Begin PBXHeadersBuildPhase section */
		A9F505B31D193F4300498B4E /* Headers */ = {
			isa = PBXHeadersBuildPhase;
			buildActionMask = 2147483647;
			files = (
				A99C2B071D216308001FA630 /* NTSpeechRecognizer.h in Headers */,
				A99C2AAD1D216308001FA630 /* genrand.h in Headers */,
				A99C2A9F1D216308001FA630 /* err.h in Headers */,
				A99C2AC31D216308001FA630 /* prim_type.h in Headers */,
				A99C2A951D216308001FA630 /* case.h in Headers */,
				A99C2B031D216308001FA630 /* NTPocketSphinxRecognizer.h in Headers */,
				A99C2A991D216308001FA630 /* clapack_lite.h in Headers */,
				A99C2A911D216308001FA630 /* bitvec.h in Headers */,
				A99C2ACF1D216308001FA630 /* strfuncs.h in Headers */,
				A99C2A8D1D216308001FA630 /* bio.h in Headers */,
				A99C2AB31D216308001FA630 /* heap.h in Headers */,
				A99C2B721D229DBF001FA630 /* NTPocketSphinxConfigArgument.h in Headers */,
				A99C2AF51D216308001FA630 /* NTMicrophoneAudioSource.h in Headers */,
				A99C2AA51D216308001FA630 /* feat.h in Headers */,
				A99C2AA91D216308001FA630 /* fixpoint.h in Headers */,
				A99C2A811D216308001FA630 /* pocketsphinx_export.h in Headers */,
				A99C2AA71D216308001FA630 /* filename.h in Headers */,
				A99C2AAB1D216308001FA630 /* fsg_model.h in Headers */,
				A99C2A9D1D216308001FA630 /* cmn.h in Headers */,
				A99C2AF91D216308001FA630 /* NTSpeechRecognition.h in Headers */,
				A99C2AB11D216308001FA630 /* hash_table.h in Headers */,
				A99C2AA11D216308001FA630 /* f2c.h in Headers */,
				A99C2A871D216308001FA630 /* ps_search.h in Headers */,
				A99C2A971D216308001FA630 /* ckd_alloc.h in Headers */,
				A99C2AC51D216308001FA630 /* priority_queue.h in Headers */,
				A99C2ACD1D216308001FA630 /* sphinxbase_export.h in Headers */,
				A99C2AC91D216308001FA630 /* sbthread.h in Headers */,
				A99C2ABD1D216308001FA630 /* mmio.h in Headers */,
				A99C2A7F1D216308001FA630 /* pocketsphinx.h in Headers */,
				A99C2A931D216308001FA630 /* byteorder.h in Headers */,
				A99C2ABB1D216308001FA630 /* matrix.h in Headers */,
				A99C2AC11D216308001FA630 /* pio.h in Headers */,
				A99C2A831D216308001FA630 /* ps_lattice.h in Headers */,
				A99C2A891D216308001FA630 /* ad.h in Headers */,
				A99C2A9B1D216308001FA630 /* cmd_ln.h in Headers */,
				A99C2AB51D216308001FA630 /* jsgf.h in Headers */,
				A99C2AAF1D216308001FA630 /* glist.h in Headers */,
				A99C2B091D216308001FA630 /* NTFileSystem.h in Headers */,
				A99C2ABF1D216308001FA630 /* ngram_model.h in Headers */,
				A99C2AD11D216308001FA630 /* yin.h in Headers */,
				A99C2A8F1D216308001FA630 /* bitarr.h in Headers */,
				A99C2AFF1D216308001FA630 /* NTPocketSphinxDecoder.h in Headers */,
				A99C2A7D1D216308001FA630 /* cmdln_macro.h in Headers */,
				A99C2AFB1D216308001FA630 /* NTPocketSphinxConfig.h in Headers */,
				A99C2AC71D216308001FA630 /* profile.h in Headers */,
				A99C2AA31D216308001FA630 /* fe.h in Headers */,
				A99C2AB71D216308001FA630 /* listelem_alloc.h in Headers */,
				A99C2ACB1D216308001FA630 /* sphinx_config.h in Headers */,
				A99C2A8B1D216308001FA630 /* agc.h in Headers */,
				A99C2A851D216308001FA630 /* ps_mllr.h in Headers */,
				A99C2AF11D216308001FA630 /* NTAudioSource.h in Headers */,
				A99C2AB91D216308001FA630 /* logmath.h in Headers */,
			);
			runOnlyForDeploymentPostprocessing = 0;
		};
		A9F505C31D193F7200498B4E /* Headers */ = {
			isa = PBXHeadersBuildPhase;
			buildActionMask = 2147483647;
			files = (
				A99C2B081D216308001FA630 /* NTSpeechRecognizer.h in Headers */,
				A99C2AAE1D216308001FA630 /* genrand.h in Headers */,
				A99C2AA01D216308001FA630 /* err.h in Headers */,
				A99C2AC41D216308001FA630 /* prim_type.h in Headers */,
				A99C2A961D216308001FA630 /* case.h in Headers */,
				A99C2B041D216308001FA630 /* NTPocketSphinxRecognizer.h in Headers */,
				A99C2A9A1D216308001FA630 /* clapack_lite.h in Headers */,
				A99C2A921D216308001FA630 /* bitvec.h in Headers */,
				A99C2AD01D216308001FA630 /* strfuncs.h in Headers */,
				A99C2A8E1D216308001FA630 /* bio.h in Headers */,
				A99C2AB41D216308001FA630 /* heap.h in Headers */,
				A99C2B731D229DBF001FA630 /* NTPocketSphinxConfigArgument.h in Headers */,
				A99C2AF61D216308001FA630 /* NTMicrophoneAudioSource.h in Headers */,
				A99C2AA61D216308001FA630 /* feat.h in Headers */,
				A99C2AAA1D216308001FA630 /* fixpoint.h in Headers */,
				A99C2A821D216308001FA630 /* pocketsphinx_export.h in Headers */,
				A99C2AA81D216308001FA630 /* filename.h in Headers */,
				A99C2AAC1D216308001FA630 /* fsg_model.h in Headers */,
				A99C2A9E1D216308001FA630 /* cmn.h in Headers */,
				A99C2AFA1D216308001FA630 /* NTSpeechRecognition.h in Headers */,
				A99C2AB21D216308001FA630 /* hash_table.h in Headers */,
				A99C2AA21D216308001FA630 /* f2c.h in Headers */,
				A99C2A881D216308001FA630 /* ps_search.h in Headers */,
				A99C2A981D216308001FA630 /* ckd_alloc.h in Headers */,
				A99C2AC61D216308001FA630 /* priority_queue.h in Headers */,
				A99C2ACE1D216308001FA630 /* sphinxbase_export.h in Headers */,
				A99C2ACA1D216308001FA630 /* sbthread.h in Headers */,
				A99C2ABE1D216308001FA630 /* mmio.h in Headers */,
				A99C2A801D216308001FA630 /* pocketsphinx.h in Headers */,
				A99C2A941D216308001FA630 /* byteorder.h in Headers */,
				A99C2ABC1D216308001FA630 /* matrix.h in Headers */,
				A99C2AC21D216308001FA630 /* pio.h in Headers */,
				A99C2A841D216308001FA630 /* ps_lattice.h in Headers */,
				A99C2A8A1D216308001FA630 /* ad.h in Headers */,
				A99C2A9C1D216308001FA630 /* cmd_ln.h in Headers */,
				A99C2AB61D216308001FA630 /* jsgf.h in Headers */,
				A99C2AB01D216308001FA630 /* glist.h in Headers */,
				A99C2B0A1D216308001FA630 /* NTFileSystem.h in Headers */,
				A99C2AC01D216308001FA630 /* ngram_model.h in Headers */,
				A99C2AD21D216308001FA630 /* yin.h in Headers */,
				A99C2A901D216308001FA630 /* bitarr.h in Headers */,
				A99C2B001D216308001FA630 /* NTPocketSphinxDecoder.h in Headers */,
				A99C2A7E1D216308001FA630 /* cmdln_macro.h in Headers */,
				A99C2AFC1D216308001FA630 /* NTPocketSphinxConfig.h in Headers */,
				A99C2AC81D216308001FA630 /* profile.h in Headers */,
				A99C2AA41D216308001FA630 /* fe.h in Headers */,
				A99C2AB81D216308001FA630 /* listelem_alloc.h in Headers */,
				A99C2ACC1D216308001FA630 /* sphinx_config.h in Headers */,
				A99C2A8C1D216308001FA630 /* agc.h in Headers */,
				A99C2A861D216308001FA630 /* ps_mllr.h in Headers */,
				A99C2AF21D216308001FA630 /* NTAudioSource.h in Headers */,
				A99C2ABA1D216308001FA630 /* logmath.h in Headers */,
			);
			runOnlyForDeploymentPostprocessing = 0;
		};
/* End PBXHeadersBuildPhase section */

/* Begin PBXNativeTarget section */
		A9F505B51D193F4300498B4E /* NTSpeechRecognitionOSX */ = {
			isa = PBXNativeTarget;
			buildConfigurationList = A9F505BE1D193F4300498B4E /* Build configuration list for PBXNativeTarget "NTSpeechRecognitionOSX" */;
			buildPhases = (
				A9F505B11D193F4300498B4E /* Sources */,
				A9F505B21D193F4300498B4E /* Frameworks */,
				A9F505B31D193F4300498B4E /* Headers */,
				A9F505B41D193F4300498B4E /* Resources */,
			);
			buildRules = (
			);
			dependencies = (
			);
			name = NTSpeechRecognitionOSX;
			productName = NTPocketSphinx;
			productReference = A9F505B61D193F4300498B4E /* NTSpeechRecognition.framework */;
			productType = "com.apple.product-type.framework";
		};
		A9F505C51D193F7200498B4E /* NTSpeechRecognitionIOS */ = {
			isa = PBXNativeTarget;
			buildConfigurationList = A9F505CB1D193F7200498B4E /* Build configuration list for PBXNativeTarget "NTSpeechRecognitionIOS" */;
			buildPhases = (
				A9F505C11D193F7200498B4E /* Sources */,
				A9F505C21D193F7200498B4E /* Frameworks */,
				A9F505C31D193F7200498B4E /* Headers */,
				A9F505C41D193F7200498B4E /* Resources */,
			);
			buildRules = (
			);
			dependencies = (
			);
			name = NTSpeechRecognitionIOS;
			productName = NTPocketSphinxIOS;
			productReference = A9F505C61D193F7200498B4E /* NTSpeechRecognition.framework */;
			productType = "com.apple.product-type.framework";
		};
		A9F506A21D195B8200498B4E /* NTSpeechRecognitionDemoOSX */ = {
			isa = PBXNativeTarget;
			buildConfigurationList = A9F506B41D195B8200498B4E /* Build configuration list for PBXNativeTarget "NTSpeechRecognitionDemoOSX" */;
			buildPhases = (
				A9F5069F1D195B8200498B4E /* Sources */,
				A9F506A01D195B8200498B4E /* Frameworks */,
				A9F506A11D195B8200498B4E /* Resources */,
			);
			buildRules = (
			);
			dependencies = (
			);
			name = NTSpeechRecognitionDemoOSX;
			productName = NTPocketSphinxDemoOSX;
			productReference = A9F506A31D195B8200498B4E /* NTSpeechRecognition.app */;
			productType = "com.apple.product-type.application";
		};
		A9F506CD1D195DE000498B4E /* NTSpeechRecognitionDemoIOS */ = {
			isa = PBXNativeTarget;
			buildConfigurationList = A9F506E21D195DE000498B4E /* Build configuration list for PBXNativeTarget "NTSpeechRecognitionDemoIOS" */;
			buildPhases = (
				A9F506CA1D195DE000498B4E /* Sources */,
				A9F506CB1D195DE000498B4E /* Frameworks */,
				A9F506CC1D195DE000498B4E /* Resources */,
				A9F506EB1D195ED300498B4E /* Embed Frameworks */,
			);
			buildRules = (
			);
			dependencies = (
				A9F506EA1D195ED300498B4E /* PBXTargetDependency */,
			);
			name = NTSpeechRecognitionDemoIOS;
			productName = NTPocketSphinxDemoIOS;
			productReference = A9F506CE1D195DE000498B4E /* NTSpeechRecognition.app */;
			productType = "com.apple.product-type.application";
		};
/* End PBXNativeTarget section */

/* Begin PBXProject section */
		A9F505AD1D193F4300498B4E /* Project object */ = {
			isa = PBXProject;
			attributes = {
				LastUpgradeCheck = 0730;
				ORGANIZATIONNAME = "ZHAW Institute of Applied Information Technology";
				TargetAttributes = {
					A9F505B51D193F4300498B4E = {
						CreatedOnToolsVersion = 7.3.1;
					};
					A9F505C51D193F7200498B4E = {
						CreatedOnToolsVersion = 7.3.1;
					};
					A9F506A21D195B8200498B4E = {
						CreatedOnToolsVersion = 7.3.1;
					};
					A9F506CD1D195DE000498B4E = {
						CreatedOnToolsVersion = 7.3.1;
					};
				};
			};
			buildConfigurationList = A9F505B01D193F4300498B4E /* Build configuration list for PBXProject "NTSpeechRecognition" */;
			compatibilityVersion = "Xcode 3.2";
			developmentRegion = English;
			hasScannedForEncodings = 0;
			knownRegions = (
				en,
				Base,
			);
			mainGroup = A9F505AC1D193F4300498B4E;
			productRefGroup = A9F505B71D193F4300498B4E /* Products */;
			projectDirPath = "";
			projectRoot = "";
			targets = (
				A9F505B51D193F4300498B4E /* NTSpeechRecognitionOSX */,
				A9F505C51D193F7200498B4E /* NTSpeechRecognitionIOS */,
				A9F506A21D195B8200498B4E /* NTSpeechRecognitionDemoOSX */,
				A9F506CD1D195DE000498B4E /* NTSpeechRecognitionDemoIOS */,
			);
		};
/* End PBXProject section */

/* Begin PBXResourcesBuildPhase section */
		A9F505B41D193F4300498B4E /* Resources */ = {
			isa = PBXResourcesBuildPhase;
			buildActionMask = 2147483647;
			files = (
				A99C2B451D21639C001FA630 /* en-us in Resources */,
				A99C2B471D2163A0001FA630 /* cmudict-en-us.dic in Resources */,
				A99C2B491D2163A0001FA630 /* en-us.lm.bin in Resources */,
				A99C2B481D2163A0001FA630 /* en-us-phone.lm.bin in Resources */,
			);
			runOnlyForDeploymentPostprocessing = 0;
		};
		A9F505C41D193F7200498B4E /* Resources */ = {
			isa = PBXResourcesBuildPhase;
			buildActionMask = 2147483647;
			files = (
				A99C2B461D21639C001FA630 /* en-us in Resources */,
				A99C2B4D1D2163A0001FA630 /* cmudict-en-us.dic in Resources */,
				A99C2B4F1D2163A0001FA630 /* en-us.lm.bin in Resources */,
				A99C2B4E1D2163A0001FA630 /* en-us-phone.lm.bin in Resources */,
			);
			runOnlyForDeploymentPostprocessing = 0;
		};
		A9F506A11D195B8200498B4E /* Resources */ = {
			isa = PBXResourcesBuildPhase;
			buildActionMask = 2147483647;
			files = (
				A996561C1D2551D500120D06 /* numbers.jsgf in Resources */,
				A996561D1D2551D500120D06 /* yes_no.dic in Resources */,
				A99656191D2551D500120D06 /* icao_single.dic in Resources */,
				A99C2B2C1D21634D001FA630 /* Assets.xcassets in Resources */,
				A99656211D2553C200120D06 /* control.dic in Resources */,
				A99656171D2551D500120D06 /* date.dic in Resources */,
				A996561A1D2551D500120D06 /* icao_single.jsgf in Resources */,
				A996561E1D2551D500120D06 /* yes_no.jsgf in Resources */,
				A996561B1D2551D500120D06 /* numbers.dic in Resources */,
				A99C2B2D1D21634D001FA630 /* Main.storyboard in Resources */,
				A99656181D2551D500120D06 /* date.jsgf in Resources */,
				A99656231D25558F00120D06 /* control.lm in Resources */,
			);
			runOnlyForDeploymentPostprocessing = 0;
		};
		A9F506CC1D195DE000498B4E /* Resources */ = {
			isa = PBXResourcesBuildPhase;
			buildActionMask = 2147483647;
			files = (
				A99C2B401D21635D001FA630 /* Main.storyboard in Resources */,
				A996563A1D25829F00120D06 /* date.jsgf in Resources */,
				A996563D1D25829F00120D06 /* numbers.dic in Resources */,
				A99C2B3E1D21635D001FA630 /* Assets.xcassets in Resources */,
				A99656401D25829F00120D06 /* yes_no.jsgf in Resources */,
				A996563F1D25829F00120D06 /* yes_no.dic in Resources */,
				A996563E1D25829F00120D06 /* numbers.jsgf in Resources */,
				A99656391D25829F00120D06 /* date.dic in Resources */,
				A99656371D25829F00120D06 /* control.dic in Resources */,
				A996563C1D25829F00120D06 /* icao_single.jsgf in Resources */,
				A99C2B3F1D21635D001FA630 /* LaunchScreen.storyboard in Resources */,
				A99656411D2582EF00120D06 /* control.lm in Resources */,
				A996563B1D25829F00120D06 /* icao_single.dic in Resources */,
			);
			runOnlyForDeploymentPostprocessing = 0;
		};
/* End PBXResourcesBuildPhase section */

/* Begin PBXSourcesBuildPhase section */
		A9F505B11D193F4300498B4E /* Sources */ = {
			isa = PBXSourcesBuildPhase;
			buildActionMask = 2147483647;
			files = (
				A99C2AF31D216308001FA630 /* NTAudioSource.m in Sources */,
				A99C2B051D216308001FA630 /* NTPocketSphinxRecognizer.m in Sources */,
				A99C2AFD1D216308001FA630 /* NTPocketSphinxConfig.m in Sources */,
				A99C2B011D216308001FA630 /* NTPocketSphinxDecoder.m in Sources */,
				A99C2B0B1D216308001FA630 /* NTFileSystem.m in Sources */,
				A99C2B741D229DBF001FA630 /* NTPocketSphinxConfigArgument.m in Sources */,
				A99C2AF71D216308001FA630 /* NTMicrophoneAudioSource.m in Sources */,
			);
			runOnlyForDeploymentPostprocessing = 0;
		};
		A9F505C11D193F7200498B4E /* Sources */ = {
			isa = PBXSourcesBuildPhase;
			buildActionMask = 2147483647;
			files = (
				A99C2AF41D216308001FA630 /* NTAudioSource.m in Sources */,
				A99C2B061D216308001FA630 /* NTPocketSphinxRecognizer.m in Sources */,
				A99C2AFE1D216308001FA630 /* NTPocketSphinxConfig.m in Sources */,
				A99C2B021D216308001FA630 /* NTPocketSphinxDecoder.m in Sources */,
				A99C2B0C1D216308001FA630 /* NTFileSystem.m in Sources */,
				A99C2B751D229DBF001FA630 /* NTPocketSphinxConfigArgument.m in Sources */,
				A99C2AF81D216308001FA630 /* NTMicrophoneAudioSource.m in Sources */,
			);
			runOnlyForDeploymentPostprocessing = 0;
		};
		A9F5069F1D195B8200498B4E /* Sources */ = {
			isa = PBXSourcesBuildPhase;
			buildActionMask = 2147483647;
			files = (
				A99C2B301D21634D001FA630 /* ViewController.m in Sources */,
				A99C2B2F1D21634D001FA630 /* main.m in Sources */,
				A99656221D2553C200120D06 /* control.lm in Sources */,
				A99C2B2B1D21634D001FA630 /* AppDelegate.m in Sources */,
			);
			runOnlyForDeploymentPostprocessing = 0;
		};
		A9F506CA1D195DE000498B4E /* Sources */ = {
			isa = PBXSourcesBuildPhase;
			buildActionMask = 2147483647;
			files = (
				A99C2B431D21635D001FA630 /* ViewController.m in Sources */,
				A99C2B421D21635D001FA630 /* main.m in Sources */,
				A99656381D25829F00120D06 /* control.lm in Sources */,
				A99C2B3D1D21635D001FA630 /* AppDelegate.m in Sources */,
			);
			runOnlyForDeploymentPostprocessing = 0;
		};
/* End PBXSourcesBuildPhase section */

/* Begin PBXTargetDependency section */
		A9F506EA1D195ED300498B4E /* PBXTargetDependency */ = {
			isa = PBXTargetDependency;
			target = A9F505C51D193F7200498B4E /* NTSpeechRecognitionIOS */;
			targetProxy = A9F506E91D195ED300498B4E /* PBXContainerItemProxy */;
		};
/* End PBXTargetDependency section */

/* Begin PBXVariantGroup section */
		A99C2B251D21634D001FA630 /* Main.storyboard */ = {
			isa = PBXVariantGroup;
			children = (
				A99C2B261D21634D001FA630 /* Base */,
			);
			name = Main.storyboard;
			sourceTree = "<group>";
		};
		A99C2B351D21635D001FA630 /* LaunchScreen.storyboard */ = {
			isa = PBXVariantGroup;
			children = (
				A99C2B361D21635D001FA630 /* Base */,
			);
			name = LaunchScreen.storyboard;
			sourceTree = "<group>";
		};
		A99C2B371D21635D001FA630 /* Main.storyboard */ = {
			isa = PBXVariantGroup;
			children = (
				A99C2B381D21635D001FA630 /* Base */,
			);
			name = Main.storyboard;
			sourceTree = "<group>";
		};
/* End PBXVariantGroup section */

/* Begin XCBuildConfiguration section */
		A9F505BC1D193F4300498B4E /* Debug */ = {
			isa = XCBuildConfiguration;
			buildSettings = {
				ALWAYS_SEARCH_USER_PATHS = NO;
				CLANG_ANALYZER_NONNULL = YES;
				CLANG_CXX_LANGUAGE_STANDARD = "gnu++0x";
				CLANG_CXX_LIBRARY = "libc++";
				CLANG_ENABLE_MODULES = YES;
				CLANG_ENABLE_OBJC_ARC = YES;
				CLANG_WARN_BOOL_CONVERSION = YES;
				CLANG_WARN_CONSTANT_CONVERSION = YES;
				CLANG_WARN_DIRECT_OBJC_ISA_USAGE = YES_ERROR;
				CLANG_WARN_EMPTY_BODY = YES;
				CLANG_WARN_ENUM_CONVERSION = YES;
				CLANG_WARN_INT_CONVERSION = YES;
				CLANG_WARN_OBJC_ROOT_CLASS = YES_ERROR;
				CLANG_WARN_UNREACHABLE_CODE = YES;
				CLANG_WARN__DUPLICATE_METHOD_MATCH = YES;
				CODE_SIGN_IDENTITY = "-";
				COPY_PHASE_STRIP = NO;
				CURRENT_PROJECT_VERSION = 1;
				DEBUG_INFORMATION_FORMAT = dwarf;
				ENABLE_STRICT_OBJC_MSGSEND = YES;
				ENABLE_TESTABILITY = YES;
				GCC_C_LANGUAGE_STANDARD = gnu99;
				GCC_DYNAMIC_NO_PIC = NO;
				GCC_NO_COMMON_BLOCKS = YES;
				GCC_OPTIMIZATION_LEVEL = 0;
				GCC_PREPROCESSOR_DEFINITIONS = (
					"DEBUG=1",
					"$(inherited)",
				);
				GCC_WARN_64_TO_32_BIT_CONVERSION = YES;
				GCC_WARN_ABOUT_RETURN_TYPE = YES_ERROR;
				GCC_WARN_UNDECLARED_SELECTOR = YES;
				GCC_WARN_UNINITIALIZED_AUTOS = YES_AGGRESSIVE;
				GCC_WARN_UNUSED_FUNCTION = YES;
				GCC_WARN_UNUSED_VARIABLE = YES;
				MACOSX_DEPLOYMENT_TARGET = 10.11;
				MTL_ENABLE_DEBUG_INFO = YES;
				ONLY_ACTIVE_ARCH = YES;
				SDKROOT = macosx;
				VERSIONING_SYSTEM = "apple-generic";
				VERSION_INFO_PREFIX = "";
			};
			name = Debug;
		};
		A9F505BD1D193F4300498B4E /* Release */ = {
			isa = XCBuildConfiguration;
			buildSettings = {
				ALWAYS_SEARCH_USER_PATHS = NO;
				CLANG_ANALYZER_NONNULL = YES;
				CLANG_CXX_LANGUAGE_STANDARD = "gnu++0x";
				CLANG_CXX_LIBRARY = "libc++";
				CLANG_ENABLE_MODULES = YES;
				CLANG_ENABLE_OBJC_ARC = YES;
				CLANG_WARN_BOOL_CONVERSION = YES;
				CLANG_WARN_CONSTANT_CONVERSION = YES;
				CLANG_WARN_DIRECT_OBJC_ISA_USAGE = YES_ERROR;
				CLANG_WARN_EMPTY_BODY = YES;
				CLANG_WARN_ENUM_CONVERSION = YES;
				CLANG_WARN_INT_CONVERSION = YES;
				CLANG_WARN_OBJC_ROOT_CLASS = YES_ERROR;
				CLANG_WARN_UNREACHABLE_CODE = YES;
				CLANG_WARN__DUPLICATE_METHOD_MATCH = YES;
				CODE_SIGN_IDENTITY = "-";
				COPY_PHASE_STRIP = NO;
				CURRENT_PROJECT_VERSION = 1;
				DEBUG_INFORMATION_FORMAT = "dwarf-with-dsym";
				ENABLE_NS_ASSERTIONS = NO;
				ENABLE_STRICT_OBJC_MSGSEND = YES;
				GCC_C_LANGUAGE_STANDARD = gnu99;
				GCC_NO_COMMON_BLOCKS = YES;
				GCC_WARN_64_TO_32_BIT_CONVERSION = YES;
				GCC_WARN_ABOUT_RETURN_TYPE = YES_ERROR;
				GCC_WARN_UNDECLARED_SELECTOR = YES;
				GCC_WARN_UNINITIALIZED_AUTOS = YES_AGGRESSIVE;
				GCC_WARN_UNUSED_FUNCTION = YES;
				GCC_WARN_UNUSED_VARIABLE = YES;
				MACOSX_DEPLOYMENT_TARGET = 10.11;
				MTL_ENABLE_DEBUG_INFO = NO;
				SDKROOT = macosx;
				VERSIONING_SYSTEM = "apple-generic";
				VERSION_INFO_PREFIX = "";
			};
			name = Release;
		};
		A9F505BF1D193F4300498B4E /* Debug */ = {
			isa = XCBuildConfiguration;
			buildSettings = {
				COMBINE_HIDPI_IMAGES = YES;
				DEFINES_MODULE = YES;
				DYLIB_COMPATIBILITY_VERSION = 1;
				DYLIB_CURRENT_VERSION = 1;
				DYLIB_INSTALL_NAME_BASE = "@rpath";
				FRAMEWORK_SEARCH_PATHS = "$(inherited)";
				FRAMEWORK_VERSION = A;
				HEADER_SEARCH_PATHS = "$(PROJECT_DIR)/NTSpeechRecognitionShared/Dependencies/include";
				INFOPLIST_FILE = "$(TARGET_NAME)/Info.plist";
				INSTALL_PATH = "$(LOCAL_LIBRARY_DIR)/Frameworks";
				LD_RUNPATH_SEARCH_PATHS = "$(inherited) @executable_path/../Frameworks @loader_path/Frameworks";
				LIBRARY_SEARCH_PATHS = (
					"$(inherited)",
					"$(PROJECT_DIR)/NTSpeechRecognitionOSX/Dependencies",
				);
				PRODUCT_BUNDLE_IDENTIFIER = "ch.zhaw.init.$(PROJECT_NAME)";
				PRODUCT_NAME = "$(PROJECT_NAME)";
				SKIP_INSTALL = YES;
			};
			name = Debug;
		};
		A9F505C01D193F4300498B4E /* Release */ = {
			isa = XCBuildConfiguration;
			buildSettings = {
				COMBINE_HIDPI_IMAGES = YES;
				DEFINES_MODULE = YES;
				DYLIB_COMPATIBILITY_VERSION = 1;
				DYLIB_CURRENT_VERSION = 1;
				DYLIB_INSTALL_NAME_BASE = "@rpath";
				FRAMEWORK_SEARCH_PATHS = "$(inherited)";
				FRAMEWORK_VERSION = A;
				HEADER_SEARCH_PATHS = "$(PROJECT_DIR)/NTSpeechRecognitionShared/Dependencies/include";
				INFOPLIST_FILE = "$(TARGET_NAME)/Info.plist";
				INSTALL_PATH = "$(LOCAL_LIBRARY_DIR)/Frameworks";
				LD_RUNPATH_SEARCH_PATHS = "$(inherited) @executable_path/../Frameworks @loader_path/Frameworks";
				LIBRARY_SEARCH_PATHS = (
					"$(inherited)",
					"$(PROJECT_DIR)/NTSpeechRecognitionOSX/Dependencies",
				);
				PRODUCT_BUNDLE_IDENTIFIER = "ch.zhaw.init.$(PROJECT_NAME)";
				PRODUCT_NAME = "$(PROJECT_NAME)";
				SKIP_INSTALL = YES;
			};
			name = Release;
		};
		A9F505CC1D193F7200498B4E /* Debug */ = {
			isa = XCBuildConfiguration;
			buildSettings = {
				"CODE_SIGN_IDENTITY[sdk=iphoneos*]" = "iPhone Developer";
				DEFINES_MODULE = YES;
				DYLIB_COMPATIBILITY_VERSION = 1;
				DYLIB_CURRENT_VERSION = 1;
				DYLIB_INSTALL_NAME_BASE = "@rpath";
				ENABLE_BITCODE = NO;
				FRAMEWORK_SEARCH_PATHS = "$(inherited)";
				HEADER_SEARCH_PATHS = "$(PROJECT_DIR)/NTSpeechRecognitionShared/Dependencies/include";
				INFOPLIST_FILE = "$(TARGET_NAME)/Info.plist";
				INSTALL_PATH = "$(LOCAL_LIBRARY_DIR)/Frameworks";
				IPHONEOS_DEPLOYMENT_TARGET = 9.3;
				LD_RUNPATH_SEARCH_PATHS = "$(inherited) @executable_path/Frameworks @loader_path/Frameworks";
				LIBRARY_SEARCH_PATHS = (
					"$(inherited)",
					"$(PROJECT_DIR)/NTSpeechRecognitionIOS/Dependencies",
				);
				PRODUCT_BUNDLE_IDENTIFIER = "ch.zhaw.init.$(PROJECT_NAME)";
				PRODUCT_NAME = "$(PROJECT_NAME)";
				SDKROOT = iphoneos;
				SKIP_INSTALL = YES;
				TARGETED_DEVICE_FAMILY = "1,2";
			};
			name = Debug;
		};
		A9F505CD1D193F7200498B4E /* Release */ = {
			isa = XCBuildConfiguration;
			buildSettings = {
				"CODE_SIGN_IDENTITY[sdk=iphoneos*]" = "iPhone Developer";
				DEFINES_MODULE = YES;
				DYLIB_COMPATIBILITY_VERSION = 1;
				DYLIB_CURRENT_VERSION = 1;
				DYLIB_INSTALL_NAME_BASE = "@rpath";
				ENABLE_BITCODE = NO;
				FRAMEWORK_SEARCH_PATHS = "$(inherited)";
				HEADER_SEARCH_PATHS = "$(PROJECT_DIR)/NTSpeechRecognitionShared/Dependencies/include";
				INFOPLIST_FILE = "$(TARGET_NAME)/Info.plist";
				INSTALL_PATH = "$(LOCAL_LIBRARY_DIR)/Frameworks";
				IPHONEOS_DEPLOYMENT_TARGET = 9.3;
				LD_RUNPATH_SEARCH_PATHS = "$(inherited) @executable_path/Frameworks @loader_path/Frameworks";
				LIBRARY_SEARCH_PATHS = (
					"$(inherited)",
					"$(PROJECT_DIR)/NTSpeechRecognitionIOS/Dependencies",
				);
				PRODUCT_BUNDLE_IDENTIFIER = "ch.zhaw.init.$(PROJECT_NAME)";
				PRODUCT_NAME = "$(PROJECT_NAME)";
				SDKROOT = iphoneos;
				SKIP_INSTALL = YES;
				TARGETED_DEVICE_FAMILY = "1,2";
				VALIDATE_PRODUCT = YES;
			};
			name = Release;
		};
		A9F506B51D195B8200498B4E /* Debug */ = {
			isa = XCBuildConfiguration;
			buildSettings = {
				ASSETCATALOG_COMPILER_APPICON_NAME = AppIcon;
				COMBINE_HIDPI_IMAGES = YES;
				INFOPLIST_FILE = NTSpeechRecognitionDemoOSX/Info.plist;
				LD_RUNPATH_SEARCH_PATHS = "$(inherited) @executable_path/../Frameworks";
				PRODUCT_BUNDLE_IDENTIFIER = ch.zhaw.init.NTSpeechRecognitionDemoOSX;
				PRODUCT_NAME = NTSpeechRecognition;
			};
			name = Debug;
		};
		A9F506B61D195B8200498B4E /* Release */ = {
			isa = XCBuildConfiguration;
			buildSettings = {
				ASSETCATALOG_COMPILER_APPICON_NAME = AppIcon;
				COMBINE_HIDPI_IMAGES = YES;
				INFOPLIST_FILE = NTSpeechRecognitionDemoOSX/Info.plist;
				LD_RUNPATH_SEARCH_PATHS = "$(inherited) @executable_path/../Frameworks";
				PRODUCT_BUNDLE_IDENTIFIER = ch.zhaw.init.NTSpeechRecognitionDemoOSX;
				PRODUCT_NAME = NTSpeechRecognition;
			};
			name = Release;
		};
		A9F506E31D195DE000498B4E /* Debug */ = {
			isa = XCBuildConfiguration;
			buildSettings = {
				ASSETCATALOG_COMPILER_APPICON_NAME = AppIcon;
				"CODE_SIGN_IDENTITY[sdk=iphoneos*]" = "iPhone Developer";
				ENABLE_BITCODE = NO;
				INFOPLIST_FILE = NTSpeechRecognitionDemoIOS/Info.plist;
				IPHONEOS_DEPLOYMENT_TARGET = 9.3;
				LD_RUNPATH_SEARCH_PATHS = "$(inherited) @executable_path/Frameworks";
				PRODUCT_BUNDLE_IDENTIFIER = ch.zhaw.init.NTSpeechRecognitionDemoIOS;
				PRODUCT_NAME = NTSpeechRecognition;
				SDKROOT = iphoneos;
				TARGETED_DEVICE_FAMILY = 2;
			};
			name = Debug;
		};
		A9F506E41D195DE000498B4E /* Release */ = {
			isa = XCBuildConfiguration;
			buildSettings = {
				ASSETCATALOG_COMPILER_APPICON_NAME = AppIcon;
				"CODE_SIGN_IDENTITY[sdk=iphoneos*]" = "iPhone Developer";
				ENABLE_BITCODE = NO;
				INFOPLIST_FILE = NTSpeechRecognitionDemoIOS/Info.plist;
				IPHONEOS_DEPLOYMENT_TARGET = 9.3;
				LD_RUNPATH_SEARCH_PATHS = "$(inherited) @executable_path/Frameworks";
				PRODUCT_BUNDLE_IDENTIFIER = ch.zhaw.init.NTSpeechRecognitionDemoIOS;
				PRODUCT_NAME = NTSpeechRecognition;
				SDKROOT = iphoneos;
				TARGETED_DEVICE_FAMILY = 2;
				VALIDATE_PRODUCT = YES;
			};
			name = Release;
		};
/* End XCBuildConfiguration section */

/* Begin XCConfigurationList section */
		A9F505B01D193F4300498B4E /* Build configuration list for PBXProject "NTSpeechRecognition" */ = {
			isa = XCConfigurationList;
			buildConfigurations = (
				A9F505BC1D193F4300498B4E /* Debug */,
				A9F505BD1D193F4300498B4E /* Release */,
			);
			defaultConfigurationIsVisible = 0;
			defaultConfigurationName = Release;
		};
		A9F505BE1D193F4300498B4E /* Build configuration list for PBXNativeTarget "NTSpeechRecognitionOSX" */ = {
			isa = XCConfigurationList;
			buildConfigurations = (
				A9F505BF1D193F4300498B4E /* Debug */,
				A9F505C01D193F4300498B4E /* Release */,
			);
			defaultConfigurationIsVisible = 0;
			defaultConfigurationName = Release;
		};
		A9F505CB1D193F7200498B4E /* Build configuration list for PBXNativeTarget "NTSpeechRecognitionIOS" */ = {
			isa = XCConfigurationList;
			buildConfigurations = (
				A9F505CC1D193F7200498B4E /* Debug */,
				A9F505CD1D193F7200498B4E /* Release */,
			);
			defaultConfigurationIsVisible = 0;
			defaultConfigurationName = Release;
		};
		A9F506B41D195B8200498B4E /* Build configuration list for PBXNativeTarget "NTSpeechRecognitionDemoOSX" */ = {
			isa = XCConfigurationList;
			buildConfigurations = (
				A9F506B51D195B8200498B4E /* Debug */,
				A9F506B61D195B8200498B4E /* Release */,
			);
			defaultConfigurationIsVisible = 0;
			defaultConfigurationName = Release;
		};
		A9F506E21D195DE000498B4E /* Build configuration list for PBXNativeTarget "NTSpeechRecognitionDemoIOS" */ = {
			isa = XCConfigurationList;
			buildConfigurations = (
				A9F506E31D195DE000498B4E /* Debug */,
				A9F506E41D195DE000498B4E /* Release */,
			);
			defaultConfigurationIsVisible = 0;
			defaultConfigurationName = Release;
		};
/* End XCConfigurationList section */
	};
	rootObject = A9F505AD1D193F4300498B4E /* Project object */;
}
